// !$*UTF8*$!
{
	archiveVersion = 1;
	classes = {
	};
	objectVersion = 46;
	objects = {

/* Begin PBXBuildFile section */
		1D60589B0D05DD56006BFB54 /* main.m in Sources */ = {isa = PBXBuildFile; fileRef = 29B97316FDCFA39411CA2CEA /* main.m */; };
		1D60589F0D05DD5A006BFB54 /* Foundation.framework in Frameworks */ = {isa = PBXBuildFile; fileRef = 1D30AB110D05D00D00671497 /* Foundation.framework */; };
		1DF5F4E00D08C38300B7A737 /* UIKit.framework in Frameworks */ = {isa = PBXBuildFile; fileRef = 1DF5F4DF0D08C38300B7A737 /* UIKit.framework */; };
		288765FD0DF74451002DB57D /* CoreGraphics.framework in Frameworks */ = {isa = PBXBuildFile; fileRef = 288765FC0DF74451002DB57D /* CoreGraphics.framework */; };
		28AD733F0D9D9553002E5188 /* MainWindow.xib in Resources */ = {isa = PBXBuildFile; fileRef = 28AD733E0D9D9553002E5188 /* MainWindow.xib */; };
		630FBE7A12FD794500B4629A /* MyThumbsViewController2.m in Sources */ = {isa = PBXBuildFile; fileRef = 630FBE7912FD794500B4629A /* MyThumbsViewController2.m */; };
		630FBE8112FD7A3400B4629A /* MyThumbsViewDataSource2.m in Sources */ = {isa = PBXBuildFile; fileRef = 630FBE8012FD7A3400B4629A /* MyThumbsViewDataSource2.m */; };
		630FC45512FF3CCA00B4629A /* MyAlbumItemCell.m in Sources */ = {isa = PBXBuildFile; fileRef = 630FC45412FF3CCA00B4629A /* MyAlbumItemCell.m */; };
		630FC46B12FF3F4400B4629A /* MyAlbumItem.m in Sources */ = {isa = PBXBuildFile; fileRef = 630FC46A12FF3F4400B4629A /* MyAlbumItem.m */; };
		631A7B3B130F49B0004A6110 /* TTTableViewController+g3.m in Sources */ = {isa = PBXBuildFile; fileRef = 631A7B3A130F49B0004A6110 /* TTTableViewController+g3.m */; };
		632A448B12D25F0B0055F67B /* MyUploadViewController.xib in Resources */ = {isa = PBXBuildFile; fileRef = 632A448A12D25F0B0055F67B /* MyUploadViewController.xib */; };
		632A449112D261390055F67B /* MyUploadViewController.m in Sources */ = {isa = PBXBuildFile; fileRef = 632A448F12D261390055F67B /* MyUploadViewController.m */; };
		63351C6B12D2540E000D0950 /* libThree20Core.a in Frameworks */ = {isa = PBXBuildFile; fileRef = 63351B9E12D25375000D0950 /* libThree20Core.a */; };
		63351C6C12D25415000D0950 /* libThree20Network.a in Frameworks */ = {isa = PBXBuildFile; fileRef = 63351BB212D25383000D0950 /* libThree20Network.a */; };
		63351C6D12D25419000D0950 /* libThree20Style.a in Frameworks */ = {isa = PBXBuildFile; fileRef = 63351BC612D2538B000D0950 /* libThree20Style.a */; };
		63351C6E12D2541D000D0950 /* libThree20UI.a in Frameworks */ = {isa = PBXBuildFile; fileRef = 63351BDA12D25394000D0950 /* libThree20UI.a */; };
		63351C6F12D25421000D0950 /* libThree20UICommon.a in Frameworks */ = {isa = PBXBuildFile; fileRef = 63351BEE12D2539B000D0950 /* libThree20UICommon.a */; };
		63351C7012D25425000D0950 /* libThree20UINavigator.a in Frameworks */ = {isa = PBXBuildFile; fileRef = 63351C0212D253A2000D0950 /* libThree20UINavigator.a */; };
		6358A4BB12C880EB0043D18A /* MySettings.m in Sources */ = {isa = PBXBuildFile; fileRef = 6358A4BA12C880EB0043D18A /* MySettings.m */; };
		636952D812D4FC5400CA3113 /* UIViewController+params.m in Sources */ = {isa = PBXBuildFile; fileRef = 636952D712D4FC5400CA3113 /* UIViewController+params.m */; };
		6369534912D50A1200CA3113 /* MyPostController.m in Sources */ = {isa = PBXBuildFile; fileRef = 6369534812D50A1200CA3113 /* MyPostController.m */; };
		6369534C12D50A4700CA3113 /* MyPostController.xib in Resources */ = {isa = PBXBuildFile; fileRef = 6369534B12D50A4700CA3113 /* MyPostController.xib */; };
		636954B412D52ACD00CA3113 /* UIImage+cropping.m in Sources */ = {isa = PBXBuildFile; fileRef = 636954B312D52ACD00CA3113 /* UIImage+cropping.m */; };
		636B7F1912BFE98D00ECDCDD /* MyAlbumUpdater.m in Sources */ = {isa = PBXBuildFile; fileRef = 636B7F1812BFE98D00ECDCDD /* MyAlbumUpdater.m */; };
		636B811112C0243500ECDCDD /* empty.png in Resources */ = {isa = PBXBuildFile; fileRef = 636B811012C0243500ECDCDD /* empty.png */; };
		637078E81323AC9300A3198A /* uploadIcon.png in Resources */ = {isa = PBXBuildFile; fileRef = 637078E71323AC9300A3198A /* uploadIcon.png */; };
		637079591323CFD200A3198A /* commentIcon.png in Resources */ = {isa = PBXBuildFile; fileRef = 637079581323CFD200A3198A /* commentIcon.png */; };
		6370795D1323D0AE00A3198A /* saveIcon.png in Resources */ = {isa = PBXBuildFile; fileRef = 6370795C1323D0AE00A3198A /* saveIcon.png */; };
		6370795F1323D13100A3198A /* editIcon.png in Resources */ = {isa = PBXBuildFile; fileRef = 6370795E1323D13100A3198A /* editIcon.png */; };
		63707AAC13240EF800A3198A /* addIcon.png in Resources */ = {isa = PBXBuildFile; fileRef = 63707AAB13240EF800A3198A /* addIcon.png */; };
		63707AC413240FBB00A3198A /* trashIcon.png in Resources */ = {isa = PBXBuildFile; fileRef = 63707AC313240FBB00A3198A /* trashIcon.png */; };
		63707ACF1324103700A3198A /* makeCoverIcon.png in Resources */ = {isa = PBXBuildFile; fileRef = 63707ACE1324103700A3198A /* makeCoverIcon.png */; };
		637452D512D3A162005FD8C6 /* UIImage+resizing.m in Sources */ = {isa = PBXBuildFile; fileRef = 637452D412D3A162005FD8C6 /* UIImage+resizing.m */; };
		6374560612D3EFB2005FD8C6 /* StyleSheet.m in Sources */ = {isa = PBXBuildFile; fileRef = 6374560512D3EFB2005FD8C6 /* StyleSheet.m */; };
		6380E70E1329A47D00A99EDB /* G3CoreData.xcdatamodel in Sources */ = {isa = PBXBuildFile; fileRef = 6380E70D1329A47D00A99EDB /* G3CoreData.xcdatamodel */; };
		6380E7111329A4A200A99EDB /* RKOItem.m in Sources */ = {isa = PBXBuildFile; fileRef = 6380E7101329A4A200A99EDB /* RKOItem.m */; };
		6389A68C12D652C2002B59AB /* MyDatabase.m in Sources */ = {isa = PBXBuildFile; fileRef = 6389A68B12D652C2002B59AB /* MyDatabase.m */; };
		639788D012BEBA24000FBD09 /* defaultPerson.png in Resources */ = {isa = PBXBuildFile; fileRef = 639788CF12BEBA24000FBD09 /* defaultPerson.png */; };
		639EACAC131C6EE300FBAEF4 /* CFNetwork.framework in Frameworks */ = {isa = PBXBuildFile; fileRef = 639EACAB131C6EE300FBAEF4 /* CFNetwork.framework */; };
		639EACAE131C6EE300FBAEF4 /* CoreData.framework in Frameworks */ = {isa = PBXBuildFile; fileRef = 639EACAD131C6EE300FBAEF4 /* CoreData.framework */; };
		639EACB0131C6EE300FBAEF4 /* MobileCoreServices.framework in Frameworks */ = {isa = PBXBuildFile; fileRef = 639EACAF131C6EE300FBAEF4 /* MobileCoreServices.framework */; };
		639EACC6131C702F00FBAEF4 /* DBManagedObjectCache.m in Sources */ = {isa = PBXBuildFile; fileRef = 639EACBF131C702F00FBAEF4 /* DBManagedObjectCache.m */; };
		639EACC7131C702F00FBAEF4 /* RKOEntity.m in Sources */ = {isa = PBXBuildFile; fileRef = 639EACC1131C702F00FBAEF4 /* RKOEntity.m */; };
		639EACC8131C702F00FBAEF4 /* RKMResponse.m in Sources */ = {isa = PBXBuildFile; fileRef = 639EACC3131C702F00FBAEF4 /* RKMResponse.m */; };
		639EACC9131C702F00FBAEF4 /* ArrayToDataTransformer.m in Sources */ = {isa = PBXBuildFile; fileRef = 639EACC5131C702F00FBAEF4 /* ArrayToDataTransformer.m */; };
		63A3B51C129C3BDE00E04981 /* MyLogin.m in Sources */ = {isa = PBXBuildFile; fileRef = 63A3B514129C3BDE00E04981 /* MyLogin.m */; };
		63A3B51D129C3BDE00E04981 /* MyLoginModel.m in Sources */ = {isa = PBXBuildFile; fileRef = 63A3B516129C3BDE00E04981 /* MyLoginModel.m */; };
		63A3B51E129C3BDE00E04981 /* MyLoginDataSource.m in Sources */ = {isa = PBXBuildFile; fileRef = 63A3B519129C3BDE00E04981 /* MyLoginDataSource.m */; };
		63A3B51F129C3BDE00E04981 /* MyLoginViewController.m in Sources */ = {isa = PBXBuildFile; fileRef = 63A3B51B129C3BDE00E04981 /* MyLoginViewController.m */; };
		63A3B71C129C5EA200E04981 /* MyItemDeleter.m in Sources */ = {isa = PBXBuildFile; fileRef = 63A3B71B129C5EA200E04981 /* MyItemDeleter.m */; };
		63AF930B12CA9161001092B5 /* G_LOGO.png in Resources */ = {isa = PBXBuildFile; fileRef = 63AF930A12CA9161001092B5 /* G_LOGO.png */; };
		63B253171299BBB000BA9323 /* libextThree20JSON+YAJL.a in Frameworks */ = {isa = PBXBuildFile; fileRef = 63B2530C1299BBA400BA9323 /* libextThree20JSON+YAJL.a */; };
		63B253181299BBB300BA9323 /* libThree20.a in Frameworks */ = {isa = PBXBuildFile; fileRef = 63B2523E1299BB8700BA9323 /* libThree20.a */; };
		63B253341299BC7600BA9323 /* QuartzCore.framework in Frameworks */ = {isa = PBXBuildFile; fileRef = 63B253331299BC7600BA9323 /* QuartzCore.framework */; };
		63B254181299BD3100BA9323 /* AppDelegate.m in Sources */ = {isa = PBXBuildFile; fileRef = 63B253E81299BD3100BA9323 /* AppDelegate.m */; };
		63B2541A1299BD3100BA9323 /* MyCommentsDataSource.m in Sources */ = {isa = PBXBuildFile; fileRef = 63B253EE1299BD3100BA9323 /* MyCommentsDataSource.m */; };
		63B2541B1299BD3100BA9323 /* MyComment.m in Sources */ = {isa = PBXBuildFile; fileRef = 63B253F21299BD3100BA9323 /* MyComment.m */; };
		63B2541C1299BD3100BA9323 /* MyCommentsModel.m in Sources */ = {isa = PBXBuildFile; fileRef = 63B253F41299BD3100BA9323 /* MyCommentsModel.m */; };
		63B2541D1299BD3100BA9323 /* MyCommentsViewController.m in Sources */ = {isa = PBXBuildFile; fileRef = 63B253F61299BD3100BA9323 /* MyCommentsViewController.m */; };
		63B2541E1299BD3100BA9323 /* NSDataAdditions.m in Sources */ = {isa = PBXBuildFile; fileRef = 63B253F91299BD3100BA9323 /* NSDataAdditions.m */; };
		63B2541F1299BD3100BA9323 /* FlipsideView.m in Sources */ = {isa = PBXBuildFile; fileRef = 63B253FC1299BD3100BA9323 /* FlipsideView.m */; };
		63B254201299BD3100BA9323 /* FlipsideViewController.m in Sources */ = {isa = PBXBuildFile; fileRef = 63B253FE1299BD3100BA9323 /* FlipsideViewController.m */; };
		63B254211299BD3100BA9323 /* MockPhotoSource.m in Sources */ = {isa = PBXBuildFile; fileRef = 63B254011299BD3100BA9323 /* MockPhotoSource.m */; };
		63B254231299BD3100BA9323 /* TTButtonContent+g3.m in Sources */ = {isa = PBXBuildFile; fileRef = 63B254071299BD3100BA9323 /* TTButtonContent+g3.m */; };
		63B254241299BD3100BA9323 /* TTURLImageResponse+g3.m in Sources */ = {isa = PBXBuildFile; fileRef = 63B254091299BD3100BA9323 /* TTURLImageResponse+g3.m */; };
		63B254251299BD3100BA9323 /* TTImageView+g3.m in Sources */ = {isa = PBXBuildFile; fileRef = 63B2540B1299BD3100BA9323 /* TTImageView+g3.m */; };
		63B254261299BD3100BA9323 /* MyPhotoViewController.m in Sources */ = {isa = PBXBuildFile; fileRef = 63B2540D1299BD3100BA9323 /* MyPhotoViewController.m */; };
		63B254271299BD3100BA9323 /* MyAlbum.m in Sources */ = {isa = PBXBuildFile; fileRef = 63B254101299BD3100BA9323 /* MyAlbum.m */; };
		63B254281299BD3100BA9323 /* TTThumbsViewController+g3.m in Sources */ = {isa = PBXBuildFile; fileRef = 63B254121299BD3100BA9323 /* TTThumbsViewController+g3.m */; };
		63B254291299BD3100BA9323 /* MyThumbsViewController.m in Sources */ = {isa = PBXBuildFile; fileRef = 63B254141299BD3100BA9323 /* MyThumbsViewController.m */; };
		63B2542A1299BD3100BA9323 /* MyImageUploader.m in Sources */ = {isa = PBXBuildFile; fileRef = 63B254171299BD3100BA9323 /* MyImageUploader.m */; };
		63B255ED1299C60900BA9323 /* g3DB.sqlite in Resources */ = {isa = PBXBuildFile; fileRef = 63B255EB1299C60900BA9323 /* g3DB.sqlite */; };
		63B255EE1299C60900BA9323 /* FlipsideView.xib in Resources */ = {isa = PBXBuildFile; fileRef = 63B255EC1299C60900BA9323 /* FlipsideView.xib */; };
		63B255F01299C63300BA9323 /* Three20.bundle in Resources */ = {isa = PBXBuildFile; fileRef = 63B255EF1299C63300BA9323 /* Three20.bundle */; };
		63B257AE1299D51800BA9323 /* MySettingsController.m in Sources */ = {isa = PBXBuildFile; fileRef = 63B257AD1299D51800BA9323 /* MySettingsController.m */; };
		63B6D1E7130DC9F600436953 /* white.png in Resources */ = {isa = PBXBuildFile; fileRef = 63B6D1E6130DC9F600436953 /* white.png */; };
		63BB542212CE434600764C23 /* Reachability.m in Sources */ = {isa = PBXBuildFile; fileRef = 63BB542112CE434600764C23 /* Reachability.m */; };
		63BB544612CE43AB00764C23 /* SystemConfiguration.framework in Frameworks */ = {isa = PBXBuildFile; fileRef = 63BB544512CE43AB00764C23 /* SystemConfiguration.framework */; };
		63BD7617130B4885001FC9AF /* MyAlbumItemCell.xib in Resources */ = {isa = PBXBuildFile; fileRef = 63BD7616130B4885001FC9AF /* MyAlbumItemCell.xib */; };
		63BD767F130B5127001FC9AF /* MyMetaDataItemCell.xib in Resources */ = {isa = PBXBuildFile; fileRef = 63BD767E130B5127001FC9AF /* MyMetaDataItemCell.xib */; };
		63BD7682130B5157001FC9AF /* MyMetaDataItem.m in Sources */ = {isa = PBXBuildFile; fileRef = 63BD7681130B5157001FC9AF /* MyMetaDataItem.m */; };
		63BD76C2130C5A31001FC9AF /* TTTableViewDataSource+g3.m in Sources */ = {isa = PBXBuildFile; fileRef = 63BD76C1130C5A31001FC9AF /* TTTableViewDataSource+g3.m */; };
		63BD778C130C6648001FC9AF /* MyMetaDataItemCell.m in Sources */ = {isa = PBXBuildFile; fileRef = 63BD778B130C6648001FC9AF /* MyMetaDataItemCell.m */; };
		63C10CC012DB89C3009AF260 /* Default.png in Resources */ = {isa = PBXBuildFile; fileRef = 63C10CBF12DB89C3009AF260 /* Default.png */; };
		63CE2310132420D800D65CBD /* RKRequestTTModel+g3.m in Sources */ = {isa = PBXBuildFile; fileRef = 63CE230F132420D800D65CBD /* RKRequestTTModel+g3.m */; };
		63E0C2E0132039A100BDD139 /* MyTagHelper.m in Sources */ = {isa = PBXBuildFile; fileRef = 63E0C2DF132039A100BDD139 /* MyTagHelper.m */; };
		63E13C7F12BED4C6003248F4 /* AddAlbumViewController.m in Sources */ = {isa = PBXBuildFile; fileRef = 63E13C7E12BED4C6003248F4 /* AddAlbumViewController.m */; };
		63EE22A7130EF51200E2D407 /* createIcon.png in Resources */ = {isa = PBXBuildFile; fileRef = 63EE22A6130EF51200E2D407 /* createIcon.png */; };
		63F12098132BE63400FC162B /* libRestKitCoreData.a in Frameworks */ = {isa = PBXBuildFile; fileRef = 63F1208B132BE62B00FC162B /* libRestKitCoreData.a */; };
		63F12099132BE63500FC162B /* libRestKitJSONParserSBJSON.a in Frameworks */ = {isa = PBXBuildFile; fileRef = 63F12089132BE62B00FC162B /* libRestKitJSONParserSBJSON.a */; };
		63F1209B132BE63600FC162B /* libRestKitNetwork.a in Frameworks */ = {isa = PBXBuildFile; fileRef = 63F12081132BE62B00FC162B /* libRestKitNetwork.a */; };
		63F1209C132BE63700FC162B /* libRestKitObjectMapping.a in Frameworks */ = {isa = PBXBuildFile; fileRef = 63F12083132BE62B00FC162B /* libRestKitObjectMapping.a */; };
		63F1209D132BE63800FC162B /* libRestKitSupport.a in Frameworks */ = {isa = PBXBuildFile; fileRef = 63F12085132BE62B00FC162B /* libRestKitSupport.a */; };
		63F1209E132BE63900FC162B /* libRestKitThree20.a in Frameworks */ = {isa = PBXBuildFile; fileRef = 63F1208D132BE62B00FC162B /* libRestKitThree20.a */; };
		63F1561512DA6F5E00D85532 /* iTunesArtwork in Resources */ = {isa = PBXBuildFile; fileRef = 63F1561412DA6F5E00D85532 /* iTunesArtwork */; };
		63F4602212C8161C00116221 /* UpdateAlbumViewController.m in Sources */ = {isa = PBXBuildFile; fileRef = 63F4602112C8161C00116221 /* UpdateAlbumViewController.m */; };
/* End PBXBuildFile section */

/* Begin PBXContainerItemProxy section */
		63351B9D12D25375000D0950 /* PBXContainerItemProxy */ = {
			isa = PBXContainerItemProxy;
			containerPortal = 63B252731299BB9500BA9323 /* Three20Core.xcodeproj */;
			proxyType = 2;
			remoteGlobalIDString = BEF31F3A0F352DF5000DE5D2;
			remoteInfo = Three20Core;
		};
		63351BA312D25375000D0950 /* PBXContainerItemProxy */ = {
			isa = PBXContainerItemProxy;
			containerPortal = 63B252731299BB9500BA9323 /* Three20Core.xcodeproj */;
			proxyType = 2;
			remoteGlobalIDString = EB9E6C6210B6A8F800DE563C;
			remoteInfo = Three20CoreUnitTests;
		};
		63351BB112D25383000D0950 /* PBXContainerItemProxy */ = {
			isa = PBXContainerItemProxy;
			containerPortal = 63B252761299BB9500BA9323 /* Three20Network.xcodeproj */;
			proxyType = 2;
			remoteGlobalIDString = BEF31F3A0F352DF5000DE5D2;
			remoteInfo = Three20Network;
		};
		63351BB712D25383000D0950 /* PBXContainerItemProxy */ = {
			isa = PBXContainerItemProxy;
			containerPortal = 63B252761299BB9500BA9323 /* Three20Network.xcodeproj */;
			proxyType = 2;
			remoteGlobalIDString = EB9E6C6210B6A8F800DE563C;
			remoteInfo = Three20NetworkUnitTests;
		};
		63351BC512D2538B000D0950 /* PBXContainerItemProxy */ = {
			isa = PBXContainerItemProxy;
			containerPortal = 63B252791299BB9500BA9323 /* Three20Style.xcodeproj */;
			proxyType = 2;
			remoteGlobalIDString = BEF31F3A0F352DF5000DE5D2;
			remoteInfo = Three20Style;
		};
		63351BCB12D2538B000D0950 /* PBXContainerItemProxy */ = {
			isa = PBXContainerItemProxy;
			containerPortal = 63B252791299BB9500BA9323 /* Three20Style.xcodeproj */;
			proxyType = 2;
			remoteGlobalIDString = EB9E6C6210B6A8F800DE563C;
			remoteInfo = Three20StyleUnitTests;
		};
		63351BD912D25394000D0950 /* PBXContainerItemProxy */ = {
			isa = PBXContainerItemProxy;
			containerPortal = 63B2527C1299BB9500BA9323 /* Three20UI.xcodeproj */;
			proxyType = 2;
			remoteGlobalIDString = BEF31F3A0F352DF5000DE5D2;
			remoteInfo = Three20UI;
		};
		63351BDF12D25394000D0950 /* PBXContainerItemProxy */ = {
			isa = PBXContainerItemProxy;
			containerPortal = 63B2527C1299BB9500BA9323 /* Three20UI.xcodeproj */;
			proxyType = 2;
			remoteGlobalIDString = EB9E6C6210B6A8F800DE563C;
			remoteInfo = Three20UIUnitTests;
		};
		63351BED12D2539B000D0950 /* PBXContainerItemProxy */ = {
			isa = PBXContainerItemProxy;
			containerPortal = 63B2527F1299BB9500BA9323 /* Three20UICommon.xcodeproj */;
			proxyType = 2;
			remoteGlobalIDString = BEF31F3A0F352DF5000DE5D2;
			remoteInfo = Three20UICommon;
		};
		63351BF312D2539B000D0950 /* PBXContainerItemProxy */ = {
			isa = PBXContainerItemProxy;
			containerPortal = 63B2527F1299BB9500BA9323 /* Three20UICommon.xcodeproj */;
			proxyType = 2;
			remoteGlobalIDString = EB9E6C6210B6A8F800DE563C;
			remoteInfo = Three20UICommonUnitTests;
		};
		63351C0112D253A2000D0950 /* PBXContainerItemProxy */ = {
			isa = PBXContainerItemProxy;
			containerPortal = 63B252821299BB9500BA9323 /* Three20UINavigator.xcodeproj */;
			proxyType = 2;
			remoteGlobalIDString = BEF31F3A0F352DF5000DE5D2;
			remoteInfo = Three20UINavigator;
		};
		63351C0712D253A2000D0950 /* PBXContainerItemProxy */ = {
			isa = PBXContainerItemProxy;
			containerPortal = 63B252821299BB9500BA9323 /* Three20UINavigator.xcodeproj */;
			proxyType = 2;
			remoteGlobalIDString = EB9E6C6210B6A8F800DE563C;
			remoteInfo = Three20UINavigatorUnitTests;
		};
		63351C5D12D253F7000D0950 /* PBXContainerItemProxy */ = {
			isa = PBXContainerItemProxy;
			containerPortal = 63B2527C1299BB9500BA9323 /* Three20UI.xcodeproj */;
			proxyType = 1;
			remoteGlobalIDString = BEF31F390F352DF5000DE5D2;
			remoteInfo = Three20UI;
		};
		63351C5F12D253F7000D0950 /* PBXContainerItemProxy */ = {
			isa = PBXContainerItemProxy;
			containerPortal = 63B252821299BB9500BA9323 /* Three20UINavigator.xcodeproj */;
			proxyType = 1;
			remoteGlobalIDString = BEF31F390F352DF5000DE5D2;
			remoteInfo = Three20UINavigator;
		};
		63351C6112D253F7000D0950 /* PBXContainerItemProxy */ = {
			isa = PBXContainerItemProxy;
			containerPortal = 63B252761299BB9500BA9323 /* Three20Network.xcodeproj */;
			proxyType = 1;
			remoteGlobalIDString = BEF31F390F352DF5000DE5D2;
			remoteInfo = Three20Network;
		};
		63351C6312D253F7000D0950 /* PBXContainerItemProxy */ = {
			isa = PBXContainerItemProxy;
			containerPortal = 63B2527F1299BB9500BA9323 /* Three20UICommon.xcodeproj */;
			proxyType = 1;
			remoteGlobalIDString = BEF31F390F352DF5000DE5D2;
			remoteInfo = Three20UICommon;
		};
		63351C6512D253F7000D0950 /* PBXContainerItemProxy */ = {
			isa = PBXContainerItemProxy;
			containerPortal = 63B252791299BB9500BA9323 /* Three20Style.xcodeproj */;
			proxyType = 1;
			remoteGlobalIDString = BEF31F390F352DF5000DE5D2;
			remoteInfo = Three20Style;
		};
		63351C6912D253F7000D0950 /* PBXContainerItemProxy */ = {
			isa = PBXContainerItemProxy;
			containerPortal = 63B252731299BB9500BA9323 /* Three20Core.xcodeproj */;
			proxyType = 1;
			remoteGlobalIDString = BEF31F390F352DF5000DE5D2;
			remoteInfo = Three20Core;
		};
		633A015512D25BB7001557F3 /* PBXContainerItemProxy */ = {
			isa = PBXContainerItemProxy;
			containerPortal = 63B252F41299BBA400BA9323 /* extThree20JSON.xcodeproj */;
			proxyType = 1;
			remoteGlobalIDString = 6E645BA31187751200F08CB1;
			remoteInfo = "extThree20JSON+YAJL";
		};
		63B2523D1299BB8700BA9323 /* PBXContainerItemProxy */ = {
			isa = PBXContainerItemProxy;
			containerPortal = 63B2520E1299BB8600BA9323 /* Three20.xcodeproj */;
			proxyType = 2;
			remoteGlobalIDString = BEF31F3A0F352DF5000DE5D2;
			remoteInfo = Three20;
		};
		63B252431299BB8700BA9323 /* PBXContainerItemProxy */ = {
			isa = PBXContainerItemProxy;
			containerPortal = 63B2520E1299BB8600BA9323 /* Three20.xcodeproj */;
			proxyType = 2;
			remoteGlobalIDString = EB9E6C6210B6A8F800DE563C;
			remoteInfo = Three20UnitTests;
		};
		63B253051299BBA400BA9323 /* PBXContainerItemProxy */ = {
			isa = PBXContainerItemProxy;
			containerPortal = 63B252F41299BBA400BA9323 /* extThree20JSON.xcodeproj */;
			proxyType = 2;
			remoteGlobalIDString = BEF31F3A0F352DF5000DE5D2;
			remoteInfo = "extThree20JSON+SBJSON";
		};
		63B2530B1299BBA400BA9323 /* PBXContainerItemProxy */ = {
			isa = PBXContainerItemProxy;
			containerPortal = 63B252F41299BBA400BA9323 /* extThree20JSON.xcodeproj */;
			proxyType = 2;
			remoteGlobalIDString = 6E645BD91187751200F08CB1;
			remoteInfo = "extThree20JSON+YAJL";
		};
		63B253111299BBA400BA9323 /* PBXContainerItemProxy */ = {
			isa = PBXContainerItemProxy;
			containerPortal = 63B252F41299BBA400BA9323 /* extThree20JSON.xcodeproj */;
			proxyType = 2;
			remoteGlobalIDString = EB9E6C6210B6A8F800DE563C;
			remoteInfo = "extThree20JSONUnitTests+SBJSON";
		};
		63F12080132BE62B00FC162B /* PBXContainerItemProxy */ = {
			isa = PBXContainerItemProxy;
			containerPortal = 63F1206F132BE62A00FC162B /* RestKit.xcodeproj */;
			proxyType = 2;
			remoteGlobalIDString = 253A07FC1255161B00976E89;
			remoteInfo = RestKitNetwork;
		};
		63F12082132BE62B00FC162B /* PBXContainerItemProxy */ = {
			isa = PBXContainerItemProxy;
			containerPortal = 63F1206F132BE62A00FC162B /* RestKit.xcodeproj */;
			proxyType = 2;
			remoteGlobalIDString = 253A08031255162C00976E89;
			remoteInfo = RestKitObjectMapping;
		};
		63F12084132BE62B00FC162B /* PBXContainerItemProxy */ = {
			isa = PBXContainerItemProxy;
			containerPortal = 63F1206F132BE62A00FC162B /* RestKit.xcodeproj */;
			proxyType = 2;
			remoteGlobalIDString = 253A080C12551D3000976E89;
			remoteInfo = RestKitSupport;
		};
		63F12086132BE62B00FC162B /* PBXContainerItemProxy */ = {
			isa = PBXContainerItemProxy;
			containerPortal = 63F1206F132BE62A00FC162B /* RestKit.xcodeproj */;
			proxyType = 2;
			remoteGlobalIDString = 2590E64F125231F600531FA8;
			remoteInfo = "RestKitJSONParser+YAJL";
		};
		63F12088132BE62B00FC162B /* PBXContainerItemProxy */ = {
			isa = PBXContainerItemProxy;
			containerPortal = 63F1206F132BE62A00FC162B /* RestKit.xcodeproj */;
			proxyType = 2;
			remoteGlobalIDString = 2590E66B1252353700531FA8;
			remoteInfo = "RestKitJSONParser+SBJSON";
		};
		63F1208A132BE62B00FC162B /* PBXContainerItemProxy */ = {
			isa = PBXContainerItemProxy;
			containerPortal = 63F1206F132BE62A00FC162B /* RestKit.xcodeproj */;
			proxyType = 2;
			remoteGlobalIDString = 253A081412551D5300976E89;
			remoteInfo = RestKitCoreData;
		};
		63F1208C132BE62B00FC162B /* PBXContainerItemProxy */ = {
			isa = PBXContainerItemProxy;
			containerPortal = 63F1206F132BE62A00FC162B /* RestKit.xcodeproj */;
			proxyType = 2;
			remoteGlobalIDString = 2523360511E79F090048F9B4;
			remoteInfo = RestKitThree20;
		};
		63F1208E132BE62B00FC162B /* PBXContainerItemProxy */ = {
			isa = PBXContainerItemProxy;
			containerPortal = 63F1206F132BE62A00FC162B /* RestKit.xcodeproj */;
			proxyType = 2;
			remoteGlobalIDString = 3F6C39A510FE5C95008F47C5;
			remoteInfo = UISpec;
		};
		63F120A0132BE64800FC162B /* PBXContainerItemProxy */ = {
			isa = PBXContainerItemProxy;
			containerPortal = 63F1206F132BE62A00FC162B /* RestKit.xcodeproj */;
			proxyType = 1;
			remoteGlobalIDString = 25956956126DF0A8004BAC4C;
			remoteInfo = RestKit;
		};
		63F120A2132BE64F00FC162B /* PBXContainerItemProxy */ = {
			isa = PBXContainerItemProxy;
			containerPortal = 63F1206F132BE62A00FC162B /* RestKit.xcodeproj */;
			proxyType = 1;
			remoteGlobalIDString = 2523360411E79F090048F9B4;
			remoteInfo = RestKitThree20;
		};
/* End PBXContainerItemProxy section */

/* Begin PBXFileReference section */
		1D30AB110D05D00D00671497 /* Foundation.framework */ = {isa = PBXFileReference; lastKnownFileType = wrapper.framework; name = Foundation.framework; path = System/Library/Frameworks/Foundation.framework; sourceTree = SDKROOT; };
		1D6058910D05DD3D006BFB54 /* g3Mobile.app */ = {isa = PBXFileReference; explicitFileType = wrapper.application; includeInIndex = 0; path = g3Mobile.app; sourceTree = BUILT_PRODUCTS_DIR; };
		1DF5F4DF0D08C38300B7A737 /* UIKit.framework */ = {isa = PBXFileReference; lastKnownFileType = wrapper.framework; name = UIKit.framework; path = System/Library/Frameworks/UIKit.framework; sourceTree = SDKROOT; };
		288765FC0DF74451002DB57D /* CoreGraphics.framework */ = {isa = PBXFileReference; lastKnownFileType = wrapper.framework; name = CoreGraphics.framework; path = System/Library/Frameworks/CoreGraphics.framework; sourceTree = SDKROOT; };
		28AD733E0D9D9553002E5188 /* MainWindow.xib */ = {isa = PBXFileReference; lastKnownFileType = file.xib; path = MainWindow.xib; sourceTree = "<group>"; };
		29B97316FDCFA39411CA2CEA /* main.m */ = {isa = PBXFileReference; fileEncoding = 4; lastKnownFileType = sourcecode.c.objc; path = main.m; sourceTree = "<group>"; };
		32CA4F630368D1EE00C91783 /* g3Mobile_Prefix.pch */ = {isa = PBXFileReference; fileEncoding = 4; lastKnownFileType = sourcecode.c.h; path = g3Mobile_Prefix.pch; sourceTree = "<group>"; };
		630FBE7812FD794500B4629A /* MyThumbsViewController2.h */ = {isa = PBXFileReference; fileEncoding = 4; lastKnownFileType = sourcecode.c.h; path = MyThumbsViewController2.h; sourceTree = "<group>"; };
		630FBE7912FD794500B4629A /* MyThumbsViewController2.m */ = {isa = PBXFileReference; fileEncoding = 4; lastKnownFileType = sourcecode.c.objc; path = MyThumbsViewController2.m; sourceTree = "<group>"; };
		630FBE7F12FD7A3400B4629A /* MyThumbsViewDataSource2.h */ = {isa = PBXFileReference; fileEncoding = 4; lastKnownFileType = sourcecode.c.h; path = MyThumbsViewDataSource2.h; sourceTree = "<group>"; };
		630FBE8012FD7A3400B4629A /* MyThumbsViewDataSource2.m */ = {isa = PBXFileReference; fileEncoding = 4; lastKnownFileType = sourcecode.c.objc; path = MyThumbsViewDataSource2.m; sourceTree = "<group>"; };
		630FC45312FF3CCA00B4629A /* MyAlbumItemCell.h */ = {isa = PBXFileReference; fileEncoding = 4; lastKnownFileType = sourcecode.c.h; path = MyAlbumItemCell.h; sourceTree = "<group>"; };
		630FC45412FF3CCA00B4629A /* MyAlbumItemCell.m */ = {isa = PBXFileReference; fileEncoding = 4; lastKnownFileType = sourcecode.c.objc; path = MyAlbumItemCell.m; sourceTree = "<group>"; };
		630FC46912FF3F4400B4629A /* MyAlbumItem.h */ = {isa = PBXFileReference; fileEncoding = 4; lastKnownFileType = sourcecode.c.h; path = MyAlbumItem.h; sourceTree = "<group>"; };
		630FC46A12FF3F4400B4629A /* MyAlbumItem.m */ = {isa = PBXFileReference; fileEncoding = 4; lastKnownFileType = sourcecode.c.objc; path = MyAlbumItem.m; sourceTree = "<group>"; };
		631A7B39130F49B0004A6110 /* TTTableViewController+g3.h */ = {isa = PBXFileReference; fileEncoding = 4; lastKnownFileType = sourcecode.c.h; path = "TTTableViewController+g3.h"; sourceTree = "<group>"; };
		631A7B3A130F49B0004A6110 /* TTTableViewController+g3.m */ = {isa = PBXFileReference; fileEncoding = 4; lastKnownFileType = sourcecode.c.objc; path = "TTTableViewController+g3.m"; sourceTree = "<group>"; };
		632A448A12D25F0B0055F67B /* MyUploadViewController.xib */ = {isa = PBXFileReference; lastKnownFileType = file.xib; path = MyUploadViewController.xib; sourceTree = "<group>"; };
		632A448E12D261390055F67B /* MyUploadViewController.h */ = {isa = PBXFileReference; fileEncoding = 4; lastKnownFileType = sourcecode.c.h; path = MyUploadViewController.h; sourceTree = "<group>"; };
		632A448F12D261390055F67B /* MyUploadViewController.m */ = {isa = PBXFileReference; fileEncoding = 4; lastKnownFileType = sourcecode.c.objc; path = MyUploadViewController.m; sourceTree = "<group>"; };
		63454A4012DA51850070DB81 /* Entitlements.plist */ = {isa = PBXFileReference; fileEncoding = 4; lastKnownFileType = text.plist.xml; path = Entitlements.plist; sourceTree = "<group>"; };
		6358A4B912C880EB0043D18A /* MySettings.h */ = {isa = PBXFileReference; fileEncoding = 4; lastKnownFileType = sourcecode.c.h; path = MySettings.h; sourceTree = "<group>"; };
		6358A4BA12C880EB0043D18A /* MySettings.m */ = {isa = PBXFileReference; fileEncoding = 4; lastKnownFileType = sourcecode.c.objc; path = MySettings.m; sourceTree = "<group>"; };
		6358A4C412C8810C0043D18A /* SynthesizeSingleton.h */ = {isa = PBXFileReference; fileEncoding = 4; lastKnownFileType = sourcecode.c.h; path = SynthesizeSingleton.h; sourceTree = "<group>"; };
		636952D612D4FC5400CA3113 /* UIViewController+params.h */ = {isa = PBXFileReference; fileEncoding = 4; lastKnownFileType = sourcecode.c.h; path = "UIViewController+params.h"; sourceTree = "<group>"; };
		636952D712D4FC5400CA3113 /* UIViewController+params.m */ = {isa = PBXFileReference; fileEncoding = 4; lastKnownFileType = sourcecode.c.objc; path = "UIViewController+params.m"; sourceTree = "<group>"; };
		6369534712D50A1200CA3113 /* MyPostController.h */ = {isa = PBXFileReference; fileEncoding = 4; lastKnownFileType = sourcecode.c.h; path = MyPostController.h; sourceTree = "<group>"; };
		6369534812D50A1200CA3113 /* MyPostController.m */ = {isa = PBXFileReference; fileEncoding = 4; lastKnownFileType = sourcecode.c.objc; path = MyPostController.m; sourceTree = "<group>"; };
		6369534B12D50A4700CA3113 /* MyPostController.xib */ = {isa = PBXFileReference; lastKnownFileType = file.xib; path = MyPostController.xib; sourceTree = "<group>"; };
		636954B212D52ACD00CA3113 /* UIImage+cropping.h */ = {isa = PBXFileReference; fileEncoding = 4; lastKnownFileType = sourcecode.c.h; path = "UIImage+cropping.h"; sourceTree = "<group>"; };
		636954B312D52ACD00CA3113 /* UIImage+cropping.m */ = {isa = PBXFileReference; fileEncoding = 4; lastKnownFileType = sourcecode.c.objc; path = "UIImage+cropping.m"; sourceTree = "<group>"; };
		636B7F1712BFE98D00ECDCDD /* MyAlbumUpdater.h */ = {isa = PBXFileReference; fileEncoding = 4; lastKnownFileType = sourcecode.c.h; path = MyAlbumUpdater.h; sourceTree = "<group>"; };
		636B7F1812BFE98D00ECDCDD /* MyAlbumUpdater.m */ = {isa = PBXFileReference; fileEncoding = 4; lastKnownFileType = sourcecode.c.objc; path = MyAlbumUpdater.m; sourceTree = "<group>"; };
		636B811012C0243500ECDCDD /* empty.png */ = {isa = PBXFileReference; lastKnownFileType = image.png; path = empty.png; sourceTree = "<group>"; };
		637078E71323AC9300A3198A /* uploadIcon.png */ = {isa = PBXFileReference; lastKnownFileType = image.png; path = uploadIcon.png; sourceTree = "<group>"; };
		637079581323CFD200A3198A /* commentIcon.png */ = {isa = PBXFileReference; lastKnownFileType = image.png; path = commentIcon.png; sourceTree = "<group>"; };
		6370795C1323D0AE00A3198A /* saveIcon.png */ = {isa = PBXFileReference; lastKnownFileType = image.png; path = saveIcon.png; sourceTree = "<group>"; };
		6370795E1323D13100A3198A /* editIcon.png */ = {isa = PBXFileReference; lastKnownFileType = image.png; path = editIcon.png; sourceTree = "<group>"; };
		637079681323D27C00A3198A /* MyItem.h */ = {isa = PBXFileReference; fileEncoding = 4; lastKnownFileType = sourcecode.c.h; path = MyItem.h; sourceTree = "<group>"; };
		63707AAB13240EF800A3198A /* addIcon.png */ = {isa = PBXFileReference; lastKnownFileType = image.png; path = addIcon.png; sourceTree = "<group>"; };
		63707AC313240FBB00A3198A /* trashIcon.png */ = {isa = PBXFileReference; lastKnownFileType = image.png; path = trashIcon.png; sourceTree = "<group>"; };
		63707ACE1324103700A3198A /* makeCoverIcon.png */ = {isa = PBXFileReference; lastKnownFileType = image.png; path = makeCoverIcon.png; sourceTree = "<group>"; };
		637452D312D3A162005FD8C6 /* UIImage+resizing.h */ = {isa = PBXFileReference; fileEncoding = 4; lastKnownFileType = sourcecode.c.h; path = "UIImage+resizing.h"; sourceTree = "<group>"; };
		637452D412D3A162005FD8C6 /* UIImage+resizing.m */ = {isa = PBXFileReference; fileEncoding = 4; lastKnownFileType = sourcecode.c.objc; path = "UIImage+resizing.m"; sourceTree = "<group>"; };
		6374560412D3EFB2005FD8C6 /* StyleSheet.h */ = {isa = PBXFileReference; fileEncoding = 4; lastKnownFileType = sourcecode.c.h; path = StyleSheet.h; sourceTree = "<group>"; };
		6374560512D3EFB2005FD8C6 /* StyleSheet.m */ = {isa = PBXFileReference; fileEncoding = 4; lastKnownFileType = sourcecode.c.objc; path = StyleSheet.m; sourceTree = "<group>"; };
		6380E70D1329A47D00A99EDB /* G3CoreData.xcdatamodel */ = {isa = PBXFileReference; fileEncoding = 4; lastKnownFileType = wrapper.xcdatamodel; path = G3CoreData.xcdatamodel; sourceTree = "<group>"; };
		6380E70F1329A4A200A99EDB /* RKOItem.h */ = {isa = PBXFileReference; fileEncoding = 4; lastKnownFileType = sourcecode.c.h; path = RKOItem.h; sourceTree = "<group>"; };
		6380E7101329A4A200A99EDB /* RKOItem.m */ = {isa = PBXFileReference; fileEncoding = 4; lastKnownFileType = sourcecode.c.objc; path = RKOItem.m; sourceTree = "<group>"; };
		6389A68A12D652C2002B59AB /* MyDatabase.h */ = {isa = PBXFileReference; fileEncoding = 4; lastKnownFileType = sourcecode.c.h; path = MyDatabase.h; sourceTree = "<group>"; };
		6389A68B12D652C2002B59AB /* MyDatabase.m */ = {isa = PBXFileReference; fileEncoding = 4; lastKnownFileType = sourcecode.c.objc; path = MyDatabase.m; sourceTree = "<group>"; };
		639788CF12BEBA24000FBD09 /* defaultPerson.png */ = {isa = PBXFileReference; lastKnownFileType = image.png; path = defaultPerson.png; sourceTree = "<group>"; };
		639EACAB131C6EE300FBAEF4 /* CFNetwork.framework */ = {isa = PBXFileReference; lastKnownFileType = wrapper.framework; name = CFNetwork.framework; path = System/Library/Frameworks/CFNetwork.framework; sourceTree = SDKROOT; };
		639EACAD131C6EE300FBAEF4 /* CoreData.framework */ = {isa = PBXFileReference; lastKnownFileType = wrapper.framework; name = CoreData.framework; path = System/Library/Frameworks/CoreData.framework; sourceTree = SDKROOT; };
		639EACAF131C6EE300FBAEF4 /* MobileCoreServices.framework */ = {isa = PBXFileReference; lastKnownFileType = wrapper.framework; name = MobileCoreServices.framework; path = System/Library/Frameworks/MobileCoreServices.framework; sourceTree = SDKROOT; };
		639EACBE131C702F00FBAEF4 /* DBManagedObjectCache.h */ = {isa = PBXFileReference; fileEncoding = 4; lastKnownFileType = sourcecode.c.h; name = DBManagedObjectCache.h; path = Classes/DBManagedObjectCache.h; sourceTree = SOURCE_ROOT; };
		639EACBF131C702F00FBAEF4 /* DBManagedObjectCache.m */ = {isa = PBXFileReference; fileEncoding = 4; lastKnownFileType = sourcecode.c.objc; name = DBManagedObjectCache.m; path = Classes/DBManagedObjectCache.m; sourceTree = SOURCE_ROOT; };
		639EACC0131C702F00FBAEF4 /* RKOEntity.h */ = {isa = PBXFileReference; fileEncoding = 4; lastKnownFileType = sourcecode.c.h; name = RKOEntity.h; path = Classes/RKOEntity.h; sourceTree = SOURCE_ROOT; };
		639EACC1131C702F00FBAEF4 /* RKOEntity.m */ = {isa = PBXFileReference; fileEncoding = 4; lastKnownFileType = sourcecode.c.objc; name = RKOEntity.m; path = Classes/RKOEntity.m; sourceTree = SOURCE_ROOT; };
		639EACC2131C702F00FBAEF4 /* RKMResponse.h */ = {isa = PBXFileReference; fileEncoding = 4; lastKnownFileType = sourcecode.c.h; name = RKMResponse.h; path = Classes/RKMResponse.h; sourceTree = SOURCE_ROOT; };
		639EACC3131C702F00FBAEF4 /* RKMResponse.m */ = {isa = PBXFileReference; fileEncoding = 4; lastKnownFileType = sourcecode.c.objc; name = RKMResponse.m; path = Classes/RKMResponse.m; sourceTree = SOURCE_ROOT; };
		639EACC4131C702F00FBAEF4 /* ArrayToDataTransformer.h */ = {isa = PBXFileReference; fileEncoding = 4; lastKnownFileType = sourcecode.c.h; name = ArrayToDataTransformer.h; path = Classes/ArrayToDataTransformer.h; sourceTree = SOURCE_ROOT; };
		639EACC5131C702F00FBAEF4 /* ArrayToDataTransformer.m */ = {isa = PBXFileReference; fileEncoding = 4; lastKnownFileType = sourcecode.c.objc; name = ArrayToDataTransformer.m; path = Classes/ArrayToDataTransformer.m; sourceTree = SOURCE_ROOT; };
		63A3B513129C3BDE00E04981 /* MyLogin.h */ = {isa = PBXFileReference; fileEncoding = 4; lastKnownFileType = sourcecode.c.h; path = MyLogin.h; sourceTree = "<group>"; };
		63A3B514129C3BDE00E04981 /* MyLogin.m */ = {isa = PBXFileReference; fileEncoding = 4; lastKnownFileType = sourcecode.c.objc; path = MyLogin.m; sourceTree = "<group>"; };
		63A3B515129C3BDE00E04981 /* MyLoginModel.h */ = {isa = PBXFileReference; fileEncoding = 4; lastKnownFileType = sourcecode.c.h; path = MyLoginModel.h; sourceTree = "<group>"; };
		63A3B516129C3BDE00E04981 /* MyLoginModel.m */ = {isa = PBXFileReference; fileEncoding = 4; lastKnownFileType = sourcecode.c.objc; path = MyLoginModel.m; sourceTree = "<group>"; };
		63A3B518129C3BDE00E04981 /* MyLoginDataSource.h */ = {isa = PBXFileReference; fileEncoding = 4; lastKnownFileType = sourcecode.c.h; path = MyLoginDataSource.h; sourceTree = "<group>"; };
		63A3B519129C3BDE00E04981 /* MyLoginDataSource.m */ = {isa = PBXFileReference; fileEncoding = 4; lastKnownFileType = sourcecode.c.objc; path = MyLoginDataSource.m; sourceTree = "<group>"; };
		63A3B51A129C3BDE00E04981 /* MyLoginViewController.h */ = {isa = PBXFileReference; fileEncoding = 4; lastKnownFileType = sourcecode.c.h; path = MyLoginViewController.h; sourceTree = "<group>"; };
		63A3B51B129C3BDE00E04981 /* MyLoginViewController.m */ = {isa = PBXFileReference; fileEncoding = 4; lastKnownFileType = sourcecode.c.objc; path = MyLoginViewController.m; sourceTree = "<group>"; };
		63A3B71A129C5EA200E04981 /* MyItemDeleter.h */ = {isa = PBXFileReference; fileEncoding = 4; lastKnownFileType = sourcecode.c.h; path = MyItemDeleter.h; sourceTree = "<group>"; };
		63A3B71B129C5EA200E04981 /* MyItemDeleter.m */ = {isa = PBXFileReference; fileEncoding = 4; lastKnownFileType = sourcecode.c.objc; path = MyItemDeleter.m; sourceTree = "<group>"; };
		63AF930A12CA9161001092B5 /* G_LOGO.png */ = {isa = PBXFileReference; lastKnownFileType = image.png; path = G_LOGO.png; sourceTree = "<group>"; };
		63B2520E1299BB8600BA9323 /* Three20.xcodeproj */ = {isa = PBXFileReference; lastKnownFileType = "wrapper.pb-project"; name = Three20.xcodeproj; path = ../three20/src/Three20/Three20.xcodeproj; sourceTree = SOURCE_ROOT; };
		63B252731299BB9500BA9323 /* Three20Core.xcodeproj */ = {isa = PBXFileReference; lastKnownFileType = "wrapper.pb-project"; name = Three20Core.xcodeproj; path = ../three20/src/Three20Core/Three20Core.xcodeproj; sourceTree = SOURCE_ROOT; };
		63B252761299BB9500BA9323 /* Three20Network.xcodeproj */ = {isa = PBXFileReference; lastKnownFileType = "wrapper.pb-project"; name = Three20Network.xcodeproj; path = ../three20/src/Three20Network/Three20Network.xcodeproj; sourceTree = SOURCE_ROOT; };
		63B252791299BB9500BA9323 /* Three20Style.xcodeproj */ = {isa = PBXFileReference; lastKnownFileType = "wrapper.pb-project"; name = Three20Style.xcodeproj; path = ../three20/src/Three20Style/Three20Style.xcodeproj; sourceTree = SOURCE_ROOT; };
		63B2527C1299BB9500BA9323 /* Three20UI.xcodeproj */ = {isa = PBXFileReference; lastKnownFileType = "wrapper.pb-project"; name = Three20UI.xcodeproj; path = ../three20/src/Three20UI/Three20UI.xcodeproj; sourceTree = SOURCE_ROOT; };
		63B2527F1299BB9500BA9323 /* Three20UICommon.xcodeproj */ = {isa = PBXFileReference; lastKnownFileType = "wrapper.pb-project"; name = Three20UICommon.xcodeproj; path = ../three20/src/Three20UICommon/Three20UICommon.xcodeproj; sourceTree = SOURCE_ROOT; };
		63B252821299BB9500BA9323 /* Three20UINavigator.xcodeproj */ = {isa = PBXFileReference; lastKnownFileType = "wrapper.pb-project"; name = Three20UINavigator.xcodeproj; path = ../three20/src/Three20UINavigator/Three20UINavigator.xcodeproj; sourceTree = SOURCE_ROOT; };
		63B252F41299BBA400BA9323 /* extThree20JSON.xcodeproj */ = {isa = PBXFileReference; lastKnownFileType = "wrapper.pb-project"; name = extThree20JSON.xcodeproj; path = ../three20/src/extThree20JSON/extThree20JSON.xcodeproj; sourceTree = SOURCE_ROOT; };
		63B253331299BC7600BA9323 /* QuartzCore.framework */ = {isa = PBXFileReference; lastKnownFileType = wrapper.framework; name = QuartzCore.framework; path = System/Library/Frameworks/QuartzCore.framework; sourceTree = SDKROOT; };
		63B253E71299BD3100BA9323 /* AppDelegate.h */ = {isa = PBXFileReference; fileEncoding = 4; lastKnownFileType = sourcecode.c.h; path = AppDelegate.h; sourceTree = "<group>"; };
		63B253E81299BD3100BA9323 /* AppDelegate.m */ = {isa = PBXFileReference; fileEncoding = 4; lastKnownFileType = sourcecode.c.objc; path = AppDelegate.m; sourceTree = "<group>"; };
		63B253ED1299BD3100BA9323 /* MyCommentsDataSource.h */ = {isa = PBXFileReference; fileEncoding = 4; lastKnownFileType = sourcecode.c.h; path = MyCommentsDataSource.h; sourceTree = "<group>"; };
		63B253EE1299BD3100BA9323 /* MyCommentsDataSource.m */ = {isa = PBXFileReference; fileEncoding = 4; lastKnownFileType = sourcecode.c.objc; path = MyCommentsDataSource.m; sourceTree = "<group>"; };
		63B253F11299BD3100BA9323 /* MyComment.h */ = {isa = PBXFileReference; fileEncoding = 4; lastKnownFileType = sourcecode.c.h; path = MyComment.h; sourceTree = "<group>"; };
		63B253F21299BD3100BA9323 /* MyComment.m */ = {isa = PBXFileReference; fileEncoding = 4; lastKnownFileType = sourcecode.c.objc; path = MyComment.m; sourceTree = "<group>"; };
		63B253F31299BD3100BA9323 /* MyCommentsModel.h */ = {isa = PBXFileReference; fileEncoding = 4; lastKnownFileType = sourcecode.c.h; path = MyCommentsModel.h; sourceTree = "<group>"; };
		63B253F41299BD3100BA9323 /* MyCommentsModel.m */ = {isa = PBXFileReference; fileEncoding = 4; lastKnownFileType = sourcecode.c.objc; path = MyCommentsModel.m; sourceTree = "<group>"; };
		63B253F51299BD3100BA9323 /* MyCommentsViewController.h */ = {isa = PBXFileReference; fileEncoding = 4; lastKnownFileType = sourcecode.c.h; path = MyCommentsViewController.h; sourceTree = "<group>"; };
		63B253F61299BD3100BA9323 /* MyCommentsViewController.m */ = {isa = PBXFileReference; fileEncoding = 4; lastKnownFileType = sourcecode.c.objc; path = MyCommentsViewController.m; sourceTree = "<group>"; };
		63B253F81299BD3100BA9323 /* NSDataAdditions.h */ = {isa = PBXFileReference; fileEncoding = 4; lastKnownFileType = sourcecode.c.h; path = NSDataAdditions.h; sourceTree = "<group>"; };
		63B253F91299BD3100BA9323 /* NSDataAdditions.m */ = {isa = PBXFileReference; fileEncoding = 4; lastKnownFileType = sourcecode.c.objc; path = NSDataAdditions.m; sourceTree = "<group>"; };
		63B253FB1299BD3100BA9323 /* FlipsideView.h */ = {isa = PBXFileReference; fileEncoding = 4; lastKnownFileType = sourcecode.c.h; path = FlipsideView.h; sourceTree = "<group>"; };
		63B253FC1299BD3100BA9323 /* FlipsideView.m */ = {isa = PBXFileReference; fileEncoding = 4; lastKnownFileType = sourcecode.c.objc; path = FlipsideView.m; sourceTree = "<group>"; };
		63B253FD1299BD3100BA9323 /* FlipsideViewController.h */ = {isa = PBXFileReference; fileEncoding = 4; lastKnownFileType = sourcecode.c.h; path = FlipsideViewController.h; sourceTree = "<group>"; };
		63B253FE1299BD3100BA9323 /* FlipsideViewController.m */ = {isa = PBXFileReference; fileEncoding = 4; lastKnownFileType = sourcecode.c.objc; path = FlipsideViewController.m; sourceTree = "<group>"; };
		63B254001299BD3100BA9323 /* MockPhotoSource.h */ = {isa = PBXFileReference; fileEncoding = 4; lastKnownFileType = sourcecode.c.h; path = MockPhotoSource.h; sourceTree = "<group>"; };
		63B254011299BD3100BA9323 /* MockPhotoSource.m */ = {isa = PBXFileReference; fileEncoding = 4; lastKnownFileType = sourcecode.c.objc; path = MockPhotoSource.m; sourceTree = "<group>"; };
		63B254061299BD3100BA9323 /* TTButtonContent+g3.h */ = {isa = PBXFileReference; fileEncoding = 4; lastKnownFileType = sourcecode.c.h; path = "TTButtonContent+g3.h"; sourceTree = "<group>"; };
		63B254071299BD3100BA9323 /* TTButtonContent+g3.m */ = {isa = PBXFileReference; fileEncoding = 4; lastKnownFileType = sourcecode.c.objc; path = "TTButtonContent+g3.m"; sourceTree = "<group>"; };
		63B254081299BD3100BA9323 /* TTURLImageResponse+g3.h */ = {isa = PBXFileReference; fileEncoding = 4; lastKnownFileType = sourcecode.c.h; path = "TTURLImageResponse+g3.h"; sourceTree = "<group>"; };
		63B254091299BD3100BA9323 /* TTURLImageResponse+g3.m */ = {isa = PBXFileReference; fileEncoding = 4; lastKnownFileType = sourcecode.c.objc; path = "TTURLImageResponse+g3.m"; sourceTree = "<group>"; };
		63B2540A1299BD3100BA9323 /* TTImageView+g3.h */ = {isa = PBXFileReference; fileEncoding = 4; lastKnownFileType = sourcecode.c.h; path = "TTImageView+g3.h"; sourceTree = "<group>"; };
		63B2540B1299BD3100BA9323 /* TTImageView+g3.m */ = {isa = PBXFileReference; fileEncoding = 4; lastKnownFileType = sourcecode.c.objc; path = "TTImageView+g3.m"; sourceTree = "<group>"; };
		63B2540C1299BD3100BA9323 /* MyPhotoViewController.h */ = {isa = PBXFileReference; fileEncoding = 4; lastKnownFileType = sourcecode.c.h; path = MyPhotoViewController.h; sourceTree = "<group>"; };
		63B2540D1299BD3100BA9323 /* MyPhotoViewController.m */ = {isa = PBXFileReference; fileEncoding = 4; lastKnownFileType = sourcecode.c.objc; path = MyPhotoViewController.m; sourceTree = "<group>"; };
		63B2540F1299BD3100BA9323 /* MyAlbum.h */ = {isa = PBXFileReference; fileEncoding = 4; lastKnownFileType = sourcecode.c.h; path = MyAlbum.h; sourceTree = "<group>"; };
		63B254101299BD3100BA9323 /* MyAlbum.m */ = {isa = PBXFileReference; fileEncoding = 4; lastKnownFileType = sourcecode.c.objc; path = MyAlbum.m; sourceTree = "<group>"; };
		63B254111299BD3100BA9323 /* TTThumbsViewController+g3.h */ = {isa = PBXFileReference; fileEncoding = 4; lastKnownFileType = sourcecode.c.h; path = "TTThumbsViewController+g3.h"; sourceTree = "<group>"; };
		63B254121299BD3100BA9323 /* TTThumbsViewController+g3.m */ = {isa = PBXFileReference; fileEncoding = 4; lastKnownFileType = sourcecode.c.objc; path = "TTThumbsViewController+g3.m"; sourceTree = "<group>"; };
		63B254131299BD3100BA9323 /* MyThumbsViewController.h */ = {isa = PBXFileReference; fileEncoding = 4; lastKnownFileType = sourcecode.c.h; path = MyThumbsViewController.h; sourceTree = "<group>"; };
		63B254141299BD3100BA9323 /* MyThumbsViewController.m */ = {isa = PBXFileReference; fileEncoding = 4; lastKnownFileType = sourcecode.c.objc; path = MyThumbsViewController.m; sourceTree = "<group>"; };
		63B254161299BD3100BA9323 /* MyImageUploader.h */ = {isa = PBXFileReference; fileEncoding = 4; lastKnownFileType = sourcecode.c.h; path = MyImageUploader.h; sourceTree = "<group>"; };
		63B254171299BD3100BA9323 /* MyImageUploader.m */ = {isa = PBXFileReference; fileEncoding = 4; lastKnownFileType = sourcecode.c.objc; path = MyImageUploader.m; sourceTree = "<group>"; };
		63B255EB1299C60900BA9323 /* g3DB.sqlite */ = {isa = PBXFileReference; lastKnownFileType = file; path = g3DB.sqlite; sourceTree = "<group>"; };
		63B255EC1299C60900BA9323 /* FlipsideView.xib */ = {isa = PBXFileReference; lastKnownFileType = file.xib; path = FlipsideView.xib; sourceTree = "<group>"; };
		63B255EF1299C63300BA9323 /* Three20.bundle */ = {isa = PBXFileReference; lastKnownFileType = "wrapper.plug-in"; name = Three20.bundle; path = ../three20/src/Three20.bundle; sourceTree = SOURCE_ROOT; };
		63B257AC1299D51800BA9323 /* MySettingsController.h */ = {isa = PBXFileReference; fileEncoding = 4; lastKnownFileType = sourcecode.c.h; path = MySettingsController.h; sourceTree = "<group>"; };
		63B257AD1299D51800BA9323 /* MySettingsController.m */ = {isa = PBXFileReference; fileEncoding = 4; lastKnownFileType = sourcecode.c.objc; path = MySettingsController.m; sourceTree = "<group>"; };
		63B6D1E6130DC9F600436953 /* white.png */ = {isa = PBXFileReference; lastKnownFileType = image.png; path = white.png; sourceTree = "<group>"; };
		63BB542012CE434600764C23 /* Reachability.h */ = {isa = PBXFileReference; fileEncoding = 4; lastKnownFileType = sourcecode.c.h; path = Reachability.h; sourceTree = "<group>"; };
		63BB542112CE434600764C23 /* Reachability.m */ = {isa = PBXFileReference; fileEncoding = 4; lastKnownFileType = sourcecode.c.objc; path = Reachability.m; sourceTree = "<group>"; };
		63BB544512CE43AB00764C23 /* SystemConfiguration.framework */ = {isa = PBXFileReference; lastKnownFileType = wrapper.framework; name = SystemConfiguration.framework; path = System/Library/Frameworks/SystemConfiguration.framework; sourceTree = SDKROOT; };
		63BD7616130B4885001FC9AF /* MyAlbumItemCell.xib */ = {isa = PBXFileReference; lastKnownFileType = file.xib; path = MyAlbumItemCell.xib; sourceTree = "<group>"; };
		63BD767E130B5127001FC9AF /* MyMetaDataItemCell.xib */ = {isa = PBXFileReference; lastKnownFileType = file.xib; name = MyMetaDataItemCell.xib; path = Classes/MyMetaDataItemCell.xib; sourceTree = "<group>"; };
		63BD7680130B5157001FC9AF /* MyMetaDataItem.h */ = {isa = PBXFileReference; fileEncoding = 4; lastKnownFileType = sourcecode.c.h; path = MyMetaDataItem.h; sourceTree = "<group>"; };
		63BD7681130B5157001FC9AF /* MyMetaDataItem.m */ = {isa = PBXFileReference; fileEncoding = 4; lastKnownFileType = sourcecode.c.objc; path = MyMetaDataItem.m; sourceTree = "<group>"; };
		63BD76C0130C5A31001FC9AF /* TTTableViewDataSource+g3.h */ = {isa = PBXFileReference; fileEncoding = 4; lastKnownFileType = sourcecode.c.h; path = "TTTableViewDataSource+g3.h"; sourceTree = "<group>"; };
		63BD76C1130C5A31001FC9AF /* TTTableViewDataSource+g3.m */ = {isa = PBXFileReference; fileEncoding = 4; lastKnownFileType = sourcecode.c.objc; path = "TTTableViewDataSource+g3.m"; sourceTree = "<group>"; };
		63BD778A130C6648001FC9AF /* MyMetaDataItemCell.h */ = {isa = PBXFileReference; fileEncoding = 4; lastKnownFileType = sourcecode.c.h; path = MyMetaDataItemCell.h; sourceTree = "<group>"; };
		63BD778B130C6648001FC9AF /* MyMetaDataItemCell.m */ = {isa = PBXFileReference; fileEncoding = 4; lastKnownFileType = sourcecode.c.objc; path = MyMetaDataItemCell.m; sourceTree = "<group>"; };
		63C10CBF12DB89C3009AF260 /* Default.png */ = {isa = PBXFileReference; lastKnownFileType = image.png; path = Default.png; sourceTree = "<group>"; };
		63CE230E132420D800D65CBD /* RKRequestTTModel+g3.h */ = {isa = PBXFileReference; fileEncoding = 4; lastKnownFileType = sourcecode.c.h; path = "RKRequestTTModel+g3.h"; sourceTree = "<group>"; };
		63CE230F132420D800D65CBD /* RKRequestTTModel+g3.m */ = {isa = PBXFileReference; fileEncoding = 4; lastKnownFileType = sourcecode.c.objc; path = "RKRequestTTModel+g3.m"; sourceTree = "<group>"; };
		63E0C2DE132039A100BDD139 /* MyTagHelper.h */ = {isa = PBXFileReference; fileEncoding = 4; lastKnownFileType = sourcecode.c.h; path = MyTagHelper.h; sourceTree = "<group>"; };
		63E0C2DF132039A100BDD139 /* MyTagHelper.m */ = {isa = PBXFileReference; fileEncoding = 4; lastKnownFileType = sourcecode.c.objc; path = MyTagHelper.m; sourceTree = "<group>"; };
		63E13C7D12BED4C6003248F4 /* AddAlbumViewController.h */ = {isa = PBXFileReference; fileEncoding = 4; lastKnownFileType = sourcecode.c.h; path = AddAlbumViewController.h; sourceTree = "<group>"; };
		63E13C7E12BED4C6003248F4 /* AddAlbumViewController.m */ = {isa = PBXFileReference; fileEncoding = 4; lastKnownFileType = sourcecode.c.objc; path = AddAlbumViewController.m; sourceTree = "<group>"; };
		63EE22A6130EF51200E2D407 /* createIcon.png */ = {isa = PBXFileReference; lastKnownFileType = image.png; path = createIcon.png; sourceTree = "<group>"; };
		63F1206F132BE62A00FC162B /* RestKit.xcodeproj */ = {isa = PBXFileReference; lastKnownFileType = "wrapper.pb-project"; name = RestKit.xcodeproj; path = ../RestKit/RestKit.xcodeproj; sourceTree = SOURCE_ROOT; };
		63F1561412DA6F5E00D85532 /* iTunesArtwork */ = {isa = PBXFileReference; lastKnownFileType = file; path = iTunesArtwork; sourceTree = "<group>"; };
		63F4602012C8161C00116221 /* UpdateAlbumViewController.h */ = {isa = PBXFileReference; fileEncoding = 4; lastKnownFileType = sourcecode.c.h; path = UpdateAlbumViewController.h; sourceTree = "<group>"; };
		63F4602112C8161C00116221 /* UpdateAlbumViewController.m */ = {isa = PBXFileReference; fileEncoding = 4; lastKnownFileType = sourcecode.c.objc; path = UpdateAlbumViewController.m; sourceTree = "<group>"; };
		8D1107310486CEB800E47090 /* g3Mobile-Info.plist */ = {isa = PBXFileReference; fileEncoding = 4; lastKnownFileType = text.plist.xml; path = "g3Mobile-Info.plist"; plistStructureDefinitionIdentifier = "com.apple.xcode.plist.structure-definition.iphone.info-plist"; sourceTree = "<group>"; };
/* End PBXFileReference section */

/* Begin PBXFrameworksBuildPhase section */
		1D60588F0D05DD3D006BFB54 /* Frameworks */ = {
			isa = PBXFrameworksBuildPhase;
			buildActionMask = 2147483647;
			files = (
				1D60589F0D05DD5A006BFB54 /* Foundation.framework in Frameworks */,
				1DF5F4E00D08C38300B7A737 /* UIKit.framework in Frameworks */,
				288765FD0DF74451002DB57D /* CoreGraphics.framework in Frameworks */,
				63B253171299BBB000BA9323 /* libextThree20JSON+YAJL.a in Frameworks */,
				63B253181299BBB300BA9323 /* libThree20.a in Frameworks */,
				63B253341299BC7600BA9323 /* QuartzCore.framework in Frameworks */,
				63BB544612CE43AB00764C23 /* SystemConfiguration.framework in Frameworks */,
				63351C6B12D2540E000D0950 /* libThree20Core.a in Frameworks */,
				63351C6C12D25415000D0950 /* libThree20Network.a in Frameworks */,
				63351C6D12D25419000D0950 /* libThree20Style.a in Frameworks */,
				63351C6E12D2541D000D0950 /* libThree20UI.a in Frameworks */,
				63351C6F12D25421000D0950 /* libThree20UICommon.a in Frameworks */,
				63351C7012D25425000D0950 /* libThree20UINavigator.a in Frameworks */,
				639EACAC131C6EE300FBAEF4 /* CFNetwork.framework in Frameworks */,
				639EACAE131C6EE300FBAEF4 /* CoreData.framework in Frameworks */,
				639EACB0131C6EE300FBAEF4 /* MobileCoreServices.framework in Frameworks */,
				63F12098132BE63400FC162B /* libRestKitCoreData.a in Frameworks */,
				63F12099132BE63500FC162B /* libRestKitJSONParserSBJSON.a in Frameworks */,
				63F1209B132BE63600FC162B /* libRestKitNetwork.a in Frameworks */,
				63F1209C132BE63700FC162B /* libRestKitObjectMapping.a in Frameworks */,
				63F1209D132BE63800FC162B /* libRestKitSupport.a in Frameworks */,
				63F1209E132BE63900FC162B /* libRestKitThree20.a in Frameworks */,
			);
			runOnlyForDeploymentPostprocessing = 0;
		};
/* End PBXFrameworksBuildPhase section */

/* Begin PBXGroup section */
		080E96DDFE201D6D7F000001 /* Classes */ = {
			isa = PBXGroup;
			children = (
				63B253E71299BD3100BA9323 /* AppDelegate.h */,
				63B253E81299BD3100BA9323 /* AppDelegate.m */,
				6348605713101B6A00385A46 /* Additions */,
				636954B112D52A1600CA3113 /* Helpers */,
				6374560312D3EFB2005FD8C6 /* Style Sheets */,
				63A3B510129C3BDE00E04981 /* Login */,
				639EACBD131C700D00FBAEF4 /* RestKit */,
				630FBE4C12FD78C500B4629A /* Album2 */,
				63B2540E1299BD3100BA9323 /* Album */,
				63B253FF1299BD3100BA9323 /* Photos */,
				63B253EB1299BD3100BA9323 /* Comments */,
				63B254151299BD3100BA9323 /* Rest Helpers */,
				63B253F71299BD3100BA9323 /* Base64 */,
				63B2520C1299BB6800BA9323 /* Dependencies */,
				63B257801299D4E500BA9323 /* Settings (depr) */,
				63B253FA1299BD3100BA9323 /* Flipside View (depr) */,
			);
			path = Classes;
			sourceTree = "<group>";
		};
		19C28FACFE9D520D11CA2CBB /* Products */ = {
			isa = PBXGroup;
			children = (
				1D6058910D05DD3D006BFB54 /* g3Mobile.app */,
			);
			name = Products;
			sourceTree = "<group>";
		};
		29B97314FDCFA39411CA2CEA /* CustomTemplate */ = {
			isa = PBXGroup;
			children = (
				080E96DDFE201D6D7F000001 /* Classes */,
				29B97315FDCFA39411CA2CEA /* Other Sources */,
				29B97317FDCFA39411CA2CEA /* Resources */,
				29B97323FDCFA39411CA2CEA /* Frameworks */,
				19C28FACFE9D520D11CA2CBB /* Products */,
				63454A4012DA51850070DB81 /* Entitlements.plist */,
				639EACAB131C6EE300FBAEF4 /* CFNetwork.framework */,
				639EACAD131C6EE300FBAEF4 /* CoreData.framework */,
				639EACAF131C6EE300FBAEF4 /* MobileCoreServices.framework */,
			);
			name = CustomTemplate;
			sourceTree = "<group>";
		};
		29B97315FDCFA39411CA2CEA /* Other Sources */ = {
			isa = PBXGroup;
			children = (
				32CA4F630368D1EE00C91783 /* g3Mobile_Prefix.pch */,
				29B97316FDCFA39411CA2CEA /* main.m */,
			);
			name = "Other Sources";
			sourceTree = "<group>";
		};
		29B97317FDCFA39411CA2CEA /* Resources */ = {
			isa = PBXGroup;
			children = (
				63707ACE1324103700A3198A /* makeCoverIcon.png */,
				63707AC313240FBB00A3198A /* trashIcon.png */,
				63707AAB13240EF800A3198A /* addIcon.png */,
				6370795E1323D13100A3198A /* editIcon.png */,
				6370795C1323D0AE00A3198A /* saveIcon.png */,
				637079581323CFD200A3198A /* commentIcon.png */,
				637078E71323AC9300A3198A /* uploadIcon.png */,
				63EE22A6130EF51200E2D407 /* createIcon.png */,
				63F1561412DA6F5E00D85532 /* iTunesArtwork */,
				63AF930A12CA9161001092B5 /* G_LOGO.png */,
				63B6D1E6130DC9F600436953 /* white.png */,
				636B811012C0243500ECDCDD /* empty.png */,
				639788CF12BEBA24000FBD09 /* defaultPerson.png */,
				63B255EF1299C63300BA9323 /* Three20.bundle */,
				63B255EB1299C60900BA9323 /* g3DB.sqlite */,
				63B255EC1299C60900BA9323 /* FlipsideView.xib */,
				28AD733E0D9D9553002E5188 /* MainWindow.xib */,
				8D1107310486CEB800E47090 /* g3Mobile-Info.plist */,
				632A448A12D25F0B0055F67B /* MyUploadViewController.xib */,
				6369534B12D50A4700CA3113 /* MyPostController.xib */,
				63C10CBF12DB89C3009AF260 /* Default.png */,
				63BD7616130B4885001FC9AF /* MyAlbumItemCell.xib */,
				63BD767E130B5127001FC9AF /* MyMetaDataItemCell.xib */,
				6380E70D1329A47D00A99EDB /* G3CoreData.xcdatamodel */,
			);
			name = Resources;
			sourceTree = "<group>";
		};
		29B97323FDCFA39411CA2CEA /* Frameworks */ = {
			isa = PBXGroup;
			children = (
				63BB544512CE43AB00764C23 /* SystemConfiguration.framework */,
				1DF5F4DF0D08C38300B7A737 /* UIKit.framework */,
				1D30AB110D05D00D00671497 /* Foundation.framework */,
				288765FC0DF74451002DB57D /* CoreGraphics.framework */,
				63B253331299BC7600BA9323 /* QuartzCore.framework */,
			);
			name = Frameworks;
			sourceTree = "<group>";
		};
		630FBE4C12FD78C500B4629A /* Album2 */ = {
			isa = PBXGroup;
			children = (
				630FBE7812FD794500B4629A /* MyThumbsViewController2.h */,
				630FBE7912FD794500B4629A /* MyThumbsViewController2.m */,
				630FBE7F12FD7A3400B4629A /* MyThumbsViewDataSource2.h */,
				630FBE8012FD7A3400B4629A /* MyThumbsViewDataSource2.m */,
				637079681323D27C00A3198A /* MyItem.h */,
				630FC46912FF3F4400B4629A /* MyAlbumItem.h */,
				630FC46A12FF3F4400B4629A /* MyAlbumItem.m */,
				630FC45312FF3CCA00B4629A /* MyAlbumItemCell.h */,
				630FC45412FF3CCA00B4629A /* MyAlbumItemCell.m */,
				63BD7680130B5157001FC9AF /* MyMetaDataItem.h */,
				63BD7681130B5157001FC9AF /* MyMetaDataItem.m */,
				63BD778A130C6648001FC9AF /* MyMetaDataItemCell.h */,
				63BD778B130C6648001FC9AF /* MyMetaDataItemCell.m */,
			);
			name = Album2;
			sourceTree = "<group>";
		};
		63351B9512D25375000D0950 /* Products */ = {
			isa = PBXGroup;
			children = (
				63351B9E12D25375000D0950 /* libThree20Core.a */,
				63351BA412D25375000D0950 /* CoreUnitTests.octest */,
			);
			name = Products;
			sourceTree = "<group>";
		};
		63351BA912D25383000D0950 /* Products */ = {
			isa = PBXGroup;
			children = (
				63351BB212D25383000D0950 /* libThree20Network.a */,
				63351BB812D25383000D0950 /* NetworkUnitTests.octest */,
			);
			name = Products;
			sourceTree = "<group>";
		};
		63351BBD12D2538B000D0950 /* Products */ = {
			isa = PBXGroup;
			children = (
				63351BC612D2538B000D0950 /* libThree20Style.a */,
				63351BCC12D2538B000D0950 /* StyleUnitTests.octest */,
			);
			name = Products;
			sourceTree = "<group>";
		};
		63351BD112D25394000D0950 /* Products */ = {
			isa = PBXGroup;
			children = (
				63351BDA12D25394000D0950 /* libThree20UI.a */,
				63351BE012D25394000D0950 /* UIUnitTests.octest */,
			);
			name = Products;
			sourceTree = "<group>";
		};
		63351BE512D2539B000D0950 /* Products */ = {
			isa = PBXGroup;
			children = (
				63351BEE12D2539B000D0950 /* libThree20UICommon.a */,
				63351BF412D2539B000D0950 /* UICommonUnitTests.octest */,
			);
			name = Products;
			sourceTree = "<group>";
		};
		63351BF912D253A2000D0950 /* Products */ = {
			isa = PBXGroup;
			children = (
				63351C0212D253A2000D0950 /* libThree20UINavigator.a */,
				63351C0812D253A2000D0950 /* UINavigatorUnitTests.octest */,
			);
			name = Products;
			sourceTree = "<group>";
		};
		6348605713101B6A00385A46 /* Additions */ = {
			isa = PBXGroup;
			children = (
				63BD76C0130C5A31001FC9AF /* TTTableViewDataSource+g3.h */,
				63BD76C1130C5A31001FC9AF /* TTTableViewDataSource+g3.m */,
				631A7B39130F49B0004A6110 /* TTTableViewController+g3.h */,
				631A7B3A130F49B0004A6110 /* TTTableViewController+g3.m */,
			);
			name = Additions;
			sourceTree = "<group>";
		};
		636954B112D52A1600CA3113 /* Helpers */ = {
			isa = PBXGroup;
			children = (
				6358A4C412C8810C0043D18A /* SynthesizeSingleton.h */,
				6358A4B912C880EB0043D18A /* MySettings.h */,
				6358A4BA12C880EB0043D18A /* MySettings.m */,
				63BB542012CE434600764C23 /* Reachability.h */,
				63BB542112CE434600764C23 /* Reachability.m */,
				637452D312D3A162005FD8C6 /* UIImage+resizing.h */,
				637452D412D3A162005FD8C6 /* UIImage+resizing.m */,
				636952D612D4FC5400CA3113 /* UIViewController+params.h */,
				636952D712D4FC5400CA3113 /* UIViewController+params.m */,
				636954B212D52ACD00CA3113 /* UIImage+cropping.h */,
				636954B312D52ACD00CA3113 /* UIImage+cropping.m */,
				6389A68A12D652C2002B59AB /* MyDatabase.h */,
				6389A68B12D652C2002B59AB /* MyDatabase.m */,
			);
			name = Helpers;
			sourceTree = "<group>";
		};
		6374560312D3EFB2005FD8C6 /* Style Sheets */ = {
			isa = PBXGroup;
			children = (
				6374560412D3EFB2005FD8C6 /* StyleSheet.h */,
				6374560512D3EFB2005FD8C6 /* StyleSheet.m */,
			);
			name = "Style Sheets";
			sourceTree = "<group>";
		};
		639EACBD131C700D00FBAEF4 /* RestKit */ = {
			isa = PBXGroup;
			children = (
				639EACBE131C702F00FBAEF4 /* DBManagedObjectCache.h */,
				639EACBF131C702F00FBAEF4 /* DBManagedObjectCache.m */,
				63CE230E132420D800D65CBD /* RKRequestTTModel+g3.h */,
				63CE230F132420D800D65CBD /* RKRequestTTModel+g3.m */,
				639EACC4131C702F00FBAEF4 /* ArrayToDataTransformer.h */,
				639EACC5131C702F00FBAEF4 /* ArrayToDataTransformer.m */,
				639EACC2131C702F00FBAEF4 /* RKMResponse.h */,
				639EACC3131C702F00FBAEF4 /* RKMResponse.m */,
				639EACC0131C702F00FBAEF4 /* RKOEntity.h */,
				639EACC1131C702F00FBAEF4 /* RKOEntity.m */,
				6380E70F1329A4A200A99EDB /* RKOItem.h */,
				6380E7101329A4A200A99EDB /* RKOItem.m */,
				63E0C2DE132039A100BDD139 /* MyTagHelper.h */,
				63E0C2DF132039A100BDD139 /* MyTagHelper.m */,
			);
			name = RestKit;
			sourceTree = "<group>";
		};
		63A3B510129C3BDE00E04981 /* Login */ = {
			isa = PBXGroup;
			children = (
				63A3B51A129C3BDE00E04981 /* MyLoginViewController.h */,
				63A3B51B129C3BDE00E04981 /* MyLoginViewController.m */,
				63A3B517129C3BDE00E04981 /* Data Source */,
				63A3B511129C3BDE00E04981 /* Models */,
			);
			name = Login;
			sourceTree = "<group>";
		};
		63A3B511129C3BDE00E04981 /* Models */ = {
			isa = PBXGroup;
			children = (
				63A3B515129C3BDE00E04981 /* MyLoginModel.h */,
				63A3B516129C3BDE00E04981 /* MyLoginModel.m */,
				63A3B512129C3BDE00E04981 /* Objects */,
			);
			name = Models;
			sourceTree = "<group>";
		};
		63A3B512129C3BDE00E04981 /* Objects */ = {
			isa = PBXGroup;
			children = (
				63A3B513129C3BDE00E04981 /* MyLogin.h */,
				63A3B514129C3BDE00E04981 /* MyLogin.m */,
			);
			name = Objects;
			sourceTree = "<group>";
		};
		63A3B517129C3BDE00E04981 /* Data Source */ = {
			isa = PBXGroup;
			children = (
				63A3B518129C3BDE00E04981 /* MyLoginDataSource.h */,
				63A3B519129C3BDE00E04981 /* MyLoginDataSource.m */,
			);
			name = "Data Source";
			sourceTree = "<group>";
		};
		63B2520C1299BB6800BA9323 /* Dependencies */ = {
			isa = PBXGroup;
			children = (
				63F1206F132BE62A00FC162B /* RestKit.xcodeproj */,
				63B2520D1299BB7000BA9323 /* Three20 */,
			);
			name = Dependencies;
			sourceTree = "<group>";
		};
		63B2520D1299BB7000BA9323 /* Three20 */ = {
			isa = PBXGroup;
			children = (
				63B252F41299BBA400BA9323 /* extThree20JSON.xcodeproj */,
				63B252731299BB9500BA9323 /* Three20Core.xcodeproj */,
				63B252761299BB9500BA9323 /* Three20Network.xcodeproj */,
				63B252791299BB9500BA9323 /* Three20Style.xcodeproj */,
				63B2527C1299BB9500BA9323 /* Three20UI.xcodeproj */,
				63B2527F1299BB9500BA9323 /* Three20UICommon.xcodeproj */,
				63B252821299BB9500BA9323 /* Three20UINavigator.xcodeproj */,
				63B2520E1299BB8600BA9323 /* Three20.xcodeproj */,
			);
			name = Three20;
			sourceTree = "<group>";
		};
		63B2520F1299BB8600BA9323 /* Products */ = {
			isa = PBXGroup;
			children = (
				63B2523E1299BB8700BA9323 /* libThree20.a */,
				63B252441299BB8700BA9323 /* Three20UnitTests.octest */,
			);
			name = Products;
			sourceTree = "<group>";
		};
		63B252F51299BBA400BA9323 /* Products */ = {
			isa = PBXGroup;
			children = (
				63B253061299BBA400BA9323 /* libextThree20JSON+SBJSON.a */,
				63B2530C1299BBA400BA9323 /* libextThree20JSON+YAJL.a */,
				63B253121299BBA400BA9323 /* extJSONUnitTests+SBJSON.octest */,
			);
			name = Products;
			sourceTree = "<group>";
		};
		63B253EB1299BD3100BA9323 /* Comments */ = {
			isa = PBXGroup;
			children = (
				63B253F51299BD3100BA9323 /* MyCommentsViewController.h */,
				63B253F61299BD3100BA9323 /* MyCommentsViewController.m */,
				63B253EF1299BD3100BA9323 /* Model */,
				63B253EC1299BD3100BA9323 /* Data Source */,
			);
			name = Comments;
			sourceTree = "<group>";
		};
		63B253EC1299BD3100BA9323 /* Data Source */ = {
			isa = PBXGroup;
			children = (
				63B253ED1299BD3100BA9323 /* MyCommentsDataSource.h */,
				63B253EE1299BD3100BA9323 /* MyCommentsDataSource.m */,
			);
			name = "Data Source";
			sourceTree = "<group>";
		};
		63B253EF1299BD3100BA9323 /* Model */ = {
			isa = PBXGroup;
			children = (
				63B253F31299BD3100BA9323 /* MyCommentsModel.h */,
				63B253F41299BD3100BA9323 /* MyCommentsModel.m */,
				63B253F01299BD3100BA9323 /* Objects */,
			);
			name = Model;
			sourceTree = "<group>";
		};
		63B253F01299BD3100BA9323 /* Objects */ = {
			isa = PBXGroup;
			children = (
				63B253F11299BD3100BA9323 /* MyComment.h */,
				63B253F21299BD3100BA9323 /* MyComment.m */,
			);
			name = Objects;
			sourceTree = "<group>";
		};
		63B253F71299BD3100BA9323 /* Base64 */ = {
			isa = PBXGroup;
			children = (
				63B253F81299BD3100BA9323 /* NSDataAdditions.h */,
				63B253F91299BD3100BA9323 /* NSDataAdditions.m */,
			);
			name = Base64;
			path = TTCatalog;
			sourceTree = "<group>";
		};
		63B253FA1299BD3100BA9323 /* Flipside View (depr) */ = {
			isa = PBXGroup;
			children = (
				63B253FB1299BD3100BA9323 /* FlipsideView.h */,
				63B253FC1299BD3100BA9323 /* FlipsideView.m */,
				63B253FD1299BD3100BA9323 /* FlipsideViewController.h */,
				63B253FE1299BD3100BA9323 /* FlipsideViewController.m */,
			);
			name = "Flipside View (depr)";
			sourceTree = "<group>";
		};
		63B253FF1299BD3100BA9323 /* Photos */ = {
			isa = PBXGroup;
			children = (
				63B254051299BD3100BA9323 /* Photo Thumbnails */,
				63B254001299BD3100BA9323 /* MockPhotoSource.h */,
				63B254011299BD3100BA9323 /* MockPhotoSource.m */,
			);
			name = Photos;
			sourceTree = "<group>";
		};
		63B254051299BD3100BA9323 /* Photo Thumbnails */ = {
			isa = PBXGroup;
			children = (
				63B254061299BD3100BA9323 /* TTButtonContent+g3.h */,
				63B254071299BD3100BA9323 /* TTButtonContent+g3.m */,
				63B254081299BD3100BA9323 /* TTURLImageResponse+g3.h */,
				63B254091299BD3100BA9323 /* TTURLImageResponse+g3.m */,
				63B2540A1299BD3100BA9323 /* TTImageView+g3.h */,
				63B2540B1299BD3100BA9323 /* TTImageView+g3.m */,
				63B2540C1299BD3100BA9323 /* MyPhotoViewController.h */,
				63B2540D1299BD3100BA9323 /* MyPhotoViewController.m */,
			);
			name = "Photo Thumbnails";
			sourceTree = "<group>";
		};
		63B2540E1299BD3100BA9323 /* Album */ = {
			isa = PBXGroup;
			children = (
				63B254111299BD3100BA9323 /* TTThumbsViewController+g3.h */,
				63B254121299BD3100BA9323 /* TTThumbsViewController+g3.m */,
				63B254131299BD3100BA9323 /* MyThumbsViewController.h */,
				63B254141299BD3100BA9323 /* MyThumbsViewController.m */,
				632A448E12D261390055F67B /* MyUploadViewController.h */,
				632A448F12D261390055F67B /* MyUploadViewController.m */,
				6369534712D50A1200CA3113 /* MyPostController.h */,
				6369534812D50A1200CA3113 /* MyPostController.m */,
				63E13C7D12BED4C6003248F4 /* AddAlbumViewController.h */,
				63E13C7E12BED4C6003248F4 /* AddAlbumViewController.m */,
				63F4602012C8161C00116221 /* UpdateAlbumViewController.h */,
				63F4602112C8161C00116221 /* UpdateAlbumViewController.m */,
			);
			name = Album;
			sourceTree = "<group>";
		};
		63B254151299BD3100BA9323 /* Rest Helpers */ = {
			isa = PBXGroup;
			children = (
				63B2540F1299BD3100BA9323 /* MyAlbum.h */,
				63B254101299BD3100BA9323 /* MyAlbum.m */,
				63B254161299BD3100BA9323 /* MyImageUploader.h */,
				63B254171299BD3100BA9323 /* MyImageUploader.m */,
				63A3B71A129C5EA200E04981 /* MyItemDeleter.h */,
				63A3B71B129C5EA200E04981 /* MyItemDeleter.m */,
				636B7F1712BFE98D00ECDCDD /* MyAlbumUpdater.h */,
				636B7F1812BFE98D00ECDCDD /* MyAlbumUpdater.m */,
			);
			name = "Rest Helpers";
			sourceTree = "<group>";
		};
		63B257801299D4E500BA9323 /* Settings (depr) */ = {
			isa = PBXGroup;
			children = (
				63B257AC1299D51800BA9323 /* MySettingsController.h */,
				63B257AD1299D51800BA9323 /* MySettingsController.m */,
			);
			name = "Settings (depr)";
			sourceTree = "<group>";
		};
		63F12070132BE62A00FC162B /* Products */ = {
			isa = PBXGroup;
			children = (
				63F12081132BE62B00FC162B /* libRestKitNetwork.a */,
				63F12083132BE62B00FC162B /* libRestKitObjectMapping.a */,
				63F12085132BE62B00FC162B /* libRestKitSupport.a */,
				63F12087132BE62B00FC162B /* libRestKitJSONParserYAJL.a */,
				63F12089132BE62B00FC162B /* libRestKitJSONParserSBJSON.a */,
				63F1208B132BE62B00FC162B /* libRestKitCoreData.a */,
				63F1208D132BE62B00FC162B /* libRestKitThree20.a */,
				63F1208F132BE62B00FC162B /* UISpec.app */,
			);
			name = Products;
			sourceTree = "<group>";
		};
/* End PBXGroup section */

/* Begin PBXNativeTarget section */
		1D6058900D05DD3D006BFB54 /* g3Mobile */ = {
			isa = PBXNativeTarget;
			buildConfigurationList = 1D6058960D05DD3E006BFB54 /* Build configuration list for PBXNativeTarget "g3Mobile" */;
			buildPhases = (
				1D60588D0D05DD3D006BFB54 /* Resources */,
				1D60588E0D05DD3D006BFB54 /* Sources */,
				1D60588F0D05DD3D006BFB54 /* Frameworks */,
			);
			buildRules = (
			);
			dependencies = (
				63351C5E12D253F7000D0950 /* PBXTargetDependency */,
				63351C6012D253F7000D0950 /* PBXTargetDependency */,
				63351C6212D253F7000D0950 /* PBXTargetDependency */,
				63351C6412D253F7000D0950 /* PBXTargetDependency */,
				63351C6612D253F7000D0950 /* PBXTargetDependency */,
				63351C6A12D253F7000D0950 /* PBXTargetDependency */,
				633A015612D25BB7001557F3 /* PBXTargetDependency */,
				63F120A1132BE64800FC162B /* PBXTargetDependency */,
				63F120A3132BE64F00FC162B /* PBXTargetDependency */,
			);
			name = g3Mobile;
			productName = Gallery3;
			productReference = 1D6058910D05DD3D006BFB54 /* g3Mobile.app */;
			productType = "com.apple.product-type.application";
		};
/* End PBXNativeTarget section */

/* Begin PBXProject section */
		29B97313FDCFA39411CA2CEA /* Project object */ = {
			isa = PBXProject;
			buildConfigurationList = C01FCF4E08A954540054247B /* Build configuration list for PBXProject "g3Mobile" */;
			compatibilityVersion = "Xcode 3.2";
			developmentRegion = English;
			hasScannedForEncodings = 1;
			knownRegions = (
				English,
				Japanese,
				French,
				German,
			);
			mainGroup = 29B97314FDCFA39411CA2CEA /* CustomTemplate */;
			projectDirPath = "";
			projectReferences = (
				{
					ProductGroup = 63B252F51299BBA400BA9323 /* Products */;
					ProjectRef = 63B252F41299BBA400BA9323 /* extThree20JSON.xcodeproj */;
				},
				{
					ProductGroup = 63F12070132BE62A00FC162B /* Products */;
					ProjectRef = 63F1206F132BE62A00FC162B /* RestKit.xcodeproj */;
				},
				{
					ProductGroup = 63B2520F1299BB8600BA9323 /* Products */;
					ProjectRef = 63B2520E1299BB8600BA9323 /* Three20.xcodeproj */;
				},
				{
					ProductGroup = 63351B9512D25375000D0950 /* Products */;
					ProjectRef = 63B252731299BB9500BA9323 /* Three20Core.xcodeproj */;
				},
				{
					ProductGroup = 63351BA912D25383000D0950 /* Products */;
					ProjectRef = 63B252761299BB9500BA9323 /* Three20Network.xcodeproj */;
				},
				{
					ProductGroup = 63351BBD12D2538B000D0950 /* Products */;
					ProjectRef = 63B252791299BB9500BA9323 /* Three20Style.xcodeproj */;
				},
				{
					ProductGroup = 63351BD112D25394000D0950 /* Products */;
					ProjectRef = 63B2527C1299BB9500BA9323 /* Three20UI.xcodeproj */;
				},
				{
					ProductGroup = 63351BE512D2539B000D0950 /* Products */;
					ProjectRef = 63B2527F1299BB9500BA9323 /* Three20UICommon.xcodeproj */;
				},
				{
					ProductGroup = 63351BF912D253A2000D0950 /* Products */;
					ProjectRef = 63B252821299BB9500BA9323 /* Three20UINavigator.xcodeproj */;
				},
			);
			projectRoot = "";
			targets = (
				1D6058900D05DD3D006BFB54 /* g3Mobile */,
			);
		};
/* End PBXProject section */

/* Begin PBXReferenceProxy section */
		63351B9E12D25375000D0950 /* libThree20Core.a */ = {
			isa = PBXReferenceProxy;
			fileType = archive.ar;
			path = libThree20Core.a;
			remoteRef = 63351B9D12D25375000D0950 /* PBXContainerItemProxy */;
			sourceTree = BUILT_PRODUCTS_DIR;
		};
		63351BA412D25375000D0950 /* CoreUnitTests.octest */ = {
			isa = PBXReferenceProxy;
			fileType = wrapper.cfbundle;
			path = CoreUnitTests.octest;
			remoteRef = 63351BA312D25375000D0950 /* PBXContainerItemProxy */;
			sourceTree = BUILT_PRODUCTS_DIR;
		};
		63351BB212D25383000D0950 /* libThree20Network.a */ = {
			isa = PBXReferenceProxy;
			fileType = archive.ar;
			path = libThree20Network.a;
			remoteRef = 63351BB112D25383000D0950 /* PBXContainerItemProxy */;
			sourceTree = BUILT_PRODUCTS_DIR;
		};
		63351BB812D25383000D0950 /* NetworkUnitTests.octest */ = {
			isa = PBXReferenceProxy;
			fileType = wrapper.cfbundle;
			path = NetworkUnitTests.octest;
			remoteRef = 63351BB712D25383000D0950 /* PBXContainerItemProxy */;
			sourceTree = BUILT_PRODUCTS_DIR;
		};
		63351BC612D2538B000D0950 /* libThree20Style.a */ = {
			isa = PBXReferenceProxy;
			fileType = archive.ar;
			path = libThree20Style.a;
			remoteRef = 63351BC512D2538B000D0950 /* PBXContainerItemProxy */;
			sourceTree = BUILT_PRODUCTS_DIR;
		};
		63351BCC12D2538B000D0950 /* StyleUnitTests.octest */ = {
			isa = PBXReferenceProxy;
			fileType = wrapper.cfbundle;
			path = StyleUnitTests.octest;
			remoteRef = 63351BCB12D2538B000D0950 /* PBXContainerItemProxy */;
			sourceTree = BUILT_PRODUCTS_DIR;
		};
		63351BDA12D25394000D0950 /* libThree20UI.a */ = {
			isa = PBXReferenceProxy;
			fileType = archive.ar;
			path = libThree20UI.a;
			remoteRef = 63351BD912D25394000D0950 /* PBXContainerItemProxy */;
			sourceTree = BUILT_PRODUCTS_DIR;
		};
		63351BE012D25394000D0950 /* UIUnitTests.octest */ = {
			isa = PBXReferenceProxy;
			fileType = wrapper.cfbundle;
			path = UIUnitTests.octest;
			remoteRef = 63351BDF12D25394000D0950 /* PBXContainerItemProxy */;
			sourceTree = BUILT_PRODUCTS_DIR;
		};
		63351BEE12D2539B000D0950 /* libThree20UICommon.a */ = {
			isa = PBXReferenceProxy;
			fileType = archive.ar;
			path = libThree20UICommon.a;
			remoteRef = 63351BED12D2539B000D0950 /* PBXContainerItemProxy */;
			sourceTree = BUILT_PRODUCTS_DIR;
		};
		63351BF412D2539B000D0950 /* UICommonUnitTests.octest */ = {
			isa = PBXReferenceProxy;
			fileType = wrapper.cfbundle;
			path = UICommonUnitTests.octest;
			remoteRef = 63351BF312D2539B000D0950 /* PBXContainerItemProxy */;
			sourceTree = BUILT_PRODUCTS_DIR;
		};
		63351C0212D253A2000D0950 /* libThree20UINavigator.a */ = {
			isa = PBXReferenceProxy;
			fileType = archive.ar;
			path = libThree20UINavigator.a;
			remoteRef = 63351C0112D253A2000D0950 /* PBXContainerItemProxy */;
			sourceTree = BUILT_PRODUCTS_DIR;
		};
		63351C0812D253A2000D0950 /* UINavigatorUnitTests.octest */ = {
			isa = PBXReferenceProxy;
			fileType = wrapper.cfbundle;
			path = UINavigatorUnitTests.octest;
			remoteRef = 63351C0712D253A2000D0950 /* PBXContainerItemProxy */;
			sourceTree = BUILT_PRODUCTS_DIR;
		};
		63B2523E1299BB8700BA9323 /* libThree20.a */ = {
			isa = PBXReferenceProxy;
			fileType = archive.ar;
			path = libThree20.a;
			remoteRef = 63B2523D1299BB8700BA9323 /* PBXContainerItemProxy */;
			sourceTree = BUILT_PRODUCTS_DIR;
		};
		63B252441299BB8700BA9323 /* Three20UnitTests.octest */ = {
			isa = PBXReferenceProxy;
			fileType = wrapper.cfbundle;
			path = Three20UnitTests.octest;
			remoteRef = 63B252431299BB8700BA9323 /* PBXContainerItemProxy */;
			sourceTree = BUILT_PRODUCTS_DIR;
		};
		63B253061299BBA400BA9323 /* libextThree20JSON+SBJSON.a */ = {
			isa = PBXReferenceProxy;
			fileType = archive.ar;
			path = "libextThree20JSON+SBJSON.a";
			remoteRef = 63B253051299BBA400BA9323 /* PBXContainerItemProxy */;
			sourceTree = BUILT_PRODUCTS_DIR;
		};
		63B2530C1299BBA400BA9323 /* libextThree20JSON+YAJL.a */ = {
			isa = PBXReferenceProxy;
			fileType = archive.ar;
			path = "libextThree20JSON+YAJL.a";
			remoteRef = 63B2530B1299BBA400BA9323 /* PBXContainerItemProxy */;
			sourceTree = BUILT_PRODUCTS_DIR;
		};
		63B253121299BBA400BA9323 /* extJSONUnitTests+SBJSON.octest */ = {
			isa = PBXReferenceProxy;
			fileType = wrapper.cfbundle;
			path = "extJSONUnitTests+SBJSON.octest";
			remoteRef = 63B253111299BBA400BA9323 /* PBXContainerItemProxy */;
			sourceTree = BUILT_PRODUCTS_DIR;
		};
		63F12081132BE62B00FC162B /* libRestKitNetwork.a */ = {
			isa = PBXReferenceProxy;
			fileType = archive.ar;
			path = libRestKitNetwork.a;
			remoteRef = 63F12080132BE62B00FC162B /* PBXContainerItemProxy */;
			sourceTree = BUILT_PRODUCTS_DIR;
		};
		63F12083132BE62B00FC162B /* libRestKitObjectMapping.a */ = {
			isa = PBXReferenceProxy;
			fileType = archive.ar;
			path = libRestKitObjectMapping.a;
			remoteRef = 63F12082132BE62B00FC162B /* PBXContainerItemProxy */;
			sourceTree = BUILT_PRODUCTS_DIR;
		};
		63F12085132BE62B00FC162B /* libRestKitSupport.a */ = {
			isa = PBXReferenceProxy;
			fileType = archive.ar;
			path = libRestKitSupport.a;
			remoteRef = 63F12084132BE62B00FC162B /* PBXContainerItemProxy */;
			sourceTree = BUILT_PRODUCTS_DIR;
		};
		63F12087132BE62B00FC162B /* libRestKitJSONParserYAJL.a */ = {
			isa = PBXReferenceProxy;
			fileType = archive.ar;
			path = libRestKitJSONParserYAJL.a;
			remoteRef = 63F12086132BE62B00FC162B /* PBXContainerItemProxy */;
			sourceTree = BUILT_PRODUCTS_DIR;
		};
		63F12089132BE62B00FC162B /* libRestKitJSONParserSBJSON.a */ = {
			isa = PBXReferenceProxy;
			fileType = archive.ar;
			path = libRestKitJSONParserSBJSON.a;
			remoteRef = 63F12088132BE62B00FC162B /* PBXContainerItemProxy */;
			sourceTree = BUILT_PRODUCTS_DIR;
		};
		63F1208B132BE62B00FC162B /* libRestKitCoreData.a */ = {
			isa = PBXReferenceProxy;
			fileType = archive.ar;
			path = libRestKitCoreData.a;
			remoteRef = 63F1208A132BE62B00FC162B /* PBXContainerItemProxy */;
			sourceTree = BUILT_PRODUCTS_DIR;
		};
		63F1208D132BE62B00FC162B /* libRestKitThree20.a */ = {
			isa = PBXReferenceProxy;
			fileType = archive.ar;
			path = libRestKitThree20.a;
			remoteRef = 63F1208C132BE62B00FC162B /* PBXContainerItemProxy */;
			sourceTree = BUILT_PRODUCTS_DIR;
		};
		63F1208F132BE62B00FC162B /* UISpec.app */ = {
			isa = PBXReferenceProxy;
			fileType = wrapper.application;
			path = UISpec.app;
			remoteRef = 63F1208E132BE62B00FC162B /* PBXContainerItemProxy */;
			sourceTree = BUILT_PRODUCTS_DIR;
		};
/* End PBXReferenceProxy section */

/* Begin PBXResourcesBuildPhase section */
		1D60588D0D05DD3D006BFB54 /* Resources */ = {
			isa = PBXResourcesBuildPhase;
			buildActionMask = 2147483647;
			files = (
				28AD733F0D9D9553002E5188 /* MainWindow.xib in Resources */,
				63B255ED1299C60900BA9323 /* g3DB.sqlite in Resources */,
				63B255EE1299C60900BA9323 /* FlipsideView.xib in Resources */,
				63B255F01299C63300BA9323 /* Three20.bundle in Resources */,
				639788D012BEBA24000FBD09 /* defaultPerson.png in Resources */,
				636B811112C0243500ECDCDD /* empty.png in Resources */,
				63AF930B12CA9161001092B5 /* G_LOGO.png in Resources */,
				632A448B12D25F0B0055F67B /* MyUploadViewController.xib in Resources */,
				6369534C12D50A4700CA3113 /* MyPostController.xib in Resources */,
				63F1561512DA6F5E00D85532 /* iTunesArtwork in Resources */,
				63C10CC012DB89C3009AF260 /* Default.png in Resources */,
				63BD7617130B4885001FC9AF /* MyAlbumItemCell.xib in Resources */,
				63BD767F130B5127001FC9AF /* MyMetaDataItemCell.xib in Resources */,
				63B6D1E7130DC9F600436953 /* white.png in Resources */,
				63EE22A7130EF51200E2D407 /* createIcon.png in Resources */,
				637078E81323AC9300A3198A /* uploadIcon.png in Resources */,
				637079591323CFD200A3198A /* commentIcon.png in Resources */,
				6370795D1323D0AE00A3198A /* saveIcon.png in Resources */,
				6370795F1323D13100A3198A /* editIcon.png in Resources */,
				63707AAC13240EF800A3198A /* addIcon.png in Resources */,
				63707AC413240FBB00A3198A /* trashIcon.png in Resources */,
				63707ACF1324103700A3198A /* makeCoverIcon.png in Resources */,
			);
			runOnlyForDeploymentPostprocessing = 0;
		};
/* End PBXResourcesBuildPhase section */

/* Begin PBXSourcesBuildPhase section */
		1D60588E0D05DD3D006BFB54 /* Sources */ = {
			isa = PBXSourcesBuildPhase;
			buildActionMask = 2147483647;
			files = (
				1D60589B0D05DD56006BFB54 /* main.m in Sources */,
				63B254181299BD3100BA9323 /* AppDelegate.m in Sources */,
				63B2541A1299BD3100BA9323 /* MyCommentsDataSource.m in Sources */,
				63B2541B1299BD3100BA9323 /* MyComment.m in Sources */,
				63B2541C1299BD3100BA9323 /* MyCommentsModel.m in Sources */,
				63B2541D1299BD3100BA9323 /* MyCommentsViewController.m in Sources */,
				63B2541E1299BD3100BA9323 /* NSDataAdditions.m in Sources */,
				63B2541F1299BD3100BA9323 /* FlipsideView.m in Sources */,
				63B254201299BD3100BA9323 /* FlipsideViewController.m in Sources */,
				63B254211299BD3100BA9323 /* MockPhotoSource.m in Sources */,
				63B254231299BD3100BA9323 /* TTButtonContent+g3.m in Sources */,
				63B254241299BD3100BA9323 /* TTURLImageResponse+g3.m in Sources */,
				63B254251299BD3100BA9323 /* TTImageView+g3.m in Sources */,
				63B254261299BD3100BA9323 /* MyPhotoViewController.m in Sources */,
				63B254271299BD3100BA9323 /* MyAlbum.m in Sources */,
				63B254281299BD3100BA9323 /* TTThumbsViewController+g3.m in Sources */,
				63B254291299BD3100BA9323 /* MyThumbsViewController.m in Sources */,
				63B2542A1299BD3100BA9323 /* MyImageUploader.m in Sources */,
				63B257AE1299D51800BA9323 /* MySettingsController.m in Sources */,
				63A3B51C129C3BDE00E04981 /* MyLogin.m in Sources */,
				63A3B51D129C3BDE00E04981 /* MyLoginModel.m in Sources */,
				63A3B51E129C3BDE00E04981 /* MyLoginDataSource.m in Sources */,
				63A3B51F129C3BDE00E04981 /* MyLoginViewController.m in Sources */,
				63A3B71C129C5EA200E04981 /* MyItemDeleter.m in Sources */,
				63E13C7F12BED4C6003248F4 /* AddAlbumViewController.m in Sources */,
				636B7F1912BFE98D00ECDCDD /* MyAlbumUpdater.m in Sources */,
				63F4602212C8161C00116221 /* UpdateAlbumViewController.m in Sources */,
				6358A4BB12C880EB0043D18A /* MySettings.m in Sources */,
				63BB542212CE434600764C23 /* Reachability.m in Sources */,
				632A449112D261390055F67B /* MyUploadViewController.m in Sources */,
				637452D512D3A162005FD8C6 /* UIImage+resizing.m in Sources */,
				6374560612D3EFB2005FD8C6 /* StyleSheet.m in Sources */,
				636952D812D4FC5400CA3113 /* UIViewController+params.m in Sources */,
				6369534912D50A1200CA3113 /* MyPostController.m in Sources */,
				636954B412D52ACD00CA3113 /* UIImage+cropping.m in Sources */,
				6389A68C12D652C2002B59AB /* MyDatabase.m in Sources */,
				630FBE7A12FD794500B4629A /* MyThumbsViewController2.m in Sources */,
				630FBE8112FD7A3400B4629A /* MyThumbsViewDataSource2.m in Sources */,
				630FC45512FF3CCA00B4629A /* MyAlbumItemCell.m in Sources */,
				630FC46B12FF3F4400B4629A /* MyAlbumItem.m in Sources */,
				63BD7682130B5157001FC9AF /* MyMetaDataItem.m in Sources */,
				63BD76C2130C5A31001FC9AF /* TTTableViewDataSource+g3.m in Sources */,
				63BD778C130C6648001FC9AF /* MyMetaDataItemCell.m in Sources */,
				631A7B3B130F49B0004A6110 /* TTTableViewController+g3.m in Sources */,
				639EACC6131C702F00FBAEF4 /* DBManagedObjectCache.m in Sources */,
				639EACC7131C702F00FBAEF4 /* RKOEntity.m in Sources */,
				639EACC8131C702F00FBAEF4 /* RKMResponse.m in Sources */,
				639EACC9131C702F00FBAEF4 /* ArrayToDataTransformer.m in Sources */,
				63E0C2E0132039A100BDD139 /* MyTagHelper.m in Sources */,
				63CE2310132420D800D65CBD /* RKRequestTTModel+g3.m in Sources */,
				6380E70E1329A47D00A99EDB /* G3CoreData.xcdatamodel in Sources */,
				6380E7111329A4A200A99EDB /* RKOItem.m in Sources */,
			);
			runOnlyForDeploymentPostprocessing = 0;
		};
/* End PBXSourcesBuildPhase section */

/* Begin PBXTargetDependency section */
		63351C5E12D253F7000D0950 /* PBXTargetDependency */ = {
			isa = PBXTargetDependency;
			name = Three20UI;
			targetProxy = 63351C5D12D253F7000D0950 /* PBXContainerItemProxy */;
		};
		63351C6012D253F7000D0950 /* PBXTargetDependency */ = {
			isa = PBXTargetDependency;
			name = Three20UINavigator;
			targetProxy = 63351C5F12D253F7000D0950 /* PBXContainerItemProxy */;
		};
		63351C6212D253F7000D0950 /* PBXTargetDependency */ = {
			isa = PBXTargetDependency;
			name = Three20Network;
			targetProxy = 63351C6112D253F7000D0950 /* PBXContainerItemProxy */;
		};
		63351C6412D253F7000D0950 /* PBXTargetDependency */ = {
			isa = PBXTargetDependency;
			name = Three20UICommon;
			targetProxy = 63351C6312D253F7000D0950 /* PBXContainerItemProxy */;
		};
		63351C6612D253F7000D0950 /* PBXTargetDependency */ = {
			isa = PBXTargetDependency;
			name = Three20Style;
			targetProxy = 63351C6512D253F7000D0950 /* PBXContainerItemProxy */;
		};
		63351C6A12D253F7000D0950 /* PBXTargetDependency */ = {
			isa = PBXTargetDependency;
			name = Three20Core;
			targetProxy = 63351C6912D253F7000D0950 /* PBXContainerItemProxy */;
		};
		633A015612D25BB7001557F3 /* PBXTargetDependency */ = {
			isa = PBXTargetDependency;
			name = "extThree20JSON+YAJL";
			targetProxy = 633A015512D25BB7001557F3 /* PBXContainerItemProxy */;
		};
		63F120A1132BE64800FC162B /* PBXTargetDependency */ = {
			isa = PBXTargetDependency;
			name = RestKit;
			targetProxy = 63F120A0132BE64800FC162B /* PBXContainerItemProxy */;
		};
		63F120A3132BE64F00FC162B /* PBXTargetDependency */ = {
			isa = PBXTargetDependency;
			name = RestKitThree20;
			targetProxy = 63F120A2132BE64F00FC162B /* PBXContainerItemProxy */;
		};
/* End PBXTargetDependency section */

/* Begin XCBuildConfiguration section */
		1D6058940D05DD3E006BFB54 /* Debug */ = {
			isa = XCBuildConfiguration;
			buildSettings = {
				ALWAYS_SEARCH_USER_PATHS = NO;
				CODE_SIGN_ENTITLEMENTS = Entitlements.plist;
				COPY_PHASE_STRIP = NO;
				FRAMEWORK_SEARCH_PATHS = "";
				GCC_DYNAMIC_NO_PIC = NO;
				GCC_OPTIMIZATION_LEVEL = 0;
				GCC_PRECOMPILE_PREFIX_HEADER = YES;
				GCC_PREFIX_HEADER = g3Mobile_Prefix.pch;
				GCC_PREPROCESSOR_DEFINITIONS = "";
				HEADER_SEARCH_PATHS = (
					"../RestKit/Build/**",
					"../three20/Build/Products/three20/**",
				);
				INFOPLIST_FILE = "g3Mobile-Info.plist";
				OTHER_LDFLAGS = (
					"-all_load",
					"-ObjC",
					"-lsqlite3",
				);
				PRODUCT_NAME = g3Mobile;
			};
			name = Debug;
		};
		1D6058950D05DD3E006BFB54 /* Release */ = {
			isa = XCBuildConfiguration;
			buildSettings = {
				ALWAYS_SEARCH_USER_PATHS = NO;
				CODE_SIGN_ENTITLEMENTS = Entitlements.plist;
				COPY_PHASE_STRIP = YES;
				FRAMEWORK_SEARCH_PATHS = ../RestKit/Libraries/RestKit/Build;
				GCC_PRECOMPILE_PREFIX_HEADER = YES;
				GCC_PREFIX_HEADER = g3Mobile_Prefix.pch;
				HEADER_SEARCH_PATHS = (
					"../RestKit/Build/**",
					"../three20/Build/Products/three20/**",
				);
				INFOPLIST_FILE = "g3Mobile-Info.plist";
				OTHER_LDFLAGS = (
					"-all_load",
					"-ObjC",
					"-lsqlite3",
				);
				PRODUCT_NAME = g3Mobile;
				VALIDATE_PRODUCT = YES;
			};
			name = Release;
		};
		63454A3112DA506F0070DB81 /* Distribution */ = {
			isa = XCBuildConfiguration;
			buildSettings = {
				ARCHS = "$(ARCHS_STANDARD_32_BIT)";
				"CODE_SIGN_IDENTITY[sdk=iphoneos*]" = "iPhone Developer";
				GCC_C_LANGUAGE_STANDARD = c99;
				GCC_WARN_ABOUT_RETURN_TYPE = YES;
				GCC_WARN_UNUSED_VARIABLE = YES;
				HEADER_SEARCH_PATHS = "../three20/Build/Products/three20/**";
				OTHER_CFLAGS = "-DNS_BLOCK_ASSERTIONS=1";
				OTHER_LDFLAGS = "";
				PREBINDING = NO;
				SDKROOT = iphoneos;
			};
			name = Distribution;
		};
		63454A3212DA506F0070DB81 /* Distribution */ = {
			isa = XCBuildConfiguration;
			buildSettings = {
				ALWAYS_SEARCH_USER_PATHS = NO;
				CODE_SIGN_ENTITLEMENTS = Entitlements.plist;
				"CODE_SIGN_IDENTITY[sdk=iphoneos*]" = "iPhone Distribution";
				COPY_PHASE_STRIP = YES;
				FRAMEWORK_SEARCH_PATHS = ../RestKit/Libraries/RestKit/Build;
				GCC_PRECOMPILE_PREFIX_HEADER = YES;
				GCC_PREFIX_HEADER = g3Mobile_Prefix.pch;
				HEADER_SEARCH_PATHS = (
					"../RestKit/Build/**",
					"../three20/Build/Products/three20/**",
				);
				INFOPLIST_FILE = "g3Mobile-Info.plist";
				OTHER_LDFLAGS = (
					"-all_load",
					"-ObjC",
					"-lsqlite3",
				);
				PRODUCT_NAME = g3Mobile;
				"PROVISIONING_PROFILE[sdk=iphoneos*]" = "";
				VALIDATE_PRODUCT = YES;
			};
			name = Distribution;
		};
		C01FCF4F08A954540054247B /* Debug */ = {
			isa = XCBuildConfiguration;
			buildSettings = {
				ARCHS = "$(ARCHS_STANDARD_32_BIT)";
				"CODE_SIGN_IDENTITY[sdk=iphoneos*]" = "iPhone Developer";
				GCC_C_LANGUAGE_STANDARD = c99;
				GCC_PREPROCESSOR_DEFINITIONS = DEBUG;
				GCC_WARN_ABOUT_RETURN_TYPE = YES;
				GCC_WARN_UNUSED_VARIABLE = YES;
				HEADER_SEARCH_PATHS = "../three20/Build/Products/three20/**";
				OTHER_LDFLAGS = "";
				PREBINDING = NO;
				SDKROOT = iphoneos;
			};
			name = Debug;
		};
		C01FCF5008A954540054247B /* Release */ = {
			isa = XCBuildConfiguration;
			buildSettings = {
				ARCHS = "$(ARCHS_STANDARD_32_BIT)";
				"CODE_SIGN_IDENTITY[sdk=iphoneos*]" = "iPhone Developer";
				GCC_C_LANGUAGE_STANDARD = c99;
				GCC_WARN_ABOUT_RETURN_TYPE = YES;
				GCC_WARN_UNUSED_VARIABLE = YES;
				HEADER_SEARCH_PATHS = "../three20/Build/Products/three20/**";
				OTHER_CFLAGS = "-DNS_BLOCK_ASSERTIONS=1";
				OTHER_LDFLAGS = "";
				PREBINDING = NO;
				SDKROOT = iphoneos;
			};
			name = Release;
		};
/* End XCBuildConfiguration section */

/* Begin XCConfigurationList section */
		1D6058960D05DD3E006BFB54 /* Build configuration list for PBXNativeTarget "g3Mobile" */ = {
			isa = XCConfigurationList;
			buildConfigurations = (
				1D6058940D05DD3E006BFB54 /* Debug */,
				1D6058950D05DD3E006BFB54 /* Release */,
				63454A3212DA506F0070DB81 /* Distribution */,
			);
			defaultConfigurationIsVisible = 0;
			defaultConfigurationName = Release;
		};
		C01FCF4E08A954540054247B /* Build configuration list for PBXProject "g3Mobile" */ = {
			isa = XCConfigurationList;
			buildConfigurations = (
				C01FCF4F08A954540054247B /* Debug */,
				C01FCF5008A954540054247B /* Release */,
				63454A3112DA506F0070DB81 /* Distribution */,
			);
			defaultConfigurationIsVisible = 0;
			defaultConfigurationName = Release;
		};
/* End XCConfigurationList section */
	};
	rootObject = 29B97313FDCFA39411CA2CEA /* Project object */;
}
