// !$*UTF8*$!
{
	archiveVersion = 1;
	classes = {
	};
	objectVersion = 46;
	objects = {

/* Begin PBXBuildFile section */
		1D60589B0D05DD56006BFB54 /* main.m in Sources */ = {isa = PBXBuildFile; fileRef = 29B97316FDCFA39411CA2CEA /* main.m */; };
		1D60589F0D05DD5A006BFB54 /* Foundation.framework in Frameworks */ = {isa = PBXBuildFile; fileRef = 1D30AB110D05D00D00671497 /* Foundation.framework */; };
		1DF5F4E00D08C38300B7A737 /* UIKit.framework in Frameworks */ = {isa = PBXBuildFile; fileRef = 1DF5F4DF0D08C38300B7A737 /* UIKit.framework */; };
		288765FD0DF74451002DB57D /* CoreGraphics.framework in Frameworks */ = {isa = PBXBuildFile; fileRef = 288765FC0DF74451002DB57D /* CoreGraphics.framework */; };
		28AD733F0D9D9553002E5188 /* MainWindow.xib in Resources */ = {isa = PBXBuildFile; fileRef = 28AD733E0D9D9553002E5188 /* MainWindow.xib */; };
		32005DD2DD4BE82AFAA88C85 /* libextThree20JSON+YAJL.a in Frameworks */ = {isa = PBXBuildFile; fileRef = 32005DD2DD4BE82AFAA88C84 /* libextThree20JSON+YAJL.a */; };
		3201088596B4756681693705 /* libThree20UICommon.a in Frameworks */ = {isa = PBXBuildFile; fileRef = 3201088596B4756681693704 /* libThree20UICommon.a */; };
		320A2827FEC940B25BC42C65 /* libThree20Core.a in Frameworks */ = {isa = PBXBuildFile; fileRef = 320A2827FEC940B25BC42C64 /* libThree20Core.a */; };
		320A5A189C235877202780D5 /* libThree20Network.a in Frameworks */ = {isa = PBXBuildFile; fileRef = 320A5A189C235877202780D4 /* libThree20Network.a */; };
		320A737074758E53BA54BE95 /* libThree20UINavigator.a in Frameworks */ = {isa = PBXBuildFile; fileRef = 320A737074758E53BA54BE94 /* libThree20UINavigator.a */; };
		320AF8492C47A4D819F7C451 /* QuartzCore.framework in Frameworks */ = {isa = PBXBuildFile; fileRef = 320AF8492C47A4D819F7C450 /* QuartzCore.framework */; };
		320CC833B8AF0ACFD35E6225 /* libThree20Style.a in Frameworks */ = {isa = PBXBuildFile; fileRef = 320CC833B8AF0ACFD35E6224 /* libThree20Style.a */; };
		320D7DCCE32703ACAB9A45E5 /* libThree20.a in Frameworks */ = {isa = PBXBuildFile; fileRef = 320D7DCCE32703ACAB9A45E4 /* libThree20.a */; };
		320F2C48872C2E2C4DF86205 /* libThree20UI.a in Frameworks */ = {isa = PBXBuildFile; fileRef = 320F2C48872C2E2C4DF86204 /* libThree20UI.a */; };
		630FBE7A12FD794500B4629A /* MyThumbsViewController2.m in Sources */ = {isa = PBXBuildFile; fileRef = 630FBE7912FD794500B4629A /* MyThumbsViewController2.m */; };
		630FBE8112FD7A3400B4629A /* MyThumbsViewDataSource2.m in Sources */ = {isa = PBXBuildFile; fileRef = 630FBE8012FD7A3400B4629A /* MyThumbsViewDataSource2.m */; };
		630FC45512FF3CCA00B4629A /* MyAlbumItemCell.m in Sources */ = {isa = PBXBuildFile; fileRef = 630FC45412FF3CCA00B4629A /* MyAlbumItemCell.m */; };
		630FC46B12FF3F4400B4629A /* MyAlbumItem.m in Sources */ = {isa = PBXBuildFile; fileRef = 630FC46A12FF3F4400B4629A /* MyAlbumItem.m */; };
		6312679E1368C72E00ADC5C5 /* addIcon_selected.png in Resources */ = {isa = PBXBuildFile; fileRef = 631267971368C72E00ADC5C5 /* addIcon_selected.png */; };
		6312679F1368C72E00ADC5C5 /* commentIcon_selected.png in Resources */ = {isa = PBXBuildFile; fileRef = 631267981368C72E00ADC5C5 /* commentIcon_selected.png */; };
		631267A01368C72E00ADC5C5 /* editIcon_selected.png in Resources */ = {isa = PBXBuildFile; fileRef = 631267991368C72E00ADC5C5 /* editIcon_selected.png */; };
		631267A11368C72E00ADC5C5 /* saveIcon_selected.png in Resources */ = {isa = PBXBuildFile; fileRef = 6312679A1368C72E00ADC5C5 /* saveIcon_selected.png */; };
		631267A21368C72E00ADC5C5 /* trashIcon_selected.png in Resources */ = {isa = PBXBuildFile; fileRef = 6312679B1368C72E00ADC5C5 /* trashIcon_selected.png */; };
		631267A31368C72E00ADC5C5 /* uploadIcon_selected.png in Resources */ = {isa = PBXBuildFile; fileRef = 6312679C1368C72E00ADC5C5 /* uploadIcon_selected.png */; };
		631267A41368C72E00ADC5C5 /* makeCoverIcon_selected.png in Resources */ = {isa = PBXBuildFile; fileRef = 6312679D1368C72E00ADC5C5 /* makeCoverIcon_selected.png */; };
		6312D3F2136F2510002091A3 /* Param.m in Sources */ = {isa = PBXBuildFile; fileRef = 6312D3F1136F2510002091A3 /* Param.m */; };
		6312D3F5136F2510002091A3 /* Vars.m in Sources */ = {isa = PBXBuildFile; fileRef = 6312D3F4136F2510002091A3 /* Vars.m */; };
		6313383A13B8F55E009CDFAB /* RKObjectLoaderTTModel.m in Sources */ = {isa = PBXBuildFile; fileRef = 6313383913B8F55E009CDFAB /* RKObjectLoaderTTModel.m */; };
		631A7B3B130F49B0004A6110 /* TTTableViewController+g3.m in Sources */ = {isa = PBXBuildFile; fileRef = 631A7B3A130F49B0004A6110 /* TTTableViewController+g3.m */; };
		632A448B12D25F0B0055F67B /* MyUploadViewController.xib in Resources */ = {isa = PBXBuildFile; fileRef = 632A448A12D25F0B0055F67B /* MyUploadViewController.xib */; };
		632A449112D261390055F67B /* MyUploadViewController.m in Sources */ = {isa = PBXBuildFile; fileRef = 632A448F12D261390055F67B /* MyUploadViewController.m */; };
		634D198113ACE74F003165FA /* reorderIcon.png in Resources */ = {isa = PBXBuildFile; fileRef = 634D197F13ACE74E003165FA /* reorderIcon.png */; };
		634D198413ACE7C4003165FA /* uploadIcon.png in Resources */ = {isa = PBXBuildFile; fileRef = 634D198313ACE7C4003165FA /* uploadIcon.png */; };
		6358A4BB12C880EB0043D18A /* MySettings.m in Sources */ = {isa = PBXBuildFile; fileRef = 6358A4BA12C880EB0043D18A /* MySettings.m */; };
		636952D812D4FC5400CA3113 /* UIViewController+query.m in Sources */ = {isa = PBXBuildFile; fileRef = 636952D712D4FC5400CA3113 /* UIViewController+query.m */; };
		6369534912D50A1200CA3113 /* MyPostController.m in Sources */ = {isa = PBXBuildFile; fileRef = 6369534812D50A1200CA3113 /* MyPostController.m */; };
		6369534C12D50A4700CA3113 /* MyPostController.xib in Resources */ = {isa = PBXBuildFile; fileRef = 6369534B12D50A4700CA3113 /* MyPostController.xib */; };
		636954B412D52ACD00CA3113 /* UIImage+cropping.m in Sources */ = {isa = PBXBuildFile; fileRef = 636954B312D52ACD00CA3113 /* UIImage+cropping.m */; };
		636B7F1912BFE98D00ECDCDD /* MyAlbumUpdater.m in Sources */ = {isa = PBXBuildFile; fileRef = 636B7F1812BFE98D00ECDCDD /* MyAlbumUpdater.m */; };
		636B811112C0243500ECDCDD /* empty.png in Resources */ = {isa = PBXBuildFile; fileRef = 636B811012C0243500ECDCDD /* empty.png */; };
		637079591323CFD200A3198A /* commentIcon.png in Resources */ = {isa = PBXBuildFile; fileRef = 637079581323CFD200A3198A /* commentIcon.png */; };
		6370795D1323D0AE00A3198A /* saveIcon.png in Resources */ = {isa = PBXBuildFile; fileRef = 6370795C1323D0AE00A3198A /* saveIcon.png */; };
		6370795F1323D13100A3198A /* editIcon.png in Resources */ = {isa = PBXBuildFile; fileRef = 6370795E1323D13100A3198A /* editIcon.png */; };
		63707AAC13240EF800A3198A /* addIcon.png in Resources */ = {isa = PBXBuildFile; fileRef = 63707AAB13240EF800A3198A /* addIcon.png */; };
		63707AC413240FBB00A3198A /* trashIcon.png in Resources */ = {isa = PBXBuildFile; fileRef = 63707AC313240FBB00A3198A /* trashIcon.png */; };
		63707ACF1324103700A3198A /* makeCoverIcon.png in Resources */ = {isa = PBXBuildFile; fileRef = 63707ACE1324103700A3198A /* makeCoverIcon.png */; };
		637452D512D3A162005FD8C6 /* UIImage+resizing.m in Sources */ = {isa = PBXBuildFile; fileRef = 637452D412D3A162005FD8C6 /* UIImage+resizing.m */; };
		6374560612D3EFB2005FD8C6 /* StyleSheet.m in Sources */ = {isa = PBXBuildFile; fileRef = 6374560512D3EFB2005FD8C6 /* StyleSheet.m */; };
		6380E70E1329A47D00A99EDB /* G3CoreData.xcdatamodel in Sources */ = {isa = PBXBuildFile; fileRef = 6380E70D1329A47D00A99EDB /* G3CoreData.xcdatamodel */; };
		6380E7111329A4A200A99EDB /* RKMItem.m in Sources */ = {isa = PBXBuildFile; fileRef = 6380E7101329A4A200A99EDB /* RKMItem.m */; };
		638C2909132D6ACD009CFE41 /* Default.png in Resources */ = {isa = PBXBuildFile; fileRef = 638C2908132D6ACD009CFE41 /* Default.png */; };
		639788D012BEBA24000FBD09 /* defaultPerson.png in Resources */ = {isa = PBXBuildFile; fileRef = 639788CF12BEBA24000FBD09 /* defaultPerson.png */; };
		639EACAC131C6EE300FBAEF4 /* CFNetwork.framework in Frameworks */ = {isa = PBXBuildFile; fileRef = 639EACAB131C6EE300FBAEF4 /* CFNetwork.framework */; };
		639EACAE131C6EE300FBAEF4 /* CoreData.framework in Frameworks */ = {isa = PBXBuildFile; fileRef = 639EACAD131C6EE300FBAEF4 /* CoreData.framework */; };
		639EACB0131C6EE300FBAEF4 /* MobileCoreServices.framework in Frameworks */ = {isa = PBXBuildFile; fileRef = 639EACAF131C6EE300FBAEF4 /* MobileCoreServices.framework */; };
		639EACC6131C702F00FBAEF4 /* DBManagedObjectCache.m in Sources */ = {isa = PBXBuildFile; fileRef = 639EACBF131C702F00FBAEF4 /* DBManagedObjectCache.m */; };
		639EACC7131C702F00FBAEF4 /* RKMEntity.m in Sources */ = {isa = PBXBuildFile; fileRef = 639EACC1131C702F00FBAEF4 /* RKMEntity.m */; };
		639EACC8131C702F00FBAEF4 /* RKMTree.m in Sources */ = {isa = PBXBuildFile; fileRef = 639EACC3131C702F00FBAEF4 /* RKMTree.m */; };
		63A3B51C129C3BDE00E04981 /* MyLogin.m in Sources */ = {isa = PBXBuildFile; fileRef = 63A3B514129C3BDE00E04981 /* MyLogin.m */; };
		63A3B51D129C3BDE00E04981 /* MyLoginModel.m in Sources */ = {isa = PBXBuildFile; fileRef = 63A3B516129C3BDE00E04981 /* MyLoginModel.m */; };
		63A3B51E129C3BDE00E04981 /* MyLoginDataSource.m in Sources */ = {isa = PBXBuildFile; fileRef = 63A3B519129C3BDE00E04981 /* MyLoginDataSource.m */; };
		63A3B51F129C3BDE00E04981 /* MyLoginViewController.m in Sources */ = {isa = PBXBuildFile; fileRef = 63A3B51B129C3BDE00E04981 /* MyLoginViewController.m */; };
		63A3B71C129C5EA200E04981 /* MyItemDeleter.m in Sources */ = {isa = PBXBuildFile; fileRef = 63A3B71B129C5EA200E04981 /* MyItemDeleter.m */; };
		63AF930B12CA9161001092B5 /* G_LOGO.png in Resources */ = {isa = PBXBuildFile; fileRef = 63AF930A12CA9161001092B5 /* G_LOGO.png */; };
		63B253341299BC7600BA9323 /* QuartzCore.framework in Frameworks */ = {isa = PBXBuildFile; fileRef = 63B253331299BC7600BA9323 /* QuartzCore.framework */; };
		63B254181299BD3100BA9323 /* AppDelegate.m in Sources */ = {isa = PBXBuildFile; fileRef = 63B253E81299BD3100BA9323 /* AppDelegate.m */; };
		63B2541A1299BD3100BA9323 /* MyCommentsDataSource.m in Sources */ = {isa = PBXBuildFile; fileRef = 63B253EE1299BD3100BA9323 /* MyCommentsDataSource.m */; };
		63B2541B1299BD3100BA9323 /* MyComment.m in Sources */ = {isa = PBXBuildFile; fileRef = 63B253F21299BD3100BA9323 /* MyComment.m */; };
		63B2541C1299BD3100BA9323 /* MyCommentsModel.m in Sources */ = {isa = PBXBuildFile; fileRef = 63B253F41299BD3100BA9323 /* MyCommentsModel.m */; };
		63B2541D1299BD3100BA9323 /* MyCommentsViewController.m in Sources */ = {isa = PBXBuildFile; fileRef = 63B253F61299BD3100BA9323 /* MyCommentsViewController.m */; };
		63B254211299BD3100BA9323 /* PhotoSource.m in Sources */ = {isa = PBXBuildFile; fileRef = 63B254011299BD3100BA9323 /* PhotoSource.m */; };
		63B254231299BD3100BA9323 /* TTButtonContent+g3.m in Sources */ = {isa = PBXBuildFile; fileRef = 63B254071299BD3100BA9323 /* TTButtonContent+g3.m */; };
		63B254241299BD3100BA9323 /* TTURLImageResponse+g3.m in Sources */ = {isa = PBXBuildFile; fileRef = 63B254091299BD3100BA9323 /* TTURLImageResponse+g3.m */; };
		63B254251299BD3100BA9323 /* TTImageView+g3.m in Sources */ = {isa = PBXBuildFile; fileRef = 63B2540B1299BD3100BA9323 /* TTImageView+g3.m */; };
		63B254261299BD3100BA9323 /* MyPhotoViewController.m in Sources */ = {isa = PBXBuildFile; fileRef = 63B2540D1299BD3100BA9323 /* MyPhotoViewController.m */; };
		63B254281299BD3100BA9323 /* TTThumbsViewController+g3.m in Sources */ = {isa = PBXBuildFile; fileRef = 63B254121299BD3100BA9323 /* TTThumbsViewController+g3.m */; };
		63B254291299BD3100BA9323 /* MyThumbsViewController.m in Sources */ = {isa = PBXBuildFile; fileRef = 63B254141299BD3100BA9323 /* MyThumbsViewController.m */; };
		63B255F01299C63300BA9323 /* Three20.bundle in Resources */ = {isa = PBXBuildFile; fileRef = 63B255EF1299C63300BA9323 /* Three20.bundle */; };
		63B53C7B133FE0C500460020 /* libRestKitCoreData.a in Frameworks */ = {isa = PBXBuildFile; fileRef = 63B53C75133FE0C500460020 /* libRestKitCoreData.a */; };
		63B53C7C133FE0C500460020 /* libRestKitJSONParserJSONKit.a in Frameworks */ = {isa = PBXBuildFile; fileRef = 63B53C76133FE0C500460020 /* libRestKitJSONParserJSONKit.a */; };
		63B53C7D133FE0C500460020 /* libRestKitNetwork.a in Frameworks */ = {isa = PBXBuildFile; fileRef = 63B53C77133FE0C500460020 /* libRestKitNetwork.a */; };
		63B53C7E133FE0C500460020 /* libRestKitObjectMapping.a in Frameworks */ = {isa = PBXBuildFile; fileRef = 63B53C78133FE0C500460020 /* libRestKitObjectMapping.a */; };
		63B53C7F133FE0C500460020 /* libRestKitSupport.a in Frameworks */ = {isa = PBXBuildFile; fileRef = 63B53C79133FE0C500460020 /* libRestKitSupport.a */; };
		63B53C80133FE0C500460020 /* libRestKitThree20.a in Frameworks */ = {isa = PBXBuildFile; fileRef = 63B53C7A133FE0C500460020 /* libRestKitThree20.a */; };
		63B5F3FD13A571FC00FAA82C /* Overlay.m in Sources */ = {isa = PBXBuildFile; fileRef = 63B5F3FC13A571FC00FAA82C /* Overlay.m */; };
		63BB542212CE434600764C23 /* Reachability.m in Sources */ = {isa = PBXBuildFile; fileRef = 63BB542112CE434600764C23 /* Reachability.m */; };
		63BB544612CE43AB00764C23 /* SystemConfiguration.framework in Frameworks */ = {isa = PBXBuildFile; fileRef = 63BB544512CE43AB00764C23 /* SystemConfiguration.framework */; };
		63BD767F130B5127001FC9AF /* MyMetaDataItemCell.xib in Resources */ = {isa = PBXBuildFile; fileRef = 63BD767E130B5127001FC9AF /* MyMetaDataItemCell.xib */; };
		63BD7682130B5157001FC9AF /* MyMetaDataItem.m in Sources */ = {isa = PBXBuildFile; fileRef = 63BD7681130B5157001FC9AF /* MyMetaDataItem.m */; };
		63BD76C2130C5A31001FC9AF /* TTTableViewDataSource+g3.m in Sources */ = {isa = PBXBuildFile; fileRef = 63BD76C1130C5A31001FC9AF /* TTTableViewDataSource+g3.m */; };
		63BD778C130C6648001FC9AF /* MyMetaDataItemCell.m in Sources */ = {isa = PBXBuildFile; fileRef = 63BD778B130C6648001FC9AF /* MyMetaDataItemCell.m */; };
		63C266FD132EEAA10086729D /* NSData+base64.m in Sources */ = {isa = PBXBuildFile; fileRef = 63C266FC132EEAA10086729D /* NSData+base64.m */; };
		63C8858D135CF34A00BDCE89 /* UIImage+scaleAndRotate.m in Sources */ = {isa = PBXBuildFile; fileRef = 63C8858C135CF34900BDCE89 /* UIImage+scaleAndRotate.m */; };
		63E13C7F12BED4C6003248F4 /* AddAlbumViewController.m in Sources */ = {isa = PBXBuildFile; fileRef = 63E13C7E12BED4C6003248F4 /* AddAlbumViewController.m */; };
		63EE22A7130EF51200E2D407 /* createIcon.png in Resources */ = {isa = PBXBuildFile; fileRef = 63EE22A6130EF51200E2D407 /* createIcon.png */; };
		63F1561512DA6F5E00D85532 /* iTunesArtwork in Resources */ = {isa = PBXBuildFile; fileRef = 63F1561412DA6F5E00D85532 /* iTunesArtwork */; };
		63F4602212C8161C00116221 /* UpdateAlbumViewController.m in Sources */ = {isa = PBXBuildFile; fileRef = 63F4602112C8161C00116221 /* UpdateAlbumViewController.m */; };
/* End PBXBuildFile section */

/* Begin PBXContainerItemProxy section */
		32005DD2DD4BE82AFAA88C82 /* PBXContainerItemProxy */ = {
			isa = PBXContainerItemProxy;
			containerPortal = 32005DD2DD4BE82AFAA88C80 /* extThree20JSON.xcodeproj */;
			proxyType = 1;
			remoteGlobalIDString = 6E645BA31187751200F08CB1;
			remoteInfo = extThree20JSON;
		};
		32005DD2DD4BE82AFAA88C86 /* PBXContainerItemProxy */ = {
			isa = PBXContainerItemProxy;
			containerPortal = 32005DD2DD4BE82AFAA88C80 /* extThree20JSON.xcodeproj */;
			proxyType = 2;
			remoteGlobalIDString = 6E645BD91187751200F08CB1;
			remoteInfo = extThree20JSON;
		};
		3201088596B4756681693702 /* PBXContainerItemProxy */ = {
			isa = PBXContainerItemProxy;
			containerPortal = 3201088596B4756681693700 /* Three20UICommon.xcodeproj */;
			proxyType = 1;
			remoteGlobalIDString = BEF31F390F352DF5000DE5D2;
			remoteInfo = Three20UICommon;
		};
		3201088596B4756681693706 /* PBXContainerItemProxy */ = {
			isa = PBXContainerItemProxy;
			containerPortal = 3201088596B4756681693700 /* Three20UICommon.xcodeproj */;
			proxyType = 2;
			remoteGlobalIDString = BEF31F3A0F352DF5000DE5D2;
			remoteInfo = Three20UICommon;
		};
		320A2827FEC940B25BC42C62 /* PBXContainerItemProxy */ = {
			isa = PBXContainerItemProxy;
			containerPortal = 320A2827FEC940B25BC42C60 /* Three20Core.xcodeproj */;
			proxyType = 1;
			remoteGlobalIDString = BEF31F390F352DF5000DE5D2;
			remoteInfo = Three20Core;
		};
		320A2827FEC940B25BC42C66 /* PBXContainerItemProxy */ = {
			isa = PBXContainerItemProxy;
			containerPortal = 320A2827FEC940B25BC42C60 /* Three20Core.xcodeproj */;
			proxyType = 2;
			remoteGlobalIDString = BEF31F3A0F352DF5000DE5D2;
			remoteInfo = Three20Core;
		};
		320A5A189C235877202780D2 /* PBXContainerItemProxy */ = {
			isa = PBXContainerItemProxy;
			containerPortal = 320A5A189C235877202780D0 /* Three20Network.xcodeproj */;
			proxyType = 1;
			remoteGlobalIDString = BEF31F390F352DF5000DE5D2;
			remoteInfo = Three20Network;
		};
		320A5A189C235877202780D6 /* PBXContainerItemProxy */ = {
			isa = PBXContainerItemProxy;
			containerPortal = 320A5A189C235877202780D0 /* Three20Network.xcodeproj */;
			proxyType = 2;
			remoteGlobalIDString = BEF31F3A0F352DF5000DE5D2;
			remoteInfo = Three20Network;
		};
		320A737074758E53BA54BE92 /* PBXContainerItemProxy */ = {
			isa = PBXContainerItemProxy;
			containerPortal = 320A737074758E53BA54BE90 /* Three20UINavigator.xcodeproj */;
			proxyType = 1;
			remoteGlobalIDString = BEF31F390F352DF5000DE5D2;
			remoteInfo = Three20UINavigator;
		};
		320A737074758E53BA54BE96 /* PBXContainerItemProxy */ = {
			isa = PBXContainerItemProxy;
			containerPortal = 320A737074758E53BA54BE90 /* Three20UINavigator.xcodeproj */;
			proxyType = 2;
			remoteGlobalIDString = BEF31F3A0F352DF5000DE5D2;
			remoteInfo = Three20UINavigator;
		};
		320CC833B8AF0ACFD35E6222 /* PBXContainerItemProxy */ = {
			isa = PBXContainerItemProxy;
			containerPortal = 320CC833B8AF0ACFD35E6220 /* Three20Style.xcodeproj */;
			proxyType = 1;
			remoteGlobalIDString = BEF31F390F352DF5000DE5D2;
			remoteInfo = Three20Style;
		};
		320CC833B8AF0ACFD35E6226 /* PBXContainerItemProxy */ = {
			isa = PBXContainerItemProxy;
			containerPortal = 320CC833B8AF0ACFD35E6220 /* Three20Style.xcodeproj */;
			proxyType = 2;
			remoteGlobalIDString = BEF31F3A0F352DF5000DE5D2;
			remoteInfo = Three20Style;
		};
		320D7DCCE32703ACAB9A45E2 /* PBXContainerItemProxy */ = {
			isa = PBXContainerItemProxy;
			containerPortal = 320D7DCCE32703ACAB9A45E0 /* Three20.xcodeproj */;
			proxyType = 1;
			remoteGlobalIDString = BEF31F390F352DF5000DE5D2;
			remoteInfo = Three20;
		};
		320D7DCCE32703ACAB9A45E6 /* PBXContainerItemProxy */ = {
			isa = PBXContainerItemProxy;
			containerPortal = 320D7DCCE32703ACAB9A45E0 /* Three20.xcodeproj */;
			proxyType = 2;
			remoteGlobalIDString = BEF31F3A0F352DF5000DE5D2;
			remoteInfo = Three20;
		};
		320F2C48872C2E2C4DF86202 /* PBXContainerItemProxy */ = {
			isa = PBXContainerItemProxy;
			containerPortal = 320F2C48872C2E2C4DF86200 /* Three20UI.xcodeproj */;
			proxyType = 1;
			remoteGlobalIDString = BEF31F390F352DF5000DE5D2;
			remoteInfo = Three20UI;
		};
		320F2C48872C2E2C4DF86206 /* PBXContainerItemProxy */ = {
			isa = PBXContainerItemProxy;
			containerPortal = 320F2C48872C2E2C4DF86200 /* Three20UI.xcodeproj */;
			proxyType = 2;
			remoteGlobalIDString = BEF31F3A0F352DF5000DE5D2;
			remoteInfo = Three20UI;
		};
		6385AF5C13525D9E00314D68 /* PBXContainerItemProxy */ = {
			isa = PBXContainerItemProxy;
			containerPortal = 63B53B0B133FDECA00460020 /* RestKit.xcodeproj */;
			proxyType = 2;
			remoteGlobalIDString = 25BD43BD1340315800DBACDD;
			remoteInfo = "RestKitXMLParser+Libxml";
		};
		63B53B18133FDECB00460020 /* PBXContainerItemProxy */ = {
			isa = PBXContainerItemProxy;
			containerPortal = 63B53B0B133FDECA00460020 /* RestKit.xcodeproj */;
			proxyType = 2;
			remoteGlobalIDString = 253A07FC1255161B00976E89;
			remoteInfo = RestKitNetwork;
		};
		63B53B1A133FDECB00460020 /* PBXContainerItemProxy */ = {
			isa = PBXContainerItemProxy;
			containerPortal = 63B53B0B133FDECA00460020 /* RestKit.xcodeproj */;
			proxyType = 2;
			remoteGlobalIDString = 253A08031255162C00976E89;
			remoteInfo = RestKitObjectMapping;
		};
		63B53B1C133FDECB00460020 /* PBXContainerItemProxy */ = {
			isa = PBXContainerItemProxy;
			containerPortal = 63B53B0B133FDECA00460020 /* RestKit.xcodeproj */;
			proxyType = 2;
			remoteGlobalIDString = 253A080C12551D3000976E89;
			remoteInfo = RestKitSupport;
		};
		63B53B1E133FDECB00460020 /* PBXContainerItemProxy */ = {
			isa = PBXContainerItemProxy;
			containerPortal = 63B53B0B133FDECA00460020 /* RestKit.xcodeproj */;
			proxyType = 2;
			remoteGlobalIDString = 2590E64F125231F600531FA8;
			remoteInfo = "RestKitJSONParser+YAJL";
		};
		63B53B20133FDECB00460020 /* PBXContainerItemProxy */ = {
			isa = PBXContainerItemProxy;
			containerPortal = 63B53B0B133FDECA00460020 /* RestKit.xcodeproj */;
			proxyType = 2;
			remoteGlobalIDString = 2590E66B1252353700531FA8;
			remoteInfo = "RestKitJSONParser+SBJSON";
		};
		63B53B22133FDECB00460020 /* PBXContainerItemProxy */ = {
			isa = PBXContainerItemProxy;
			containerPortal = 63B53B0B133FDECA00460020 /* RestKit.xcodeproj */;
			proxyType = 2;
			remoteGlobalIDString = 73057FD11331AD2E001908EE;
			remoteInfo = "RestKitJSONParser+JSONKit";
		};
		63B53B24133FDECB00460020 /* PBXContainerItemProxy */ = {
			isa = PBXContainerItemProxy;
			containerPortal = 63B53B0B133FDECA00460020 /* RestKit.xcodeproj */;
			proxyType = 2;
			remoteGlobalIDString = 253A081412551D5300976E89;
			remoteInfo = RestKitCoreData;
		};
		63B53B26133FDECB00460020 /* PBXContainerItemProxy */ = {
			isa = PBXContainerItemProxy;
			containerPortal = 63B53B0B133FDECA00460020 /* RestKit.xcodeproj */;
			proxyType = 2;
			remoteGlobalIDString = 2523360511E79F090048F9B4;
			remoteInfo = RestKitThree20;
		};
		63B53B28133FDECB00460020 /* PBXContainerItemProxy */ = {
			isa = PBXContainerItemProxy;
			containerPortal = 63B53B0B133FDECA00460020 /* RestKit.xcodeproj */;
			proxyType = 2;
			remoteGlobalIDString = 3F6C39A510FE5C95008F47C5;
			remoteInfo = UISpec;
		};
		63B53C15133FDF5900460020 /* PBXContainerItemProxy */ = {
			isa = PBXContainerItemProxy;
			containerPortal = 320D7DCCE32703ACAB9A45E0 /* Three20.xcodeproj */;
			proxyType = 2;
			remoteGlobalIDString = EB9E6C6210B6A8F800DE563C;
			remoteInfo = Three20UnitTests;
		};
		63B53C18133FDF5900460020 /* PBXContainerItemProxy */ = {
			isa = PBXContainerItemProxy;
			containerPortal = 320A2827FEC940B25BC42C60 /* Three20Core.xcodeproj */;
			proxyType = 2;
			remoteGlobalIDString = EB9E6C6210B6A8F800DE563C;
			remoteInfo = Three20CoreUnitTests;
		};
		63B53C1B133FDF5900460020 /* PBXContainerItemProxy */ = {
			isa = PBXContainerItemProxy;
			containerPortal = 320A5A189C235877202780D0 /* Three20Network.xcodeproj */;
			proxyType = 2;
			remoteGlobalIDString = EB9E6C6210B6A8F800DE563C;
			remoteInfo = Three20NetworkUnitTests;
		};
		63B53C1E133FDF5900460020 /* PBXContainerItemProxy */ = {
			isa = PBXContainerItemProxy;
			containerPortal = 320CC833B8AF0ACFD35E6220 /* Three20Style.xcodeproj */;
			proxyType = 2;
			remoteGlobalIDString = EB9E6C6210B6A8F800DE563C;
			remoteInfo = Three20StyleUnitTests;
		};
		63B53C21133FDF5900460020 /* PBXContainerItemProxy */ = {
			isa = PBXContainerItemProxy;
			containerPortal = 320F2C48872C2E2C4DF86200 /* Three20UI.xcodeproj */;
			proxyType = 2;
			remoteGlobalIDString = EB9E6C6210B6A8F800DE563C;
			remoteInfo = Three20UIUnitTests;
		};
		63B53C24133FDF5900460020 /* PBXContainerItemProxy */ = {
			isa = PBXContainerItemProxy;
			containerPortal = 3201088596B4756681693700 /* Three20UICommon.xcodeproj */;
			proxyType = 2;
			remoteGlobalIDString = EB9E6C6210B6A8F800DE563C;
			remoteInfo = Three20UICommonUnitTests;
		};
		63B53C27133FDF5900460020 /* PBXContainerItemProxy */ = {
			isa = PBXContainerItemProxy;
			containerPortal = 320A737074758E53BA54BE90 /* Three20UINavigator.xcodeproj */;
			proxyType = 2;
			remoteGlobalIDString = EB9E6C6210B6A8F800DE563C;
			remoteInfo = Three20UINavigatorUnitTests;
		};
		63B53C73133FE0B300460020 /* PBXContainerItemProxy */ = {
			isa = PBXContainerItemProxy;
			containerPortal = 63B53B0B133FDECA00460020 /* RestKit.xcodeproj */;
			proxyType = 1;
			remoteGlobalIDString = 255B7588133BABBF00ED76AD;
			remoteInfo = RestKit;
		};
		63B53CC0133FE27600460020 /* PBXContainerItemProxy */ = {
			isa = PBXContainerItemProxy;
			containerPortal = 32005DD2DD4BE82AFAA88C80 /* extThree20JSON.xcodeproj */;
			proxyType = 2;
			remoteGlobalIDString = BEF31F3A0F352DF5000DE5D2;
			remoteInfo = "extThree20JSON+SBJSON";
		};
		63B53CC2133FE27600460020 /* PBXContainerItemProxy */ = {
			isa = PBXContainerItemProxy;
			containerPortal = 32005DD2DD4BE82AFAA88C80 /* extThree20JSON.xcodeproj */;
			proxyType = 2;
			remoteGlobalIDString = EB9E6C6210B6A8F800DE563C;
			remoteInfo = "extThree20JSONUnitTests+SBJSON";
		};
/* End PBXContainerItemProxy section */

/* Begin PBXFileReference section */
		1D30AB110D05D00D00671497 /* Foundation.framework */ = {isa = PBXFileReference; lastKnownFileType = wrapper.framework; name = Foundation.framework; path = System/Library/Frameworks/Foundation.framework; sourceTree = SDKROOT; };
		1D6058910D05DD3D006BFB54 /* g3Mobile.app */ = {isa = PBXFileReference; explicitFileType = wrapper.application; includeInIndex = 0; path = g3Mobile.app; sourceTree = BUILT_PRODUCTS_DIR; };
		1DF5F4DF0D08C38300B7A737 /* UIKit.framework */ = {isa = PBXFileReference; lastKnownFileType = wrapper.framework; name = UIKit.framework; path = System/Library/Frameworks/UIKit.framework; sourceTree = SDKROOT; };
		288765FC0DF74451002DB57D /* CoreGraphics.framework */ = {isa = PBXFileReference; lastKnownFileType = wrapper.framework; name = CoreGraphics.framework; path = System/Library/Frameworks/CoreGraphics.framework; sourceTree = SDKROOT; };
		28AD733E0D9D9553002E5188 /* MainWindow.xib */ = {isa = PBXFileReference; lastKnownFileType = file.xib; path = MainWindow.xib; sourceTree = "<group>"; };
		29B97316FDCFA39411CA2CEA /* main.m */ = {isa = PBXFileReference; fileEncoding = 4; lastKnownFileType = sourcecode.c.objc; path = main.m; sourceTree = "<group>"; };
		32005DD2DD4BE82AFAA88C80 /* extThree20JSON.xcodeproj */ = {isa = PBXFileReference; lastKnownFileType = "wrapper.pb-project"; name = extThree20JSON.xcodeproj; path = ../three20/src/extThree20JSON/extThree20JSON.xcodeproj; sourceTree = SOURCE_ROOT; };
		3201088596B4756681693700 /* Three20UICommon.xcodeproj */ = {isa = PBXFileReference; lastKnownFileType = "wrapper.pb-project"; name = Three20UICommon.xcodeproj; path = ../three20/src/Three20UICommon/Three20UICommon.xcodeproj; sourceTree = SOURCE_ROOT; };
		320A2827FEC940B25BC42C60 /* Three20Core.xcodeproj */ = {isa = PBXFileReference; lastKnownFileType = "wrapper.pb-project"; name = Three20Core.xcodeproj; path = ../three20/src/Three20Core/Three20Core.xcodeproj; sourceTree = SOURCE_ROOT; };
		320A5A189C235877202780D0 /* Three20Network.xcodeproj */ = {isa = PBXFileReference; lastKnownFileType = "wrapper.pb-project"; name = Three20Network.xcodeproj; path = ../three20/src/Three20Network/Three20Network.xcodeproj; sourceTree = SOURCE_ROOT; };
		320A737074758E53BA54BE90 /* Three20UINavigator.xcodeproj */ = {isa = PBXFileReference; lastKnownFileType = "wrapper.pb-project"; name = Three20UINavigator.xcodeproj; path = ../three20/src/Three20UINavigator/Three20UINavigator.xcodeproj; sourceTree = SOURCE_ROOT; };
		320AF8492C47A4D819F7C450 /* QuartzCore.framework */ = {isa = PBXFileReference; lastKnownFileType = wrapper.framework; name = QuartzCore.framework; path = System/Library/Frameworks/QuartzCore.framework; sourceTree = SDKROOT; };
		320CC833B8AF0ACFD35E6220 /* Three20Style.xcodeproj */ = {isa = PBXFileReference; lastKnownFileType = "wrapper.pb-project"; name = Three20Style.xcodeproj; path = ../three20/src/Three20Style/Three20Style.xcodeproj; sourceTree = SOURCE_ROOT; };
		320D7DCCE32703ACAB9A45E0 /* Three20.xcodeproj */ = {isa = PBXFileReference; lastKnownFileType = "wrapper.pb-project"; name = Three20.xcodeproj; path = ../three20/src/Three20/Three20.xcodeproj; sourceTree = SOURCE_ROOT; };
		320F2C48872C2E2C4DF86200 /* Three20UI.xcodeproj */ = {isa = PBXFileReference; lastKnownFileType = "wrapper.pb-project"; name = Three20UI.xcodeproj; path = ../three20/src/Three20UI/Three20UI.xcodeproj; sourceTree = SOURCE_ROOT; };
		32CA4F630368D1EE00C91783 /* g3Mobile_Prefix.pch */ = {isa = PBXFileReference; fileEncoding = 4; lastKnownFileType = sourcecode.c.h; path = g3Mobile_Prefix.pch; sourceTree = "<group>"; };
		630FBE7812FD794500B4629A /* MyThumbsViewController2.h */ = {isa = PBXFileReference; fileEncoding = 4; lastKnownFileType = sourcecode.c.h; path = MyThumbsViewController2.h; sourceTree = "<group>"; };
		630FBE7912FD794500B4629A /* MyThumbsViewController2.m */ = {isa = PBXFileReference; fileEncoding = 4; lastKnownFileType = sourcecode.c.objc; path = MyThumbsViewController2.m; sourceTree = "<group>"; };
		630FBE7F12FD7A3400B4629A /* MyThumbsViewDataSource2.h */ = {isa = PBXFileReference; fileEncoding = 4; lastKnownFileType = sourcecode.c.h; path = MyThumbsViewDataSource2.h; sourceTree = "<group>"; };
		630FBE8012FD7A3400B4629A /* MyThumbsViewDataSource2.m */ = {isa = PBXFileReference; fileEncoding = 4; lastKnownFileType = sourcecode.c.objc; lineEnding = 0; path = MyThumbsViewDataSource2.m; sourceTree = "<group>"; xcLanguageSpecificationIdentifier = xcode.lang.objc; };
		630FC45312FF3CCA00B4629A /* MyAlbumItemCell.h */ = {isa = PBXFileReference; fileEncoding = 4; lastKnownFileType = sourcecode.c.h; path = MyAlbumItemCell.h; sourceTree = "<group>"; };
		630FC45412FF3CCA00B4629A /* MyAlbumItemCell.m */ = {isa = PBXFileReference; fileEncoding = 4; lastKnownFileType = sourcecode.c.objc; path = MyAlbumItemCell.m; sourceTree = "<group>"; };
		630FC46912FF3F4400B4629A /* MyAlbumItem.h */ = {isa = PBXFileReference; fileEncoding = 4; lastKnownFileType = sourcecode.c.h; path = MyAlbumItem.h; sourceTree = "<group>"; };
		630FC46A12FF3F4400B4629A /* MyAlbumItem.m */ = {isa = PBXFileReference; fileEncoding = 4; lastKnownFileType = sourcecode.c.objc; path = MyAlbumItem.m; sourceTree = "<group>"; };
		631267971368C72E00ADC5C5 /* addIcon_selected.png */ = {isa = PBXFileReference; lastKnownFileType = image.png; path = addIcon_selected.png; sourceTree = "<group>"; };
		631267981368C72E00ADC5C5 /* commentIcon_selected.png */ = {isa = PBXFileReference; lastKnownFileType = image.png; path = commentIcon_selected.png; sourceTree = "<group>"; };
		631267991368C72E00ADC5C5 /* editIcon_selected.png */ = {isa = PBXFileReference; lastKnownFileType = image.png; path = editIcon_selected.png; sourceTree = "<group>"; };
		6312679A1368C72E00ADC5C5 /* saveIcon_selected.png */ = {isa = PBXFileReference; lastKnownFileType = image.png; path = saveIcon_selected.png; sourceTree = "<group>"; };
		6312679B1368C72E00ADC5C5 /* trashIcon_selected.png */ = {isa = PBXFileReference; lastKnownFileType = image.png; path = trashIcon_selected.png; sourceTree = "<group>"; };
		6312679C1368C72E00ADC5C5 /* uploadIcon_selected.png */ = {isa = PBXFileReference; lastKnownFileType = image.png; path = uploadIcon_selected.png; sourceTree = "<group>"; };
		6312679D1368C72E00ADC5C5 /* makeCoverIcon_selected.png */ = {isa = PBXFileReference; lastKnownFileType = image.png; path = makeCoverIcon_selected.png; sourceTree = "<group>"; };
		6312D3F0136F2510002091A3 /* Param.h */ = {isa = PBXFileReference; fileEncoding = 4; lastKnownFileType = sourcecode.c.h; path = Param.h; sourceTree = "<group>"; };
		6312D3F1136F2510002091A3 /* Param.m */ = {isa = PBXFileReference; fileEncoding = 4; lastKnownFileType = sourcecode.c.objc; path = Param.m; sourceTree = "<group>"; };
		6312D3F3136F2510002091A3 /* Vars.h */ = {isa = PBXFileReference; fileEncoding = 4; lastKnownFileType = sourcecode.c.h; path = Vars.h; sourceTree = "<group>"; };
		6312D3F4136F2510002091A3 /* Vars.m */ = {isa = PBXFileReference; fileEncoding = 4; lastKnownFileType = sourcecode.c.objc; path = Vars.m; sourceTree = "<group>"; };
		6313383813B8F55E009CDFAB /* RKObjectLoaderTTModel.h */ = {isa = PBXFileReference; fileEncoding = 4; lastKnownFileType = sourcecode.c.h; path = RKObjectLoaderTTModel.h; sourceTree = "<group>"; };
		6313383913B8F55E009CDFAB /* RKObjectLoaderTTModel.m */ = {isa = PBXFileReference; fileEncoding = 4; lastKnownFileType = sourcecode.c.objc; path = RKObjectLoaderTTModel.m; sourceTree = "<group>"; };
		631A7B39130F49B0004A6110 /* TTTableViewController+g3.h */ = {isa = PBXFileReference; fileEncoding = 4; lastKnownFileType = sourcecode.c.h; path = "TTTableViewController+g3.h"; sourceTree = "<group>"; };
		631A7B3A130F49B0004A6110 /* TTTableViewController+g3.m */ = {isa = PBXFileReference; fileEncoding = 4; lastKnownFileType = sourcecode.c.objc; lineEnding = 0; path = "TTTableViewController+g3.m"; sourceTree = "<group>"; xcLanguageSpecificationIdentifier = xcode.lang.objc; };
		632A448A12D25F0B0055F67B /* MyUploadViewController.xib */ = {isa = PBXFileReference; lastKnownFileType = file.xib; path = MyUploadViewController.xib; sourceTree = "<group>"; };
		632A448E12D261390055F67B /* MyUploadViewController.h */ = {isa = PBXFileReference; fileEncoding = 4; lastKnownFileType = sourcecode.c.h; path = MyUploadViewController.h; sourceTree = "<group>"; };
		632A448F12D261390055F67B /* MyUploadViewController.m */ = {isa = PBXFileReference; fileEncoding = 4; lastKnownFileType = sourcecode.c.objc; path = MyUploadViewController.m; sourceTree = "<group>"; };
		63454A4012DA51850070DB81 /* Entitlements.plist */ = {isa = PBXFileReference; fileEncoding = 4; lastKnownFileType = text.plist.xml; path = Entitlements.plist; sourceTree = "<group>"; };
		634D197F13ACE74E003165FA /* reorderIcon.png */ = {isa = PBXFileReference; lastKnownFileType = image.png; path = reorderIcon.png; sourceTree = "<group>"; };
		634D198313ACE7C4003165FA /* uploadIcon.png */ = {isa = PBXFileReference; lastKnownFileType = image.png; path = uploadIcon.png; sourceTree = "<group>"; };
		6358A4B912C880EB0043D18A /* MySettings.h */ = {isa = PBXFileReference; fileEncoding = 4; lastKnownFileType = sourcecode.c.h; path = MySettings.h; sourceTree = "<group>"; };
		6358A4BA12C880EB0043D18A /* MySettings.m */ = {isa = PBXFileReference; fileEncoding = 4; lastKnownFileType = sourcecode.c.objc; path = MySettings.m; sourceTree = "<group>"; };
		6358A4C412C8810C0043D18A /* SynthesizeSingleton.h */ = {isa = PBXFileReference; fileEncoding = 4; lastKnownFileType = sourcecode.c.h; path = SynthesizeSingleton.h; sourceTree = "<group>"; };
		636952D612D4FC5400CA3113 /* UIViewController+query.h */ = {isa = PBXFileReference; fileEncoding = 4; lastKnownFileType = sourcecode.c.h; path = "UIViewController+query.h"; sourceTree = "<group>"; };
		636952D712D4FC5400CA3113 /* UIViewController+query.m */ = {isa = PBXFileReference; fileEncoding = 4; lastKnownFileType = sourcecode.c.objc; path = "UIViewController+query.m"; sourceTree = "<group>"; };
		6369534712D50A1200CA3113 /* MyPostController.h */ = {isa = PBXFileReference; fileEncoding = 4; lastKnownFileType = sourcecode.c.h; path = MyPostController.h; sourceTree = "<group>"; };
		6369534812D50A1200CA3113 /* MyPostController.m */ = {isa = PBXFileReference; fileEncoding = 4; lastKnownFileType = sourcecode.c.objc; path = MyPostController.m; sourceTree = "<group>"; };
		6369534B12D50A4700CA3113 /* MyPostController.xib */ = {isa = PBXFileReference; lastKnownFileType = file.xib; path = MyPostController.xib; sourceTree = "<group>"; };
		636954B212D52ACD00CA3113 /* UIImage+cropping.h */ = {isa = PBXFileReference; fileEncoding = 4; lastKnownFileType = sourcecode.c.h; path = "UIImage+cropping.h"; sourceTree = "<group>"; };
		636954B312D52ACD00CA3113 /* UIImage+cropping.m */ = {isa = PBXFileReference; fileEncoding = 4; lastKnownFileType = sourcecode.c.objc; path = "UIImage+cropping.m"; sourceTree = "<group>"; };
		636B7F1712BFE98D00ECDCDD /* MyAlbumUpdater.h */ = {isa = PBXFileReference; fileEncoding = 4; lastKnownFileType = sourcecode.c.h; path = MyAlbumUpdater.h; sourceTree = "<group>"; };
		636B7F1812BFE98D00ECDCDD /* MyAlbumUpdater.m */ = {isa = PBXFileReference; fileEncoding = 4; lastKnownFileType = sourcecode.c.objc; lineEnding = 0; path = MyAlbumUpdater.m; sourceTree = "<group>"; xcLanguageSpecificationIdentifier = xcode.lang.objc; };
		636B811012C0243500ECDCDD /* empty.png */ = {isa = PBXFileReference; lastKnownFileType = image.png; path = empty.png; sourceTree = "<group>"; };
		637079581323CFD200A3198A /* commentIcon.png */ = {isa = PBXFileReference; lastKnownFileType = image.png; path = commentIcon.png; sourceTree = "<group>"; };
		6370795C1323D0AE00A3198A /* saveIcon.png */ = {isa = PBXFileReference; lastKnownFileType = image.png; path = saveIcon.png; sourceTree = "<group>"; };
		6370795E1323D13100A3198A /* editIcon.png */ = {isa = PBXFileReference; lastKnownFileType = image.png; path = editIcon.png; sourceTree = "<group>"; };
		637079681323D27C00A3198A /* MyItem.h */ = {isa = PBXFileReference; fileEncoding = 4; lastKnownFileType = sourcecode.c.h; path = MyItem.h; sourceTree = "<group>"; };
		63707AAB13240EF800A3198A /* addIcon.png */ = {isa = PBXFileReference; lastKnownFileType = image.png; path = addIcon.png; sourceTree = "<group>"; };
		63707AC313240FBB00A3198A /* trashIcon.png */ = {isa = PBXFileReference; lastKnownFileType = image.png; path = trashIcon.png; sourceTree = "<group>"; };
		63707ACE1324103700A3198A /* makeCoverIcon.png */ = {isa = PBXFileReference; lastKnownFileType = image.png; path = makeCoverIcon.png; sourceTree = "<group>"; };
		637452D312D3A162005FD8C6 /* UIImage+resizing.h */ = {isa = PBXFileReference; fileEncoding = 4; lastKnownFileType = sourcecode.c.h; path = "UIImage+resizing.h"; sourceTree = "<group>"; };
		637452D412D3A162005FD8C6 /* UIImage+resizing.m */ = {isa = PBXFileReference; fileEncoding = 4; lastKnownFileType = sourcecode.c.objc; path = "UIImage+resizing.m"; sourceTree = "<group>"; };
		6374560412D3EFB2005FD8C6 /* StyleSheet.h */ = {isa = PBXFileReference; fileEncoding = 4; lastKnownFileType = sourcecode.c.h; path = StyleSheet.h; sourceTree = "<group>"; };
		6374560512D3EFB2005FD8C6 /* StyleSheet.m */ = {isa = PBXFileReference; fileEncoding = 4; lastKnownFileType = sourcecode.c.objc; path = StyleSheet.m; sourceTree = "<group>"; };
		6380E70D1329A47D00A99EDB /* G3CoreData.xcdatamodel */ = {isa = PBXFileReference; fileEncoding = 4; lastKnownFileType = wrapper.xcdatamodel; path = G3CoreData.xcdatamodel; sourceTree = "<group>"; };
		6380E70F1329A4A200A99EDB /* RKMItem.h */ = {isa = PBXFileReference; fileEncoding = 4; lastKnownFileType = sourcecode.c.h; path = RKMItem.h; sourceTree = "<group>"; };
		6380E7101329A4A200A99EDB /* RKMItem.m */ = {isa = PBXFileReference; fileEncoding = 4; lastKnownFileType = sourcecode.c.objc; path = RKMItem.m; sourceTree = "<group>"; };
		638C2908132D6ACD009CFE41 /* Default.png */ = {isa = PBXFileReference; lastKnownFileType = image.png; path = Default.png; sourceTree = "<group>"; };
		638C2A30132D7D51009CFE41 /* MyLoginDelegate.h */ = {isa = PBXFileReference; fileEncoding = 4; lastKnownFileType = sourcecode.c.h; path = MyLoginDelegate.h; sourceTree = "<group>"; };
		639788CF12BEBA24000FBD09 /* defaultPerson.png */ = {isa = PBXFileReference; lastKnownFileType = image.png; path = defaultPerson.png; sourceTree = "<group>"; };
		639EACAB131C6EE300FBAEF4 /* CFNetwork.framework */ = {isa = PBXFileReference; lastKnownFileType = wrapper.framework; name = CFNetwork.framework; path = System/Library/Frameworks/CFNetwork.framework; sourceTree = SDKROOT; };
		639EACAD131C6EE300FBAEF4 /* CoreData.framework */ = {isa = PBXFileReference; lastKnownFileType = wrapper.framework; name = CoreData.framework; path = System/Library/Frameworks/CoreData.framework; sourceTree = SDKROOT; };
		639EACAF131C6EE300FBAEF4 /* MobileCoreServices.framework */ = {isa = PBXFileReference; lastKnownFileType = wrapper.framework; name = MobileCoreServices.framework; path = System/Library/Frameworks/MobileCoreServices.framework; sourceTree = SDKROOT; };
		639EACBE131C702F00FBAEF4 /* DBManagedObjectCache.h */ = {isa = PBXFileReference; fileEncoding = 4; lastKnownFileType = sourcecode.c.h; name = DBManagedObjectCache.h; path = Classes/DBManagedObjectCache.h; sourceTree = SOURCE_ROOT; };
		639EACBF131C702F00FBAEF4 /* DBManagedObjectCache.m */ = {isa = PBXFileReference; fileEncoding = 4; lastKnownFileType = sourcecode.c.objc; name = DBManagedObjectCache.m; path = Classes/DBManagedObjectCache.m; sourceTree = SOURCE_ROOT; };
		639EACC0131C702F00FBAEF4 /* RKMEntity.h */ = {isa = PBXFileReference; fileEncoding = 4; lastKnownFileType = sourcecode.c.h; name = RKMEntity.h; path = Classes/RKMEntity.h; sourceTree = SOURCE_ROOT; };
		639EACC1131C702F00FBAEF4 /* RKMEntity.m */ = {isa = PBXFileReference; fileEncoding = 4; lastKnownFileType = sourcecode.c.objc; name = RKMEntity.m; path = Classes/RKMEntity.m; sourceTree = SOURCE_ROOT; };
		639EACC2131C702F00FBAEF4 /* RKMTree.h */ = {isa = PBXFileReference; fileEncoding = 4; lastKnownFileType = sourcecode.c.h; path = RKMTree.h; sourceTree = "<group>"; };
		639EACC3131C702F00FBAEF4 /* RKMTree.m */ = {isa = PBXFileReference; fileEncoding = 4; lastKnownFileType = sourcecode.c.objc; path = RKMTree.m; sourceTree = "<group>"; };
		63A3B513129C3BDE00E04981 /* MyLogin.h */ = {isa = PBXFileReference; fileEncoding = 4; lastKnownFileType = sourcecode.c.h; path = MyLogin.h; sourceTree = "<group>"; };
		63A3B514129C3BDE00E04981 /* MyLogin.m */ = {isa = PBXFileReference; fileEncoding = 4; lastKnownFileType = sourcecode.c.objc; path = MyLogin.m; sourceTree = "<group>"; };
		63A3B515129C3BDE00E04981 /* MyLoginModel.h */ = {isa = PBXFileReference; fileEncoding = 4; lastKnownFileType = sourcecode.c.h; path = MyLoginModel.h; sourceTree = "<group>"; };
		63A3B516129C3BDE00E04981 /* MyLoginModel.m */ = {isa = PBXFileReference; fileEncoding = 4; lastKnownFileType = sourcecode.c.objc; path = MyLoginModel.m; sourceTree = "<group>"; };
		63A3B518129C3BDE00E04981 /* MyLoginDataSource.h */ = {isa = PBXFileReference; fileEncoding = 4; lastKnownFileType = sourcecode.c.h; path = MyLoginDataSource.h; sourceTree = "<group>"; };
		63A3B519129C3BDE00E04981 /* MyLoginDataSource.m */ = {isa = PBXFileReference; fileEncoding = 4; lastKnownFileType = sourcecode.c.objc; path = MyLoginDataSource.m; sourceTree = "<group>"; };
		63A3B51A129C3BDE00E04981 /* MyLoginViewController.h */ = {isa = PBXFileReference; fileEncoding = 4; lastKnownFileType = sourcecode.c.h; path = MyLoginViewController.h; sourceTree = "<group>"; };
		63A3B51B129C3BDE00E04981 /* MyLoginViewController.m */ = {isa = PBXFileReference; fileEncoding = 4; lastKnownFileType = sourcecode.c.objc; path = MyLoginViewController.m; sourceTree = "<group>"; };
		63A3B71A129C5EA200E04981 /* MyItemDeleter.h */ = {isa = PBXFileReference; fileEncoding = 4; lastKnownFileType = sourcecode.c.h; path = MyItemDeleter.h; sourceTree = "<group>"; };
		63A3B71B129C5EA200E04981 /* MyItemDeleter.m */ = {isa = PBXFileReference; fileEncoding = 4; lastKnownFileType = sourcecode.c.objc; path = MyItemDeleter.m; sourceTree = "<group>"; };
		63AF930A12CA9161001092B5 /* G_LOGO.png */ = {isa = PBXFileReference; lastKnownFileType = image.png; path = G_LOGO.png; sourceTree = "<group>"; };
		63B253331299BC7600BA9323 /* QuartzCore.framework */ = {isa = PBXFileReference; lastKnownFileType = wrapper.framework; name = QuartzCore.framework; path = System/Library/Frameworks/QuartzCore.framework; sourceTree = SDKROOT; };
		63B253E71299BD3100BA9323 /* AppDelegate.h */ = {isa = PBXFileReference; fileEncoding = 4; lastKnownFileType = sourcecode.c.h; path = AppDelegate.h; sourceTree = "<group>"; };
		63B253E81299BD3100BA9323 /* AppDelegate.m */ = {isa = PBXFileReference; fileEncoding = 4; lastKnownFileType = sourcecode.c.objc; path = AppDelegate.m; sourceTree = "<group>"; };
		63B253ED1299BD3100BA9323 /* MyCommentsDataSource.h */ = {isa = PBXFileReference; fileEncoding = 4; lastKnownFileType = sourcecode.c.h; path = MyCommentsDataSource.h; sourceTree = "<group>"; };
		63B253EE1299BD3100BA9323 /* MyCommentsDataSource.m */ = {isa = PBXFileReference; fileEncoding = 4; lastKnownFileType = sourcecode.c.objc; path = MyCommentsDataSource.m; sourceTree = "<group>"; };
		63B253F11299BD3100BA9323 /* MyComment.h */ = {isa = PBXFileReference; fileEncoding = 4; lastKnownFileType = sourcecode.c.h; path = MyComment.h; sourceTree = "<group>"; };
		63B253F21299BD3100BA9323 /* MyComment.m */ = {isa = PBXFileReference; fileEncoding = 4; lastKnownFileType = sourcecode.c.objc; path = MyComment.m; sourceTree = "<group>"; };
		63B253F31299BD3100BA9323 /* MyCommentsModel.h */ = {isa = PBXFileReference; fileEncoding = 4; lastKnownFileType = sourcecode.c.h; path = MyCommentsModel.h; sourceTree = "<group>"; };
		63B253F41299BD3100BA9323 /* MyCommentsModel.m */ = {isa = PBXFileReference; fileEncoding = 4; lastKnownFileType = sourcecode.c.objc; path = MyCommentsModel.m; sourceTree = "<group>"; };
		63B253F51299BD3100BA9323 /* MyCommentsViewController.h */ = {isa = PBXFileReference; fileEncoding = 4; lastKnownFileType = sourcecode.c.h; path = MyCommentsViewController.h; sourceTree = "<group>"; };
		63B253F61299BD3100BA9323 /* MyCommentsViewController.m */ = {isa = PBXFileReference; fileEncoding = 4; lastKnownFileType = sourcecode.c.objc; lineEnding = 0; path = MyCommentsViewController.m; sourceTree = "<group>"; xcLanguageSpecificationIdentifier = xcode.lang.objc; };
		63B254001299BD3100BA9323 /* PhotoSource.h */ = {isa = PBXFileReference; fileEncoding = 4; lastKnownFileType = sourcecode.c.h; lineEnding = 0; path = PhotoSource.h; sourceTree = "<group>"; xcLanguageSpecificationIdentifier = xcode.lang.objcpp; };
		63B254011299BD3100BA9323 /* PhotoSource.m */ = {isa = PBXFileReference; fileEncoding = 4; lastKnownFileType = sourcecode.c.objc; path = PhotoSource.m; sourceTree = "<group>"; };
		63B254061299BD3100BA9323 /* TTButtonContent+g3.h */ = {isa = PBXFileReference; fileEncoding = 4; lastKnownFileType = sourcecode.c.h; path = "TTButtonContent+g3.h"; sourceTree = "<group>"; };
		63B254071299BD3100BA9323 /* TTButtonContent+g3.m */ = {isa = PBXFileReference; fileEncoding = 4; lastKnownFileType = sourcecode.c.objc; path = "TTButtonContent+g3.m"; sourceTree = "<group>"; };
		63B254081299BD3100BA9323 /* TTURLImageResponse+g3.h */ = {isa = PBXFileReference; fileEncoding = 4; lastKnownFileType = sourcecode.c.h; path = "TTURLImageResponse+g3.h"; sourceTree = "<group>"; };
		63B254091299BD3100BA9323 /* TTURLImageResponse+g3.m */ = {isa = PBXFileReference; fileEncoding = 4; lastKnownFileType = sourcecode.c.objc; path = "TTURLImageResponse+g3.m"; sourceTree = "<group>"; };
		63B2540A1299BD3100BA9323 /* TTImageView+g3.h */ = {isa = PBXFileReference; fileEncoding = 4; lastKnownFileType = sourcecode.c.h; path = "TTImageView+g3.h"; sourceTree = "<group>"; };
		63B2540B1299BD3100BA9323 /* TTImageView+g3.m */ = {isa = PBXFileReference; fileEncoding = 4; lastKnownFileType = sourcecode.c.objc; path = "TTImageView+g3.m"; sourceTree = "<group>"; };
		63B2540C1299BD3100BA9323 /* MyPhotoViewController.h */ = {isa = PBXFileReference; fileEncoding = 4; lastKnownFileType = sourcecode.c.h; path = MyPhotoViewController.h; sourceTree = "<group>"; };
		63B2540D1299BD3100BA9323 /* MyPhotoViewController.m */ = {isa = PBXFileReference; fileEncoding = 4; lastKnownFileType = sourcecode.c.objc; path = MyPhotoViewController.m; sourceTree = "<group>"; };
		63B254111299BD3100BA9323 /* TTThumbsViewController+g3.h */ = {isa = PBXFileReference; fileEncoding = 4; lastKnownFileType = sourcecode.c.h; path = "TTThumbsViewController+g3.h"; sourceTree = "<group>"; };
		63B254121299BD3100BA9323 /* TTThumbsViewController+g3.m */ = {isa = PBXFileReference; fileEncoding = 4; lastKnownFileType = sourcecode.c.objc; path = "TTThumbsViewController+g3.m"; sourceTree = "<group>"; };
		63B254131299BD3100BA9323 /* MyThumbsViewController.h */ = {isa = PBXFileReference; fileEncoding = 4; lastKnownFileType = sourcecode.c.h; path = MyThumbsViewController.h; sourceTree = "<group>"; };
		63B254141299BD3100BA9323 /* MyThumbsViewController.m */ = {isa = PBXFileReference; fileEncoding = 4; lastKnownFileType = sourcecode.c.objc; path = MyThumbsViewController.m; sourceTree = "<group>"; };
		63B255EF1299C63300BA9323 /* Three20.bundle */ = {isa = PBXFileReference; lastKnownFileType = "wrapper.plug-in"; name = Three20.bundle; path = ../three20/src/Three20.bundle; sourceTree = SOURCE_ROOT; };
		63B53B0B133FDECA00460020 /* RestKit.xcodeproj */ = {isa = PBXFileReference; lastKnownFileType = "wrapper.pb-project"; name = RestKit.xcodeproj; path = ../RestKit/RestKit.xcodeproj; sourceTree = "<group>"; };
		63B53C75133FE0C500460020 /* libRestKitCoreData.a */ = {isa = PBXFileReference; explicitFileType = archive.ar; path = libRestKitCoreData.a; sourceTree = SOURCE_ROOT; };
		63B53C76133FE0C500460020 /* libRestKitJSONParserJSONKit.a */ = {isa = PBXFileReference; explicitFileType = archive.ar; path = libRestKitJSONParserJSONKit.a; sourceTree = SOURCE_ROOT; };
		63B53C77133FE0C500460020 /* libRestKitNetwork.a */ = {isa = PBXFileReference; explicitFileType = archive.ar; path = libRestKitNetwork.a; sourceTree = SOURCE_ROOT; };
		63B53C78133FE0C500460020 /* libRestKitObjectMapping.a */ = {isa = PBXFileReference; explicitFileType = archive.ar; path = libRestKitObjectMapping.a; sourceTree = SOURCE_ROOT; };
		63B53C79133FE0C500460020 /* libRestKitSupport.a */ = {isa = PBXFileReference; explicitFileType = archive.ar; path = libRestKitSupport.a; sourceTree = SOURCE_ROOT; };
		63B53C7A133FE0C500460020 /* libRestKitThree20.a */ = {isa = PBXFileReference; explicitFileType = archive.ar; path = libRestKitThree20.a; sourceTree = SOURCE_ROOT; };
		63B5F3FB13A571FC00FAA82C /* Overlay.h */ = {isa = PBXFileReference; fileEncoding = 4; lastKnownFileType = sourcecode.c.h; path = Overlay.h; sourceTree = "<group>"; };
		63B5F3FC13A571FC00FAA82C /* Overlay.m */ = {isa = PBXFileReference; fileEncoding = 4; lastKnownFileType = sourcecode.c.objc; path = Overlay.m; sourceTree = "<group>"; };
		63BB542012CE434600764C23 /* Reachability.h */ = {isa = PBXFileReference; fileEncoding = 4; lastKnownFileType = sourcecode.c.h; path = Reachability.h; sourceTree = "<group>"; };
		63BB542112CE434600764C23 /* Reachability.m */ = {isa = PBXFileReference; fileEncoding = 4; lastKnownFileType = sourcecode.c.objc; path = Reachability.m; sourceTree = "<group>"; };
		63BB544512CE43AB00764C23 /* SystemConfiguration.framework */ = {isa = PBXFileReference; lastKnownFileType = wrapper.framework; name = SystemConfiguration.framework; path = System/Library/Frameworks/SystemConfiguration.framework; sourceTree = SDKROOT; };
		63BD767E130B5127001FC9AF /* MyMetaDataItemCell.xib */ = {isa = PBXFileReference; lastKnownFileType = file.xib; name = MyMetaDataItemCell.xib; path = Classes/MyMetaDataItemCell.xib; sourceTree = "<group>"; };
		63BD7680130B5157001FC9AF /* MyMetaDataItem.h */ = {isa = PBXFileReference; fileEncoding = 4; lastKnownFileType = sourcecode.c.h; path = MyMetaDataItem.h; sourceTree = "<group>"; };
		63BD7681130B5157001FC9AF /* MyMetaDataItem.m */ = {isa = PBXFileReference; fileEncoding = 4; lastKnownFileType = sourcecode.c.objc; path = MyMetaDataItem.m; sourceTree = "<group>"; };
		63BD76C0130C5A31001FC9AF /* TTTableViewDataSource+g3.h */ = {isa = PBXFileReference; fileEncoding = 4; lastKnownFileType = sourcecode.c.h; path = "TTTableViewDataSource+g3.h"; sourceTree = "<group>"; };
		63BD76C1130C5A31001FC9AF /* TTTableViewDataSource+g3.m */ = {isa = PBXFileReference; fileEncoding = 4; lastKnownFileType = sourcecode.c.objc; path = "TTTableViewDataSource+g3.m"; sourceTree = "<group>"; };
		63BD778A130C6648001FC9AF /* MyMetaDataItemCell.h */ = {isa = PBXFileReference; fileEncoding = 4; lastKnownFileType = sourcecode.c.h; path = MyMetaDataItemCell.h; sourceTree = "<group>"; };
		63BD778B130C6648001FC9AF /* MyMetaDataItemCell.m */ = {isa = PBXFileReference; fileEncoding = 4; lastKnownFileType = sourcecode.c.objc; path = MyMetaDataItemCell.m; sourceTree = "<group>"; };
		63C266FB132EEAA10086729D /* NSData+base64.h */ = {isa = PBXFileReference; fileEncoding = 4; lastKnownFileType = sourcecode.c.h; path = "NSData+base64.h"; sourceTree = "<group>"; };
		63C266FC132EEAA10086729D /* NSData+base64.m */ = {isa = PBXFileReference; fileEncoding = 4; lastKnownFileType = sourcecode.c.objc; path = "NSData+base64.m"; sourceTree = "<group>"; };
		63C5E14313537BE80053ED0A /* MyViewController.h */ = {isa = PBXFileReference; fileEncoding = 4; lastKnownFileType = sourcecode.c.h; path = MyViewController.h; sourceTree = "<group>"; };
		63C8858B135CF34800BDCE89 /* UIImage+scaleAndRotate.h */ = {isa = PBXFileReference; fileEncoding = 4; lastKnownFileType = sourcecode.c.h; path = "UIImage+scaleAndRotate.h"; sourceTree = "<group>"; };
		63C8858C135CF34900BDCE89 /* UIImage+scaleAndRotate.m */ = {isa = PBXFileReference; fileEncoding = 4; lastKnownFileType = sourcecode.c.objc; path = "UIImage+scaleAndRotate.m"; sourceTree = "<group>"; };
		63D972A6132ED321008F6095 /* MyLongPressGestureDelegate.h */ = {isa = PBXFileReference; fileEncoding = 4; lastKnownFileType = sourcecode.c.h; path = MyLongPressGestureDelegate.h; sourceTree = "<group>"; };
		63E13C7D12BED4C6003248F4 /* AddAlbumViewController.h */ = {isa = PBXFileReference; fileEncoding = 4; lastKnownFileType = sourcecode.c.h; path = AddAlbumViewController.h; sourceTree = "<group>"; };
		63E13C7E12BED4C6003248F4 /* AddAlbumViewController.m */ = {isa = PBXFileReference; fileEncoding = 4; lastKnownFileType = sourcecode.c.objc; lineEnding = 0; path = AddAlbumViewController.m; sourceTree = "<group>"; xcLanguageSpecificationIdentifier = xcode.lang.objc; };
		63EE22A6130EF51200E2D407 /* createIcon.png */ = {isa = PBXFileReference; lastKnownFileType = image.png; path = createIcon.png; sourceTree = "<group>"; };
		63F1561412DA6F5E00D85532 /* iTunesArtwork */ = {isa = PBXFileReference; lastKnownFileType = file; path = iTunesArtwork; sourceTree = "<group>"; };
		63F4602012C8161C00116221 /* UpdateAlbumViewController.h */ = {isa = PBXFileReference; fileEncoding = 4; lastKnownFileType = sourcecode.c.h; path = UpdateAlbumViewController.h; sourceTree = "<group>"; };
		63F4602112C8161C00116221 /* UpdateAlbumViewController.m */ = {isa = PBXFileReference; fileEncoding = 4; lastKnownFileType = sourcecode.c.objc; lineEnding = 0; path = UpdateAlbumViewController.m; sourceTree = "<group>"; xcLanguageSpecificationIdentifier = xcode.lang.objc; };
		8D1107310486CEB800E47090 /* g3Mobile-Info.plist */ = {isa = PBXFileReference; fileEncoding = 4; lastKnownFileType = text.plist.xml; path = "g3Mobile-Info.plist"; plistStructureDefinitionIdentifier = "com.apple.xcode.plist.structure-definition.iphone.info-plist"; sourceTree = "<group>"; };
/* End PBXFileReference section */

/* Begin PBXFrameworksBuildPhase section */
		1D60588F0D05DD3D006BFB54 /* Frameworks */ = {
			isa = PBXFrameworksBuildPhase;
			buildActionMask = 2147483647;
			files = (
				32005DD2DD4BE82AFAA88C85 /* libextThree20JSON+YAJL.a in Frameworks */,
				63B53C7B133FE0C500460020 /* libRestKitCoreData.a in Frameworks */,
				63B53C7C133FE0C500460020 /* libRestKitJSONParserJSONKit.a in Frameworks */,
				63B53C7D133FE0C500460020 /* libRestKitNetwork.a in Frameworks */,
				63B53C7E133FE0C500460020 /* libRestKitObjectMapping.a in Frameworks */,
				63B53C7F133FE0C500460020 /* libRestKitSupport.a in Frameworks */,
				63B53C80133FE0C500460020 /* libRestKitThree20.a in Frameworks */,
				3201088596B4756681693705 /* libThree20UICommon.a in Frameworks */,
				320D7DCCE32703ACAB9A45E5 /* libThree20.a in Frameworks */,
				320A737074758E53BA54BE95 /* libThree20UINavigator.a in Frameworks */,
				320A2827FEC940B25BC42C65 /* libThree20Core.a in Frameworks */,
				320F2C48872C2E2C4DF86205 /* libThree20UI.a in Frameworks */,
				320A5A189C235877202780D5 /* libThree20Network.a in Frameworks */,
				320CC833B8AF0ACFD35E6225 /* libThree20Style.a in Frameworks */,
				320AF8492C47A4D819F7C451 /* QuartzCore.framework in Frameworks */,
				1D60589F0D05DD5A006BFB54 /* Foundation.framework in Frameworks */,
				1DF5F4E00D08C38300B7A737 /* UIKit.framework in Frameworks */,
				288765FD0DF74451002DB57D /* CoreGraphics.framework in Frameworks */,
				63BB544612CE43AB00764C23 /* SystemConfiguration.framework in Frameworks */,
				63B253341299BC7600BA9323 /* QuartzCore.framework in Frameworks */,
				639EACAC131C6EE300FBAEF4 /* CFNetwork.framework in Frameworks */,
				639EACAE131C6EE300FBAEF4 /* CoreData.framework in Frameworks */,
				639EACB0131C6EE300FBAEF4 /* MobileCoreServices.framework in Frameworks */,
			);
			runOnlyForDeploymentPostprocessing = 0;
		};
/* End PBXFrameworksBuildPhase section */

/* Begin PBXGroup section */
		080E96DDFE201D6D7F000001 /* Classes */ = {
			isa = PBXGroup;
			children = (
				63B253E71299BD3100BA9323 /* AppDelegate.h */,
				63B253E81299BD3100BA9323 /* AppDelegate.m */,
				63A3B510129C3BDE00E04981 /* Login */,
				630FBE4C12FD78C500B4629A /* AlbumView */,
				63B2540E1299BD3100BA9323 /* ThumbView */,
				63B253FF1299BD3100BA9323 /* PhotoView */,
				638C288F132D6664009CFE41 /* UploadView */,
				638C2890132D667B009CFE41 /* AddAlbumView */,
				638C2891132D6687009CFE41 /* UpdateAlbumView */,
				638C2892132D66A2009CFE41 /* OtherViews */,
				63B253EB1299BD3100BA9323 /* Comments */,
				63C8858E135CFA9200BDCE89 /* Protocols */,
				639EACBD131C700D00FBAEF4 /* RestKit */,
				63B254151299BD3100BA9323 /* Rest Helpers */,
				6348605713101B6A00385A46 /* Additions */,
				636954B112D52A1600CA3113 /* Helpers */,
				6374560312D3EFB2005FD8C6 /* Style Sheets */,
			);
			path = Classes;
			sourceTree = "<group>";
		};
		19C28FACFE9D520D11CA2CBB /* Products */ = {
			isa = PBXGroup;
			children = (
				1D6058910D05DD3D006BFB54 /* g3Mobile.app */,
			);
			name = Products;
			sourceTree = "<group>";
		};
		29B97314FDCFA39411CA2CEA /* CustomTemplate */ = {
			isa = PBXGroup;
			children = (
				080E96DDFE201D6D7F000001 /* Classes */,
				29B97317FDCFA39411CA2CEA /* Resources */,
				29B97323FDCFA39411CA2CEA /* Frameworks */,
				29B97315FDCFA39411CA2CEA /* Other Sources */,
				19C28FACFE9D520D11CA2CBB /* Products */,
				63454A4012DA51850070DB81 /* Entitlements.plist */,
				639EACAB131C6EE300FBAEF4 /* CFNetwork.framework */,
				639EACAD131C6EE300FBAEF4 /* CoreData.framework */,
				639EACAF131C6EE300FBAEF4 /* MobileCoreServices.framework */,
			);
			name = CustomTemplate;
			sourceTree = "<group>";
		};
		29B97315FDCFA39411CA2CEA /* Other Sources */ = {
			isa = PBXGroup;
			children = (
				32CA4F630368D1EE00C91783 /* g3Mobile_Prefix.pch */,
				29B97316FDCFA39411CA2CEA /* main.m */,
			);
			name = "Other Sources";
			sourceTree = "<group>";
		};
		29B97317FDCFA39411CA2CEA /* Resources */ = {
			isa = PBXGroup;
			children = (
				638C28F2132D68E9009CFE41 /* Artwork */,
				638C290C132D6BC5009CFE41 /* Data */,
				638C28EF132D68B2009CFE41 /* Icons */,
				638C28F3132D68FE009CFE41 /* Xibs */,
				63B255EF1299C63300BA9323 /* Three20.bundle */,
				8D1107310486CEB800E47090 /* g3Mobile-Info.plist */,
			);
			name = Resources;
			sourceTree = "<group>";
		};
		29B97323FDCFA39411CA2CEA /* Frameworks */ = {
			isa = PBXGroup;
			children = (
				32005DD2DD4BE82AFAA88C80 /* extThree20JSON.xcodeproj */,
				3201088596B4756681693700 /* Three20UICommon.xcodeproj */,
				320D7DCCE32703ACAB9A45E0 /* Three20.xcodeproj */,
				320A737074758E53BA54BE90 /* Three20UINavigator.xcodeproj */,
				320A2827FEC940B25BC42C60 /* Three20Core.xcodeproj */,
				320F2C48872C2E2C4DF86200 /* Three20UI.xcodeproj */,
				320A5A189C235877202780D0 /* Three20Network.xcodeproj */,
				320CC833B8AF0ACFD35E6220 /* Three20Style.xcodeproj */,
				63B53B0B133FDECA00460020 /* RestKit.xcodeproj */,
				63B53C75133FE0C500460020 /* libRestKitCoreData.a */,
				63B53C76133FE0C500460020 /* libRestKitJSONParserJSONKit.a */,
				63B53C77133FE0C500460020 /* libRestKitNetwork.a */,
				63B53C78133FE0C500460020 /* libRestKitObjectMapping.a */,
				63B53C79133FE0C500460020 /* libRestKitSupport.a */,
				63B53C7A133FE0C500460020 /* libRestKitThree20.a */,
				320AF8492C47A4D819F7C450 /* QuartzCore.framework */,
				63BB544512CE43AB00764C23 /* SystemConfiguration.framework */,
				1DF5F4DF0D08C38300B7A737 /* UIKit.framework */,
				1D30AB110D05D00D00671497 /* Foundation.framework */,
				288765FC0DF74451002DB57D /* CoreGraphics.framework */,
				63B253331299BC7600BA9323 /* QuartzCore.framework */,
			);
			name = Frameworks;
			sourceTree = "<group>";
		};
		32005DD2DD4BE82AFAA88C83 /* Products */ = {
			isa = PBXGroup;
			children = (
				63B53CC1133FE27600460020 /* libextThree20JSON+SBJSON.a */,
				32005DD2DD4BE82AFAA88C84 /* libextThree20JSON+YAJL.a */,
				63B53CC3133FE27600460020 /* extJSONUnitTests+SBJSON.octest */,
			);
			name = Products;
			sourceTree = "<group>";
		};
		3201088596B4756681693703 /* Products */ = {
			isa = PBXGroup;
			children = (
				3201088596B4756681693704 /* libThree20UICommon.a */,
				63B53C25133FDF5900460020 /* UICommonUnitTests.octest */,
			);
			name = Products;
			sourceTree = "<group>";
		};
		320A2827FEC940B25BC42C63 /* Products */ = {
			isa = PBXGroup;
			children = (
				320A2827FEC940B25BC42C64 /* libThree20Core.a */,
				63B53C19133FDF5900460020 /* CoreUnitTests.octest */,
			);
			name = Products;
			sourceTree = "<group>";
		};
		320A5A189C235877202780D3 /* Products */ = {
			isa = PBXGroup;
			children = (
				320A5A189C235877202780D4 /* libThree20Network.a */,
				63B53C1C133FDF5900460020 /* NetworkUnitTests.octest */,
			);
			name = Products;
			sourceTree = "<group>";
		};
		320A737074758E53BA54BE93 /* Products */ = {
			isa = PBXGroup;
			children = (
				320A737074758E53BA54BE94 /* libThree20UINavigator.a */,
				63B53C28133FDF5900460020 /* UINavigatorUnitTests.octest */,
			);
			name = Products;
			sourceTree = "<group>";
		};
		320CC833B8AF0ACFD35E6223 /* Products */ = {
			isa = PBXGroup;
			children = (
				320CC833B8AF0ACFD35E6224 /* libThree20Style.a */,
				63B53C1F133FDF5900460020 /* StyleUnitTests.octest */,
			);
			name = Products;
			sourceTree = "<group>";
		};
		320D7DCCE32703ACAB9A45E3 /* Products */ = {
			isa = PBXGroup;
			children = (
				320D7DCCE32703ACAB9A45E4 /* libThree20.a */,
				63B53C16133FDF5900460020 /* Three20UnitTests.octest */,
			);
			name = Products;
			sourceTree = "<group>";
		};
		320F2C48872C2E2C4DF86203 /* Products */ = {
			isa = PBXGroup;
			children = (
				320F2C48872C2E2C4DF86204 /* libThree20UI.a */,
				63B53C22133FDF5900460020 /* UIUnitTests.octest */,
			);
			name = Products;
			sourceTree = "<group>";
		};
		630FBE4C12FD78C500B4629A /* AlbumView */ = {
			isa = PBXGroup;
			children = (
				630FBE7812FD794500B4629A /* MyThumbsViewController2.h */,
				630FBE7912FD794500B4629A /* MyThumbsViewController2.m */,
				630FBE7F12FD7A3400B4629A /* MyThumbsViewDataSource2.h */,
				630FBE8012FD7A3400B4629A /* MyThumbsViewDataSource2.m */,
				630FC46912FF3F4400B4629A /* MyAlbumItem.h */,
				630FC46A12FF3F4400B4629A /* MyAlbumItem.m */,
				630FC45312FF3CCA00B4629A /* MyAlbumItemCell.h */,
				630FC45412FF3CCA00B4629A /* MyAlbumItemCell.m */,
				63BD7680130B5157001FC9AF /* MyMetaDataItem.h */,
				63BD7681130B5157001FC9AF /* MyMetaDataItem.m */,
				63BD778A130C6648001FC9AF /* MyMetaDataItemCell.h */,
				63BD778B130C6648001FC9AF /* MyMetaDataItemCell.m */,
			);
			name = AlbumView;
			sourceTree = "<group>";
		};
		6348605713101B6A00385A46 /* Additions */ = {
			isa = PBXGroup;
			children = (
				63D972A6132ED321008F6095 /* MyLongPressGestureDelegate.h */,
				63C266FB132EEAA10086729D /* NSData+base64.h */,
				63C266FC132EEAA10086729D /* NSData+base64.m */,
				63B254061299BD3100BA9323 /* TTButtonContent+g3.h */,
				63B254071299BD3100BA9323 /* TTButtonContent+g3.m */,
				63B2540A1299BD3100BA9323 /* TTImageView+g3.h */,
				63B2540B1299BD3100BA9323 /* TTImageView+g3.m */,
				631A7B39130F49B0004A6110 /* TTTableViewController+g3.h */,
				631A7B3A130F49B0004A6110 /* TTTableViewController+g3.m */,
				63BD76C0130C5A31001FC9AF /* TTTableViewDataSource+g3.h */,
				63BD76C1130C5A31001FC9AF /* TTTableViewDataSource+g3.m */,
				63B254111299BD3100BA9323 /* TTThumbsViewController+g3.h */,
				63B254121299BD3100BA9323 /* TTThumbsViewController+g3.m */,
				63B254081299BD3100BA9323 /* TTURLImageResponse+g3.h */,
				63B254091299BD3100BA9323 /* TTURLImageResponse+g3.m */,
				636954B212D52ACD00CA3113 /* UIImage+cropping.h */,
				636954B312D52ACD00CA3113 /* UIImage+cropping.m */,
				637452D312D3A162005FD8C6 /* UIImage+resizing.h */,
				637452D412D3A162005FD8C6 /* UIImage+resizing.m */,
				63C8858B135CF34800BDCE89 /* UIImage+scaleAndRotate.h */,
				63C8858C135CF34900BDCE89 /* UIImage+scaleAndRotate.m */,
				636952D612D4FC5400CA3113 /* UIViewController+query.h */,
				636952D712D4FC5400CA3113 /* UIViewController+query.m */,
			);
			name = Additions;
			sourceTree = "<group>";
		};
		636954B112D52A1600CA3113 /* Helpers */ = {
			isa = PBXGroup;
			children = (
				63B254001299BD3100BA9323 /* PhotoSource.h */,
				63B254011299BD3100BA9323 /* PhotoSource.m */,
				6358A4C412C8810C0043D18A /* SynthesizeSingleton.h */,
				6358A4B912C880EB0043D18A /* MySettings.h */,
				6358A4BA12C880EB0043D18A /* MySettings.m */,
				63BB542012CE434600764C23 /* Reachability.h */,
				63BB542112CE434600764C23 /* Reachability.m */,
				63B5F3FB13A571FC00FAA82C /* Overlay.h */,
				63B5F3FC13A571FC00FAA82C /* Overlay.m */,
			);
			name = Helpers;
			sourceTree = "<group>";
		};
		6374560312D3EFB2005FD8C6 /* Style Sheets */ = {
			isa = PBXGroup;
			children = (
				6374560412D3EFB2005FD8C6 /* StyleSheet.h */,
				6374560512D3EFB2005FD8C6 /* StyleSheet.m */,
			);
			name = "Style Sheets";
			sourceTree = "<group>";
		};
		638C288F132D6664009CFE41 /* UploadView */ = {
			isa = PBXGroup;
			children = (
				632A448E12D261390055F67B /* MyUploadViewController.h */,
				632A448F12D261390055F67B /* MyUploadViewController.m */,
			);
			name = UploadView;
			sourceTree = "<group>";
		};
		638C2890132D667B009CFE41 /* AddAlbumView */ = {
			isa = PBXGroup;
			children = (
				63E13C7D12BED4C6003248F4 /* AddAlbumViewController.h */,
				63E13C7E12BED4C6003248F4 /* AddAlbumViewController.m */,
			);
			name = AddAlbumView;
			sourceTree = "<group>";
		};
		638C2891132D6687009CFE41 /* UpdateAlbumView */ = {
			isa = PBXGroup;
			children = (
				63F4602012C8161C00116221 /* UpdateAlbumViewController.h */,
				63F4602112C8161C00116221 /* UpdateAlbumViewController.m */,
			);
			name = UpdateAlbumView;
			sourceTree = "<group>";
		};
		638C2892132D66A2009CFE41 /* OtherViews */ = {
			isa = PBXGroup;
			children = (
				6369534712D50A1200CA3113 /* MyPostController.h */,
				6369534812D50A1200CA3113 /* MyPostController.m */,
			);
			name = OtherViews;
			sourceTree = "<group>";
		};
		638C28EF132D68B2009CFE41 /* Icons */ = {
			isa = PBXGroup;
			children = (
				634D198313ACE7C4003165FA /* uploadIcon.png */,
				634D197F13ACE74E003165FA /* reorderIcon.png */,
				631267971368C72E00ADC5C5 /* addIcon_selected.png */,
				631267981368C72E00ADC5C5 /* commentIcon_selected.png */,
				631267991368C72E00ADC5C5 /* editIcon_selected.png */,
				6312679A1368C72E00ADC5C5 /* saveIcon_selected.png */,
				6312679B1368C72E00ADC5C5 /* trashIcon_selected.png */,
				6312679C1368C72E00ADC5C5 /* uploadIcon_selected.png */,
				6312679D1368C72E00ADC5C5 /* makeCoverIcon_selected.png */,
				63707ACE1324103700A3198A /* makeCoverIcon.png */,
				63707AC313240FBB00A3198A /* trashIcon.png */,
				63707AAB13240EF800A3198A /* addIcon.png */,
				6370795E1323D13100A3198A /* editIcon.png */,
				6370795C1323D0AE00A3198A /* saveIcon.png */,
				637079581323CFD200A3198A /* commentIcon.png */,
				63EE22A6130EF51200E2D407 /* createIcon.png */,
				636B811012C0243500ECDCDD /* empty.png */,
				639788CF12BEBA24000FBD09 /* defaultPerson.png */,
			);
			name = Icons;
			sourceTree = "<group>";
		};
		638C28F2132D68E9009CFE41 /* Artwork */ = {
			isa = PBXGroup;
			children = (
				63F1561412DA6F5E00D85532 /* iTunesArtwork */,
				63AF930A12CA9161001092B5 /* G_LOGO.png */,
				638C2908132D6ACD009CFE41 /* Default.png */,
			);
			name = Artwork;
			sourceTree = "<group>";
		};
		638C28F3132D68FE009CFE41 /* Xibs */ = {
			isa = PBXGroup;
			children = (
				28AD733E0D9D9553002E5188 /* MainWindow.xib */,
				632A448A12D25F0B0055F67B /* MyUploadViewController.xib */,
				63BD767E130B5127001FC9AF /* MyMetaDataItemCell.xib */,
				6369534B12D50A4700CA3113 /* MyPostController.xib */,
			);
			name = Xibs;
			sourceTree = "<group>";
		};
		638C290C132D6BC5009CFE41 /* Data */ = {
			isa = PBXGroup;
			children = (
				6380E70D1329A47D00A99EDB /* G3CoreData.xcdatamodel */,
				6312D3F3136F2510002091A3 /* Vars.h */,
				6312D3F4136F2510002091A3 /* Vars.m */,
				6312D3F0136F2510002091A3 /* Param.h */,
				6312D3F1136F2510002091A3 /* Param.m */,
			);
			name = Data;
			sourceTree = "<group>";
		};
		639EACBD131C700D00FBAEF4 /* RestKit */ = {
			isa = PBXGroup;
			children = (
				639EACBE131C702F00FBAEF4 /* DBManagedObjectCache.h */,
				639EACBF131C702F00FBAEF4 /* DBManagedObjectCache.m */,
				639EACC2131C702F00FBAEF4 /* RKMTree.h */,
				639EACC3131C702F00FBAEF4 /* RKMTree.m */,
				639EACC0131C702F00FBAEF4 /* RKMEntity.h */,
				639EACC1131C702F00FBAEF4 /* RKMEntity.m */,
				6380E70F1329A4A200A99EDB /* RKMItem.h */,
				6380E7101329A4A200A99EDB /* RKMItem.m */,
				6313383813B8F55E009CDFAB /* RKObjectLoaderTTModel.h */,
				6313383913B8F55E009CDFAB /* RKObjectLoaderTTModel.m */,
			);
			name = RestKit;
			sourceTree = "<group>";
		};
		63A3B510129C3BDE00E04981 /* Login */ = {
			isa = PBXGroup;
			children = (
				638C2A30132D7D51009CFE41 /* MyLoginDelegate.h */,
				63A3B51A129C3BDE00E04981 /* MyLoginViewController.h */,
				63A3B51B129C3BDE00E04981 /* MyLoginViewController.m */,
				63A3B518129C3BDE00E04981 /* MyLoginDataSource.h */,
				63A3B519129C3BDE00E04981 /* MyLoginDataSource.m */,
				63A3B515129C3BDE00E04981 /* MyLoginModel.h */,
				63A3B516129C3BDE00E04981 /* MyLoginModel.m */,
				63A3B513129C3BDE00E04981 /* MyLogin.h */,
				63A3B514129C3BDE00E04981 /* MyLogin.m */,
			);
			name = Login;
			sourceTree = "<group>";
		};
		63B253EB1299BD3100BA9323 /* Comments */ = {
			isa = PBXGroup;
			children = (
				63B253F51299BD3100BA9323 /* MyCommentsViewController.h */,
				63B253F61299BD3100BA9323 /* MyCommentsViewController.m */,
				63B253EF1299BD3100BA9323 /* Model */,
				63B253EC1299BD3100BA9323 /* Data Source */,
			);
			name = Comments;
			sourceTree = "<group>";
		};
		63B253EC1299BD3100BA9323 /* Data Source */ = {
			isa = PBXGroup;
			children = (
				63B253ED1299BD3100BA9323 /* MyCommentsDataSource.h */,
				63B253EE1299BD3100BA9323 /* MyCommentsDataSource.m */,
			);
			name = "Data Source";
			sourceTree = "<group>";
		};
		63B253EF1299BD3100BA9323 /* Model */ = {
			isa = PBXGroup;
			children = (
				63B253F31299BD3100BA9323 /* MyCommentsModel.h */,
				63B253F41299BD3100BA9323 /* MyCommentsModel.m */,
				63B253F01299BD3100BA9323 /* Objects */,
			);
			name = Model;
			sourceTree = "<group>";
		};
		63B253F01299BD3100BA9323 /* Objects */ = {
			isa = PBXGroup;
			children = (
				63B253F11299BD3100BA9323 /* MyComment.h */,
				63B253F21299BD3100BA9323 /* MyComment.m */,
			);
			name = Objects;
			sourceTree = "<group>";
		};
		63B253FF1299BD3100BA9323 /* PhotoView */ = {
			isa = PBXGroup;
			children = (
				63B2540C1299BD3100BA9323 /* MyPhotoViewController.h */,
				63B2540D1299BD3100BA9323 /* MyPhotoViewController.m */,
			);
			name = PhotoView;
			sourceTree = "<group>";
		};
		63B2540E1299BD3100BA9323 /* ThumbView */ = {
			isa = PBXGroup;
			children = (
				63B254131299BD3100BA9323 /* MyThumbsViewController.h */,
				63B254141299BD3100BA9323 /* MyThumbsViewController.m */,
			);
			name = ThumbView;
			sourceTree = "<group>";
		};
		63B254151299BD3100BA9323 /* Rest Helpers */ = {
			isa = PBXGroup;
			children = (
				63A3B71A129C5EA200E04981 /* MyItemDeleter.h */,
				63A3B71B129C5EA200E04981 /* MyItemDeleter.m */,
				636B7F1712BFE98D00ECDCDD /* MyAlbumUpdater.h */,
				636B7F1812BFE98D00ECDCDD /* MyAlbumUpdater.m */,
			);
			name = "Rest Helpers";
			sourceTree = "<group>";
		};
		63B53B0C133FDECA00460020 /* Products */ = {
			isa = PBXGroup;
			children = (
				63B53B19133FDECB00460020 /* libRestKitNetwork.a */,
				63B53B1B133FDECB00460020 /* libRestKitObjectMapping.a */,
				63B53B1D133FDECB00460020 /* libRestKitSupport.a */,
				63B53B1F133FDECB00460020 /* libRestKitJSONParserYAJL.a */,
				63B53B21133FDECB00460020 /* libRestKitJSONParserSBJSON.a */,
				63B53B23133FDECB00460020 /* libRestKitJSONParserJSONKit.a */,
				6385AF5D13525D9E00314D68 /* libRestKitXMLParserLibxml.a */,
				63B53B25133FDECB00460020 /* libRestKitCoreData.a */,
				63B53B27133FDECB00460020 /* libRestKitThree20.a */,
				63B53B29133FDECB00460020 /* UISpec.app */,
			);
			name = Products;
			sourceTree = "<group>";
		};
		63C8858E135CFA9200BDCE89 /* Protocols */ = {
			isa = PBXGroup;
			children = (
				637079681323D27C00A3198A /* MyItem.h */,
				63C5E14313537BE80053ED0A /* MyViewController.h */,
			);
			name = Protocols;
			sourceTree = "<group>";
		};
/* End PBXGroup section */

/* Begin PBXNativeTarget section */
		1D6058900D05DD3D006BFB54 /* g3Mobile */ = {
			isa = PBXNativeTarget;
			buildConfigurationList = 1D6058960D05DD3E006BFB54 /* Build configuration list for PBXNativeTarget "g3Mobile" */;
			buildPhases = (
				1D60588D0D05DD3D006BFB54 /* Resources */,
				1D60588E0D05DD3D006BFB54 /* Sources */,
				1D60588F0D05DD3D006BFB54 /* Frameworks */,
			);
			buildRules = (
			);
			dependencies = (
				32005DD2DD4BE82AFAA88C81 /* PBXTargetDependency */,
				3201088596B4756681693701 /* PBXTargetDependency */,
				320D7DCCE32703ACAB9A45E1 /* PBXTargetDependency */,
				320A737074758E53BA54BE91 /* PBXTargetDependency */,
				320A2827FEC940B25BC42C61 /* PBXTargetDependency */,
				320F2C48872C2E2C4DF86201 /* PBXTargetDependency */,
				320A5A189C235877202780D1 /* PBXTargetDependency */,
				320CC833B8AF0ACFD35E6221 /* PBXTargetDependency */,
				63B53C74133FE0B300460020 /* PBXTargetDependency */,
			);
			name = g3Mobile;
			productName = Gallery3;
			productReference = 1D6058910D05DD3D006BFB54 /* g3Mobile.app */;
			productType = "com.apple.product-type.application";
		};
/* End PBXNativeTarget section */

/* Begin PBXProject section */
		29B97313FDCFA39411CA2CEA /* Project object */ = {
			isa = PBXProject;
			buildConfigurationList = C01FCF4E08A954540054247B /* Build configuration list for PBXProject "g3Mobile" */;
			compatibilityVersion = "Xcode 3.2";
			developmentRegion = English;
			hasScannedForEncodings = 1;
			knownRegions = (
				English,
				Japanese,
				French,
				German,
			);
			mainGroup = 29B97314FDCFA39411CA2CEA /* CustomTemplate */;
			projectDirPath = "";
			projectReferences = (
				{
					ProductGroup = 32005DD2DD4BE82AFAA88C83 /* Products */;
					ProjectRef = 32005DD2DD4BE82AFAA88C80 /* extThree20JSON.xcodeproj */;
				},
				{
					ProductGroup = 63B53B0C133FDECA00460020 /* Products */;
					ProjectRef = 63B53B0B133FDECA00460020 /* RestKit.xcodeproj */;
				},
				{
					ProductGroup = 320D7DCCE32703ACAB9A45E3 /* Products */;
					ProjectRef = 320D7DCCE32703ACAB9A45E0 /* Three20.xcodeproj */;
				},
				{
					ProductGroup = 320A2827FEC940B25BC42C63 /* Products */;
					ProjectRef = 320A2827FEC940B25BC42C60 /* Three20Core.xcodeproj */;
				},
				{
					ProductGroup = 320A5A189C235877202780D3 /* Products */;
					ProjectRef = 320A5A189C235877202780D0 /* Three20Network.xcodeproj */;
				},
				{
					ProductGroup = 320CC833B8AF0ACFD35E6223 /* Products */;
					ProjectRef = 320CC833B8AF0ACFD35E6220 /* Three20Style.xcodeproj */;
				},
				{
					ProductGroup = 320F2C48872C2E2C4DF86203 /* Products */;
					ProjectRef = 320F2C48872C2E2C4DF86200 /* Three20UI.xcodeproj */;
				},
				{
					ProductGroup = 3201088596B4756681693703 /* Products */;
					ProjectRef = 3201088596B4756681693700 /* Three20UICommon.xcodeproj */;
				},
				{
					ProductGroup = 320A737074758E53BA54BE93 /* Products */;
					ProjectRef = 320A737074758E53BA54BE90 /* Three20UINavigator.xcodeproj */;
				},
			);
			projectRoot = "";
			targets = (
				1D6058900D05DD3D006BFB54 /* g3Mobile */,
			);
		};
/* End PBXProject section */

/* Begin PBXReferenceProxy section */
		32005DD2DD4BE82AFAA88C84 /* libextThree20JSON+YAJL.a */ = {
			isa = PBXReferenceProxy;
			fileType = archive.ar;
			path = "libextThree20JSON+YAJL.a";
			remoteRef = 32005DD2DD4BE82AFAA88C86 /* PBXContainerItemProxy */;
			sourceTree = BUILT_PRODUCTS_DIR;
		};
		3201088596B4756681693704 /* libThree20UICommon.a */ = {
			isa = PBXReferenceProxy;
			fileType = archive.ar;
			path = libThree20UICommon.a;
			remoteRef = 3201088596B4756681693706 /* PBXContainerItemProxy */;
			sourceTree = BUILT_PRODUCTS_DIR;
		};
		320A2827FEC940B25BC42C64 /* libThree20Core.a */ = {
			isa = PBXReferenceProxy;
			fileType = archive.ar;
			path = libThree20Core.a;
			remoteRef = 320A2827FEC940B25BC42C66 /* PBXContainerItemProxy */;
			sourceTree = BUILT_PRODUCTS_DIR;
		};
		320A5A189C235877202780D4 /* libThree20Network.a */ = {
			isa = PBXReferenceProxy;
			fileType = archive.ar;
			path = libThree20Network.a;
			remoteRef = 320A5A189C235877202780D6 /* PBXContainerItemProxy */;
			sourceTree = BUILT_PRODUCTS_DIR;
		};
		320A737074758E53BA54BE94 /* libThree20UINavigator.a */ = {
			isa = PBXReferenceProxy;
			fileType = archive.ar;
			path = libThree20UINavigator.a;
			remoteRef = 320A737074758E53BA54BE96 /* PBXContainerItemProxy */;
			sourceTree = BUILT_PRODUCTS_DIR;
		};
		320CC833B8AF0ACFD35E6224 /* libThree20Style.a */ = {
			isa = PBXReferenceProxy;
			fileType = archive.ar;
			path = libThree20Style.a;
			remoteRef = 320CC833B8AF0ACFD35E6226 /* PBXContainerItemProxy */;
			sourceTree = BUILT_PRODUCTS_DIR;
		};
		320D7DCCE32703ACAB9A45E4 /* libThree20.a */ = {
			isa = PBXReferenceProxy;
			fileType = archive.ar;
			path = libThree20.a;
			remoteRef = 320D7DCCE32703ACAB9A45E6 /* PBXContainerItemProxy */;
			sourceTree = BUILT_PRODUCTS_DIR;
		};
		320F2C48872C2E2C4DF86204 /* libThree20UI.a */ = {
			isa = PBXReferenceProxy;
			fileType = archive.ar;
			path = libThree20UI.a;
			remoteRef = 320F2C48872C2E2C4DF86206 /* PBXContainerItemProxy */;
			sourceTree = BUILT_PRODUCTS_DIR;
		};
		6385AF5D13525D9E00314D68 /* libRestKitXMLParserLibxml.a */ = {
			isa = PBXReferenceProxy;
			fileType = archive.ar;
			path = libRestKitXMLParserLibxml.a;
			remoteRef = 6385AF5C13525D9E00314D68 /* PBXContainerItemProxy */;
			sourceTree = BUILT_PRODUCTS_DIR;
		};
		63B53B19133FDECB00460020 /* libRestKitNetwork.a */ = {
			isa = PBXReferenceProxy;
			fileType = archive.ar;
			path = libRestKitNetwork.a;
			remoteRef = 63B53B18133FDECB00460020 /* PBXContainerItemProxy */;
			sourceTree = BUILT_PRODUCTS_DIR;
		};
		63B53B1B133FDECB00460020 /* libRestKitObjectMapping.a */ = {
			isa = PBXReferenceProxy;
			fileType = archive.ar;
			path = libRestKitObjectMapping.a;
			remoteRef = 63B53B1A133FDECB00460020 /* PBXContainerItemProxy */;
			sourceTree = BUILT_PRODUCTS_DIR;
		};
		63B53B1D133FDECB00460020 /* libRestKitSupport.a */ = {
			isa = PBXReferenceProxy;
			fileType = archive.ar;
			path = libRestKitSupport.a;
			remoteRef = 63B53B1C133FDECB00460020 /* PBXContainerItemProxy */;
			sourceTree = BUILT_PRODUCTS_DIR;
		};
		63B53B1F133FDECB00460020 /* libRestKitJSONParserYAJL.a */ = {
			isa = PBXReferenceProxy;
			fileType = archive.ar;
			path = libRestKitJSONParserYAJL.a;
			remoteRef = 63B53B1E133FDECB00460020 /* PBXContainerItemProxy */;
			sourceTree = BUILT_PRODUCTS_DIR;
		};
		63B53B21133FDECB00460020 /* libRestKitJSONParserSBJSON.a */ = {
			isa = PBXReferenceProxy;
			fileType = archive.ar;
			path = libRestKitJSONParserSBJSON.a;
			remoteRef = 63B53B20133FDECB00460020 /* PBXContainerItemProxy */;
			sourceTree = BUILT_PRODUCTS_DIR;
		};
		63B53B23133FDECB00460020 /* libRestKitJSONParserJSONKit.a */ = {
			isa = PBXReferenceProxy;
			fileType = archive.ar;
			path = libRestKitJSONParserJSONKit.a;
			remoteRef = 63B53B22133FDECB00460020 /* PBXContainerItemProxy */;
			sourceTree = BUILT_PRODUCTS_DIR;
		};
		63B53B25133FDECB00460020 /* libRestKitCoreData.a */ = {
			isa = PBXReferenceProxy;
			fileType = archive.ar;
			path = libRestKitCoreData.a;
			remoteRef = 63B53B24133FDECB00460020 /* PBXContainerItemProxy */;
			sourceTree = BUILT_PRODUCTS_DIR;
		};
		63B53B27133FDECB00460020 /* libRestKitThree20.a */ = {
			isa = PBXReferenceProxy;
			fileType = archive.ar;
			path = libRestKitThree20.a;
			remoteRef = 63B53B26133FDECB00460020 /* PBXContainerItemProxy */;
			sourceTree = BUILT_PRODUCTS_DIR;
		};
		63B53B29133FDECB00460020 /* UISpec.app */ = {
			isa = PBXReferenceProxy;
			fileType = wrapper.application;
			path = UISpec.app;
			remoteRef = 63B53B28133FDECB00460020 /* PBXContainerItemProxy */;
			sourceTree = BUILT_PRODUCTS_DIR;
		};
		63B53C16133FDF5900460020 /* Three20UnitTests.octest */ = {
			isa = PBXReferenceProxy;
			fileType = wrapper.cfbundle;
			path = Three20UnitTests.octest;
			remoteRef = 63B53C15133FDF5900460020 /* PBXContainerItemProxy */;
			sourceTree = BUILT_PRODUCTS_DIR;
		};
		63B53C19133FDF5900460020 /* CoreUnitTests.octest */ = {
			isa = PBXReferenceProxy;
			fileType = wrapper.cfbundle;
			path = CoreUnitTests.octest;
			remoteRef = 63B53C18133FDF5900460020 /* PBXContainerItemProxy */;
			sourceTree = BUILT_PRODUCTS_DIR;
		};
		63B53C1C133FDF5900460020 /* NetworkUnitTests.octest */ = {
			isa = PBXReferenceProxy;
			fileType = wrapper.cfbundle;
			path = NetworkUnitTests.octest;
			remoteRef = 63B53C1B133FDF5900460020 /* PBXContainerItemProxy */;
			sourceTree = BUILT_PRODUCTS_DIR;
		};
		63B53C1F133FDF5900460020 /* StyleUnitTests.octest */ = {
			isa = PBXReferenceProxy;
			fileType = wrapper.cfbundle;
			path = StyleUnitTests.octest;
			remoteRef = 63B53C1E133FDF5900460020 /* PBXContainerItemProxy */;
			sourceTree = BUILT_PRODUCTS_DIR;
		};
		63B53C22133FDF5900460020 /* UIUnitTests.octest */ = {
			isa = PBXReferenceProxy;
			fileType = wrapper.cfbundle;
			path = UIUnitTests.octest;
			remoteRef = 63B53C21133FDF5900460020 /* PBXContainerItemProxy */;
			sourceTree = BUILT_PRODUCTS_DIR;
		};
		63B53C25133FDF5900460020 /* UICommonUnitTests.octest */ = {
			isa = PBXReferenceProxy;
			fileType = wrapper.cfbundle;
			path = UICommonUnitTests.octest;
			remoteRef = 63B53C24133FDF5900460020 /* PBXContainerItemProxy */;
			sourceTree = BUILT_PRODUCTS_DIR;
		};
		63B53C28133FDF5900460020 /* UINavigatorUnitTests.octest */ = {
			isa = PBXReferenceProxy;
			fileType = wrapper.cfbundle;
			path = UINavigatorUnitTests.octest;
			remoteRef = 63B53C27133FDF5900460020 /* PBXContainerItemProxy */;
			sourceTree = BUILT_PRODUCTS_DIR;
		};
		63B53CC1133FE27600460020 /* libextThree20JSON+SBJSON.a */ = {
			isa = PBXReferenceProxy;
			fileType = archive.ar;
			path = "libextThree20JSON+SBJSON.a";
			remoteRef = 63B53CC0133FE27600460020 /* PBXContainerItemProxy */;
			sourceTree = BUILT_PRODUCTS_DIR;
		};
		63B53CC3133FE27600460020 /* extJSONUnitTests+SBJSON.octest */ = {
			isa = PBXReferenceProxy;
			fileType = wrapper.cfbundle;
			path = "extJSONUnitTests+SBJSON.octest";
			remoteRef = 63B53CC2133FE27600460020 /* PBXContainerItemProxy */;
			sourceTree = BUILT_PRODUCTS_DIR;
		};
/* End PBXReferenceProxy section */

/* Begin PBXResourcesBuildPhase section */
		1D60588D0D05DD3D006BFB54 /* Resources */ = {
			isa = PBXResourcesBuildPhase;
			buildActionMask = 2147483647;
			files = (
				28AD733F0D9D9553002E5188 /* MainWindow.xib in Resources */,
				63B255F01299C63300BA9323 /* Three20.bundle in Resources */,
				639788D012BEBA24000FBD09 /* defaultPerson.png in Resources */,
				636B811112C0243500ECDCDD /* empty.png in Resources */,
				63AF930B12CA9161001092B5 /* G_LOGO.png in Resources */,
				632A448B12D25F0B0055F67B /* MyUploadViewController.xib in Resources */,
				6369534C12D50A4700CA3113 /* MyPostController.xib in Resources */,
				63F1561512DA6F5E00D85532 /* iTunesArtwork in Resources */,
				63BD767F130B5127001FC9AF /* MyMetaDataItemCell.xib in Resources */,
				63EE22A7130EF51200E2D407 /* createIcon.png in Resources */,
				637079591323CFD200A3198A /* commentIcon.png in Resources */,
				6370795D1323D0AE00A3198A /* saveIcon.png in Resources */,
				6370795F1323D13100A3198A /* editIcon.png in Resources */,
				63707AAC13240EF800A3198A /* addIcon.png in Resources */,
				63707AC413240FBB00A3198A /* trashIcon.png in Resources */,
				63707ACF1324103700A3198A /* makeCoverIcon.png in Resources */,
				638C2909132D6ACD009CFE41 /* Default.png in Resources */,
				6312679E1368C72E00ADC5C5 /* addIcon_selected.png in Resources */,
				6312679F1368C72E00ADC5C5 /* commentIcon_selected.png in Resources */,
				631267A01368C72E00ADC5C5 /* editIcon_selected.png in Resources */,
				631267A11368C72E00ADC5C5 /* saveIcon_selected.png in Resources */,
				631267A21368C72E00ADC5C5 /* trashIcon_selected.png in Resources */,
				631267A31368C72E00ADC5C5 /* uploadIcon_selected.png in Resources */,
				631267A41368C72E00ADC5C5 /* makeCoverIcon_selected.png in Resources */,
				634D198113ACE74F003165FA /* reorderIcon.png in Resources */,
				634D198413ACE7C4003165FA /* uploadIcon.png in Resources */,
			);
			runOnlyForDeploymentPostprocessing = 0;
		};
/* End PBXResourcesBuildPhase section */

/* Begin PBXSourcesBuildPhase section */
		1D60588E0D05DD3D006BFB54 /* Sources */ = {
			isa = PBXSourcesBuildPhase;
			buildActionMask = 2147483647;
			files = (
				1D60589B0D05DD56006BFB54 /* main.m in Sources */,
				63B254181299BD3100BA9323 /* AppDelegate.m in Sources */,
				63B2541A1299BD3100BA9323 /* MyCommentsDataSource.m in Sources */,
				63B2541B1299BD3100BA9323 /* MyComment.m in Sources */,
				63B2541C1299BD3100BA9323 /* MyCommentsModel.m in Sources */,
				63B2541D1299BD3100BA9323 /* MyCommentsViewController.m in Sources */,
				63B254211299BD3100BA9323 /* PhotoSource.m in Sources */,
				63B254231299BD3100BA9323 /* TTButtonContent+g3.m in Sources */,
				63B254241299BD3100BA9323 /* TTURLImageResponse+g3.m in Sources */,
				63B254251299BD3100BA9323 /* TTImageView+g3.m in Sources */,
				63B254261299BD3100BA9323 /* MyPhotoViewController.m in Sources */,
				63B254281299BD3100BA9323 /* TTThumbsViewController+g3.m in Sources */,
				63B254291299BD3100BA9323 /* MyThumbsViewController.m in Sources */,
				63A3B51C129C3BDE00E04981 /* MyLogin.m in Sources */,
				63A3B51D129C3BDE00E04981 /* MyLoginModel.m in Sources */,
				63A3B51E129C3BDE00E04981 /* MyLoginDataSource.m in Sources */,
				63A3B51F129C3BDE00E04981 /* MyLoginViewController.m in Sources */,
				63A3B71C129C5EA200E04981 /* MyItemDeleter.m in Sources */,
				63E13C7F12BED4C6003248F4 /* AddAlbumViewController.m in Sources */,
				636B7F1912BFE98D00ECDCDD /* MyAlbumUpdater.m in Sources */,
				63F4602212C8161C00116221 /* UpdateAlbumViewController.m in Sources */,
				6358A4BB12C880EB0043D18A /* MySettings.m in Sources */,
				63BB542212CE434600764C23 /* Reachability.m in Sources */,
				632A449112D261390055F67B /* MyUploadViewController.m in Sources */,
				637452D512D3A162005FD8C6 /* UIImage+resizing.m in Sources */,
				6374560612D3EFB2005FD8C6 /* StyleSheet.m in Sources */,
				636952D812D4FC5400CA3113 /* UIViewController+query.m in Sources */,
				6369534912D50A1200CA3113 /* MyPostController.m in Sources */,
				636954B412D52ACD00CA3113 /* UIImage+cropping.m in Sources */,
				630FBE7A12FD794500B4629A /* MyThumbsViewController2.m in Sources */,
				630FBE8112FD7A3400B4629A /* MyThumbsViewDataSource2.m in Sources */,
				630FC45512FF3CCA00B4629A /* MyAlbumItemCell.m in Sources */,
				630FC46B12FF3F4400B4629A /* MyAlbumItem.m in Sources */,
				63BD7682130B5157001FC9AF /* MyMetaDataItem.m in Sources */,
				63BD76C2130C5A31001FC9AF /* TTTableViewDataSource+g3.m in Sources */,
				63BD778C130C6648001FC9AF /* MyMetaDataItemCell.m in Sources */,
				631A7B3B130F49B0004A6110 /* TTTableViewController+g3.m in Sources */,
				639EACC6131C702F00FBAEF4 /* DBManagedObjectCache.m in Sources */,
				639EACC7131C702F00FBAEF4 /* RKMEntity.m in Sources */,
				639EACC8131C702F00FBAEF4 /* RKMTree.m in Sources */,
				6380E70E1329A47D00A99EDB /* G3CoreData.xcdatamodel in Sources */,
				6380E7111329A4A200A99EDB /* RKMItem.m in Sources */,
				63C266FD132EEAA10086729D /* NSData+base64.m in Sources */,
				63C8858D135CF34A00BDCE89 /* UIImage+scaleAndRotate.m in Sources */,
				6312D3F2136F2510002091A3 /* Param.m in Sources */,
				6312D3F5136F2510002091A3 /* Vars.m in Sources */,
				63B5F3FD13A571FC00FAA82C /* Overlay.m in Sources */,
				6313383A13B8F55E009CDFAB /* RKObjectLoaderTTModel.m in Sources */,
			);
			runOnlyForDeploymentPostprocessing = 0;
		};
/* End PBXSourcesBuildPhase section */

/* Begin PBXTargetDependency section */
		32005DD2DD4BE82AFAA88C81 /* PBXTargetDependency */ = {
			isa = PBXTargetDependency;
			name = extThree20JSON;
			targetProxy = 32005DD2DD4BE82AFAA88C82 /* PBXContainerItemProxy */;
		};
		3201088596B4756681693701 /* PBXTargetDependency */ = {
			isa = PBXTargetDependency;
			name = Three20UICommon;
			targetProxy = 3201088596B4756681693702 /* PBXContainerItemProxy */;
		};
		320A2827FEC940B25BC42C61 /* PBXTargetDependency */ = {
			isa = PBXTargetDependency;
			name = Three20Core;
			targetProxy = 320A2827FEC940B25BC42C62 /* PBXContainerItemProxy */;
		};
		320A5A189C235877202780D1 /* PBXTargetDependency */ = {
			isa = PBXTargetDependency;
			name = Three20Network;
			targetProxy = 320A5A189C235877202780D2 /* PBXContainerItemProxy */;
		};
		320A737074758E53BA54BE91 /* PBXTargetDependency */ = {
			isa = PBXTargetDependency;
			name = Three20UINavigator;
			targetProxy = 320A737074758E53BA54BE92 /* PBXContainerItemProxy */;
		};
		320CC833B8AF0ACFD35E6221 /* PBXTargetDependency */ = {
			isa = PBXTargetDependency;
			name = Three20Style;
			targetProxy = 320CC833B8AF0ACFD35E6222 /* PBXContainerItemProxy */;
		};
		320D7DCCE32703ACAB9A45E1 /* PBXTargetDependency */ = {
			isa = PBXTargetDependency;
			name = Three20;
			targetProxy = 320D7DCCE32703ACAB9A45E2 /* PBXContainerItemProxy */;
		};
		320F2C48872C2E2C4DF86201 /* PBXTargetDependency */ = {
			isa = PBXTargetDependency;
			name = Three20UI;
			targetProxy = 320F2C48872C2E2C4DF86202 /* PBXContainerItemProxy */;
		};
		63B53C74133FE0B300460020 /* PBXTargetDependency */ = {
			isa = PBXTargetDependency;
			name = RestKit;
			targetProxy = 63B53C73133FE0B300460020 /* PBXContainerItemProxy */;
		};
/* End PBXTargetDependency section */

/* Begin XCBuildConfiguration section */
		1D6058940D05DD3E006BFB54 /* Debug */ = {
			isa = XCBuildConfiguration;
			buildSettings = {
				ALWAYS_SEARCH_USER_PATHS = NO;
				CODE_SIGN_ENTITLEMENTS = Entitlements.plist;
				COPY_PHASE_STRIP = NO;
				FRAMEWORK_SEARCH_PATHS = "";
				GCC_DYNAMIC_NO_PIC = NO;
				GCC_OPTIMIZATION_LEVEL = 0;
				GCC_PRECOMPILE_PREFIX_HEADER = YES;
				GCC_PREFIX_HEADER = g3Mobile_Prefix.pch;
				GCC_PREPROCESSOR_DEFINITIONS = DEBUG;
				HEADER_SEARCH_PATHS = (
					"$(BUILT_PRODUCTS_DIR)/../three20",
					"$(BUILT_PRODUCTS_DIR)/../../three20",
					../three20/Build/Products/three20,
					"\"$(SOURCE_ROOT)/../RestKit/Build\"",
				);
				INFOPLIST_FILE = "g3Mobile-Info.plist";
				LIBRARY_SEARCH_PATHS = (
					"$(inherited)",
					"\"$(SRCROOT)\"",
					"\"$(SOURCE_ROOT)/../RestKit/Build/$(BUILD_STYLE)-$(PLATFORM_NAME)\"",
				);
				OTHER_LDFLAGS = (
					"-all_load",
					"-ObjC",
				);
				PRODUCT_NAME = g3Mobile;
				SDKROOT = iphoneos;
				SKIP_INSTALL = NO;
			};
			name = Debug;
		};
		1D6058950D05DD3E006BFB54 /* Release */ = {
			isa = XCBuildConfiguration;
			buildSettings = {
				ALWAYS_SEARCH_USER_PATHS = NO;
				CODE_SIGN_ENTITLEMENTS = Entitlements.plist;
				COPY_PHASE_STRIP = YES;
				FRAMEWORK_SEARCH_PATHS = "";
				GCC_PRECOMPILE_PREFIX_HEADER = YES;
				GCC_PREFIX_HEADER = g3Mobile_Prefix.pch;
				GCC_PREPROCESSOR_DEFINITIONS = "";
				HEADER_SEARCH_PATHS = (
					"$(BUILT_PRODUCTS_DIR)/../three20",
					"$(BUILT_PRODUCTS_DIR)/../../three20",
					../three20/Build/Products/three20,
					"\"$(SOURCE_ROOT)/../RestKit/Build\"",
				);
				INFOPLIST_FILE = "g3Mobile-Info.plist";
				LIBRARY_SEARCH_PATHS = (
					"$(inherited)",
					"\"$(SRCROOT)\"",
					"\"$(SOURCE_ROOT)/../RestKit/Build/$(BUILD_STYLE)-$(PLATFORM_NAME)\"",
				);
				OTHER_LDFLAGS = (
					"-all_load",
					"-ObjC",
				);
				PRODUCT_NAME = g3Mobile;
				SDKROOT = iphoneos;
				SKIP_INSTALL = NO;
				VALIDATE_PRODUCT = YES;
			};
			name = Release;
		};
		63454A3112DA506F0070DB81 /* Distribution */ = {
			isa = XCBuildConfiguration;
			buildSettings = {
				ARCHS = "$(ARCHS_STANDARD_32_BIT)";
				"CODE_SIGN_IDENTITY[sdk=iphoneos*]" = "iPhone Developer";
				GCC_C_LANGUAGE_STANDARD = c99;
				GCC_PREPROCESSOR_DEFINITIONS = "";
				GCC_VERSION = com.apple.compilers.llvm.clang.1_0;
				GCC_WARN_ABOUT_RETURN_TYPE = YES;
				GCC_WARN_UNUSED_VARIABLE = YES;
				HEADER_SEARCH_PATHS = (
					"$(BUILT_PRODUCTS_DIR)/../three20",
					"$(BUILT_PRODUCTS_DIR)/../../three20",
					../three20/Build/Products/three20,
					../RestKit/build,
				);
				IPHONEOS_DEPLOYMENT_TARGET = 4.3;
				OTHER_CFLAGS = "-DNS_BLOCK_ASSERTIONS=1";
				OTHER_LDFLAGS = "-ObjC";
				PREBINDING = NO;
				SDKROOT = iphoneos;
			};
			name = Distribution;
		};
		63454A3212DA506F0070DB81 /* Distribution */ = {
			isa = XCBuildConfiguration;
			buildSettings = {
				ALWAYS_SEARCH_USER_PATHS = NO;
				CODE_SIGN_ENTITLEMENTS = Entitlements.plist;
				"CODE_SIGN_IDENTITY[sdk=iphoneos*]" = "iPhone Distribution";
				COPY_PHASE_STRIP = YES;
				FRAMEWORK_SEARCH_PATHS = "";
				GCC_PRECOMPILE_PREFIX_HEADER = YES;
				GCC_PREFIX_HEADER = g3Mobile_Prefix.pch;
				GCC_PREPROCESSOR_DEFINITIONS = "";
				HEADER_SEARCH_PATHS = (
					"$(BUILT_PRODUCTS_DIR)/../three20",
					"$(BUILT_PRODUCTS_DIR)/../../three20",
					../three20/Build/Products/three20,
					"\"$(SOURCE_ROOT)/../RestKit/Build\"",
				);
				INFOPLIST_FILE = "g3Mobile-Info.plist";
				LIBRARY_SEARCH_PATHS = (
					"$(inherited)",
					"\"$(SRCROOT)\"",
					"\"$(SOURCE_ROOT)/../RestKit/Build/$(BUILD_STYLE)-$(PLATFORM_NAME)\"",
				);
				OTHER_LDFLAGS = (
					"-all_load",
					"-ObjC",
				);
				PRODUCT_NAME = g3Mobile;
				"PROVISIONING_PROFILE[sdk=iphoneos*]" = "";
				SDKROOT = iphoneos;
				SKIP_INSTALL = NO;
				VALIDATE_PRODUCT = YES;
			};
			name = Distribution;
		};
		C01FCF4F08A954540054247B /* Debug */ = {
			isa = XCBuildConfiguration;
			buildSettings = {
				ARCHS = "$(ARCHS_STANDARD_32_BIT)";
				"CODE_SIGN_IDENTITY[sdk=iphoneos*]" = "iPhone Developer";
				GCC_C_LANGUAGE_STANDARD = c99;
				GCC_PREPROCESSOR_DEFINITIONS = "";
				GCC_VERSION = com.apple.compilers.llvm.clang.1_0;
				GCC_WARN_ABOUT_RETURN_TYPE = YES;
				GCC_WARN_UNUSED_VARIABLE = YES;
				HEADER_SEARCH_PATHS = "";
				IPHONEOS_DEPLOYMENT_TARGET = 4.3;
				OTHER_LDFLAGS = "";
				PREBINDING = NO;
				SDKROOT = iphoneos;
			};
			name = Debug;
		};
		C01FCF5008A954540054247B /* Release */ = {
			isa = XCBuildConfiguration;
			buildSettings = {
				ARCHS = "$(ARCHS_STANDARD_32_BIT)";
				"CODE_SIGN_IDENTITY[sdk=iphoneos*]" = "iPhone Developer";
				GCC_C_LANGUAGE_STANDARD = c99;
				GCC_PREPROCESSOR_DEFINITIONS = "";
				GCC_VERSION = com.apple.compilers.llvm.clang.1_0;
				GCC_WARN_ABOUT_RETURN_TYPE = YES;
				GCC_WARN_UNUSED_VARIABLE = YES;
				HEADER_SEARCH_PATHS = "";
				IPHONEOS_DEPLOYMENT_TARGET = 4.3;
				OTHER_CFLAGS = "-DNS_BLOCK_ASSERTIONS=1";
				OTHER_LDFLAGS = "";
				PREBINDING = NO;
				SDKROOT = iphoneos;
			};
			name = Release;
		};
/* End XCBuildConfiguration section */

/* Begin XCConfigurationList section */
		1D6058960D05DD3E006BFB54 /* Build configuration list for PBXNativeTarget "g3Mobile" */ = {
			isa = XCConfigurationList;
			buildConfigurations = (
				1D6058940D05DD3E006BFB54 /* Debug */,
				1D6058950D05DD3E006BFB54 /* Release */,
				63454A3212DA506F0070DB81 /* Distribution */,
			);
			defaultConfigurationIsVisible = 0;
			defaultConfigurationName = Release;
		};
		C01FCF4E08A954540054247B /* Build configuration list for PBXProject "g3Mobile" */ = {
			isa = XCConfigurationList;
			buildConfigurations = (
				C01FCF4F08A954540054247B /* Debug */,
				C01FCF5008A954540054247B /* Release */,
				63454A3112DA506F0070DB81 /* Distribution */,
			);
			defaultConfigurationIsVisible = 0;
			defaultConfigurationName = Release;
		};
/* End XCConfigurationList section */
	};
	rootObject = 29B97313FDCFA39411CA2CEA /* Project object */;
}
